// !$*UTF8*$!
{
	archiveVersion = 1;
	classes = {
	};
	objectVersion = 63;
	objects = {

/* Begin PBXBuildFile section */
		D40F87CD2EDA47AA00E4B09B /* NACCWatchAppContentViewWatchDelegate.swift in Sources */ = {isa = PBXBuildFile; fileRef = D412D8E12D5A46F80041648C /* NACCWatchAppContentViewWatchDelegate.swift */; };
		D40F87CE2EDA47AA00E4B09B /* NACCPersistentPrefs.swift in Sources */ = {isa = PBXBuildFile; fileRef = D4B80C7E27FCF1B400401F72 /* NACCPersistentPrefs.swift */; };
		D40F87D02EDA4A8400E4B09B /* RVS_Persistent_Prefs in Frameworks */ = {isa = PBXBuildFile; productRef = D40F87CF2EDA4A8400E4B09B /* RVS_Persistent_Prefs */; };
		D40F87D22EDA4A8400E4B09B /* LGV_Cleantime in Frameworks */ = {isa = PBXBuildFile; productRef = D40F87D12EDA4A8400E4B09B /* LGV_Cleantime */; };
		D40F87D42EDA4A8400E4B09B /* LGV_UICleantime in Frameworks */ = {isa = PBXBuildFile; productRef = D40F87D32EDA4A8400E4B09B /* LGV_UICleantime */; };
		D40F87D62EDA4A8400E4B09B /* RVS_Generic_Swift_Toolbox in Frameworks */ = {isa = PBXBuildFile; productRef = D40F87D52EDA4A8400E4B09B /* RVS_Generic_Swift_Toolbox */; };
		D40F87D72EDA4AF100E4B09B /* Localizable.strings in Resources */ = {isa = PBXBuildFile; fileRef = D4E2F96727FCCA3200457AD4 /* Localizable.strings */; };
		D412D8E32D5A46F80041648C /* NACCWatchAppContentViewWatchDelegate.swift in Sources */ = {isa = PBXBuildFile; fileRef = D412D8E12D5A46F80041648C /* NACCWatchAppContentViewWatchDelegate.swift */; };
		D43BAAA72ED8E73E00B58900 /* Theme.xcassets in Resources */ = {isa = PBXBuildFile; fileRef = D4E2F96A27FCCD3400457AD4 /* Theme.xcassets */; };
		D43EF21F2EE3046D00709D39 /* NACCPagePrintRenderer.swift in Sources */ = {isa = PBXBuildFile; fileRef = D474789E28073D5400212919 /* NACCPagePrintRenderer.swift */; };
		D43EF2212EE3059700709D39 /* RVS_UIKit_Toolbox in Frameworks */ = {isa = PBXBuildFile; productRef = D43EF2202EE3059700709D39 /* RVS_UIKit_Toolbox */; };
		D44690402D61358C0079B36A /* RVS_UIKit_Toolbox in Frameworks */ = {isa = PBXBuildFile; productRef = D446903F2D61358C0079B36A /* RVS_UIKit_Toolbox */; };
		D44690442D6135E50079B36A /* RVS_UIKit_Toolbox in Frameworks */ = {isa = PBXBuildFile; productRef = D44690432D6135E50079B36A /* RVS_UIKit_Toolbox */; };
		D44690462D6135EF0079B36A /* RVS_UIKit_Toolbox in Frameworks */ = {isa = PBXBuildFile; productRef = D44690452D6135EF0079B36A /* RVS_UIKit_Toolbox */; };
		D45240E32D620C3E000BD663 /* LGV_Cleantime in Frameworks */ = {isa = PBXBuildFile; productRef = D45240E22D620C3E000BD663 /* LGV_Cleantime */; };
		D45240E52D620C4B000BD663 /* LGV_Cleantime in Frameworks */ = {isa = PBXBuildFile; productRef = D45240E42D620C4B000BD663 /* LGV_Cleantime */; };
		D45240E92D620C5A000BD663 /* LGV_Cleantime in Frameworks */ = {isa = PBXBuildFile; productRef = D45240E82D620C5A000BD663 /* LGV_Cleantime */; };
		D45A93CE2D4C5405008B2528 /* NACCPersistentPrefs.swift in Sources */ = {isa = PBXBuildFile; fileRef = D4B80C7E27FCF1B400401F72 /* NACCPersistentPrefs.swift */; };
		D462E4BC2D5D08C0001E2C0F /* RVS_Persistent_Prefs in Frameworks */ = {isa = PBXBuildFile; productRef = D462E4BB2D5D08C0001E2C0F /* RVS_Persistent_Prefs */; };
		D462E4C02D5D09FF001E2C0F /* RVS_Persistent_Prefs in Frameworks */ = {isa = PBXBuildFile; productRef = D462E4BF2D5D09FF001E2C0F /* RVS_Persistent_Prefs */; };
		D462E4C22D5D0AB7001E2C0F /* NACCPersistentPrefs.swift in Sources */ = {isa = PBXBuildFile; fileRef = D4B80C7E27FCF1B400401F72 /* NACCPersistentPrefs.swift */; };
		D462E4C32D5D0B17001E2C0F /* Localizable.strings in Resources */ = {isa = PBXBuildFile; fileRef = D4E2F96727FCCA3200457AD4 /* Localizable.strings */; };
		D48285732EDE47A100721EA0 /* Watch Target.app in Embed Watch Content */ = {isa = PBXBuildFile; fileRef = D45A93B72D4C4DEA008B2528 /* Watch Target.app */; settings = {ATTRIBUTES = (RemoveHeadersOnCopy, ); }; };
		D48285792EDE4A5900721EA0 /* Widget Target.appex in Embed Foundation Extensions */ = {isa = PBXBuildFile; fileRef = D4A420B02D4D5C7900E4AC1E /* Widget Target.appex */; settings = {ATTRIBUTES = (RemoveHeadersOnCopy, ); }; };
		D489D35D2EDC8EC900A86A6B /* NACC_ResultDisplayView.swift in Sources */ = {isa = PBXBuildFile; fileRef = D489D35C2EDC8EC900A86A6B /* NACC_ResultDisplayView.swift */; };
		D489D35F2EDC91F600A86A6B /* NACC_InfoDisplayView.swift in Sources */ = {isa = PBXBuildFile; fileRef = D489D35E2EDC91F600A86A6B /* NACC_InfoDisplayView.swift */; };
		D4A0C15F2ED78C6700F77D56 /* NACC_MainContentView.swift in Sources */ = {isa = PBXBuildFile; fileRef = D4A0C15C2ED78C6700F77D56 /* NACC_MainContentView.swift */; };
		D4A0C1602ED78C6700F77D56 /* NACC_App.swift in Sources */ = {isa = PBXBuildFile; fileRef = D4A0C15D2ED78C6700F77D56 /* NACC_App.swift */; };
		D4A0C1612ED78C6700F77D56 /* Assets.xcassets in Resources */ = {isa = PBXBuildFile; fileRef = D4A0C15B2ED78C6700F77D56 /* Assets.xcassets */; };
		D4A3F7C52EE22425004992A8 /* InfoPlist.strings in Resources */ = {isa = PBXBuildFile; fileRef = D49C9A7A280783C6008E9917 /* InfoPlist.strings */; };
		D4A420D22D4D5DFE00E4AC1E /* NACCPersistentPrefs.swift in Sources */ = {isa = PBXBuildFile; fileRef = D4B80C7E27FCF1B400401F72 /* NACCPersistentPrefs.swift */; };
		D4A420D52D4D5E7900E4AC1E /* Localizable.strings in Resources */ = {isa = PBXBuildFile; fileRef = D4E2F96727FCCA3200457AD4 /* Localizable.strings */; };
		D4A420D62D4D5E9B00E4AC1E /* LGV_UICleantime.xcassets in Resources */ = {isa = PBXBuildFile; fileRef = D4E9103A2D497FAD0036F641 /* LGV_UICleantime.xcassets */; };
		D4A420D72D4D5E9B00E4AC1E /* LGV_UICleantime.xcassets in Resources */ = {isa = PBXBuildFile; fileRef = D4E9103A2D497FAD0036F641 /* LGV_UICleantime.xcassets */; };
		D4A420E02D4D607800E4AC1E /* Assets.xcassets in Resources */ = {isa = PBXBuildFile; fileRef = D4A420D82D4D607800E4AC1E /* Assets.xcassets */; };
		D4A420E42D4D607800E4AC1E /* NACCWatchApp.swift in Sources */ = {isa = PBXBuildFile; fileRef = D4A420DC2D4D607800E4AC1E /* NACCWatchApp.swift */; };
		D4A420E52D4D607800E4AC1E /* NACCWatchAppContentView.swift in Sources */ = {isa = PBXBuildFile; fileRef = D4A420DD2D4D607800E4AC1E /* NACCWatchAppContentView.swift */; };
		D4A420ED2D4D607C00E4AC1E /* Assets.xcassets in Resources */ = {isa = PBXBuildFile; fileRef = D4A420E62D4D607C00E4AC1E /* Assets.xcassets */; };
		D4A420EF2D4D607C00E4AC1E /* README.md in Resources */ = {isa = PBXBuildFile; fileRef = D4A420EA2D4D607C00E4AC1E /* README.md */; };
		D4A420F02D4D607C00E4AC1E /* WidgetStrings.xcstrings in Resources */ = {isa = PBXBuildFile; fileRef = D4A420EB2D4D607C00E4AC1E /* WidgetStrings.xcstrings */; };
		D4A420F12D4D607C00E4AC1E /* NACCWidgetBundle.swift in Sources */ = {isa = PBXBuildFile; fileRef = D4A420E82D4D607C00E4AC1E /* NACCWidgetBundle.swift */; };
		D4A8AD042EE32EF700979987 /* Settings.bundle in Resources */ = {isa = PBXBuildFile; fileRef = D4A8AD032EE32EF700979987 /* Settings.bundle */; };
		D4ACE7E22D584805006C00AD /* WatchStrings.xcstrings in Resources */ = {isa = PBXBuildFile; fileRef = D4ACE7E12D584805006C00AD /* WatchStrings.xcstrings */; };
		D4B0857A2EDB7CA0007C536C /* LGV_UICleantime.xcassets in Resources */ = {isa = PBXBuildFile; fileRef = D4E9103A2D497FAD0036F641 /* LGV_UICleantime.xcassets */; };
		D4B2C2762E8FFE5D009DD45D /* RVS_Persistent_Prefs in Frameworks */ = {isa = PBXBuildFile; productRef = D4B2C2752E8FFE5D009DD45D /* RVS_Persistent_Prefs */; };
		D4B2C2782E8FFE62009DD45D /* LGV_Cleantime in Frameworks */ = {isa = PBXBuildFile; productRef = D4B2C2772E8FFE62009DD45D /* LGV_Cleantime */; };
		D4B2C27B2E8FFEBB009DD45D /* LGV_UICleantime in Frameworks */ = {isa = PBXBuildFile; productRef = D4B2C27A2E8FFEBB009DD45D /* LGV_UICleantime */; };
		D4B2C27E2E8FFEE9009DD45D /* RVS_Generic_Swift_Toolbox in Frameworks */ = {isa = PBXBuildFile; productRef = D4B2C27D2E8FFEE9009DD45D /* RVS_Generic_Swift_Toolbox */; };
		D4B2C2822E8FFF0F009DD45D /* RVS_Generic_Swift_Toolbox in Frameworks */ = {isa = PBXBuildFile; productRef = D4B2C2812E8FFF0F009DD45D /* RVS_Generic_Swift_Toolbox */; };
		D4B2C2842E8FFF17009DD45D /* RVS_Generic_Swift_Toolbox in Frameworks */ = {isa = PBXBuildFile; productRef = D4B2C2832E8FFF17009DD45D /* RVS_Generic_Swift_Toolbox */; };
		D4B2C2862E8FFF1F009DD45D /* RVS_Generic_Swift_Toolbox in Frameworks */ = {isa = PBXBuildFile; productRef = D4B2C2852E8FFF1F009DD45D /* RVS_Generic_Swift_Toolbox */; };
		D4B2C2882E8FFF38009DD45D /* RVS_UIKit_Toolbox in Frameworks */ = {isa = PBXBuildFile; productRef = D4B2C2872E8FFF38009DD45D /* RVS_UIKit_Toolbox */; };
		D4B63FF82EE48E8400E81EF7 /* NACC_LaunchScreen.storyboard in Resources */ = {isa = PBXBuildFile; fileRef = D4C79A1927F9189800FBB7D3 /* NACC_LaunchScreen.storyboard */; };
		D4EB29AB2D5D47EF00D40106 /* WatchStrings.xcstrings in Resources */ = {isa = PBXBuildFile; fileRef = D4ACE7E12D584805006C00AD /* WatchStrings.xcstrings */; };
		D4EB29AC2D5D47EF00D40106 /* WatchStrings.xcstrings in Resources */ = {isa = PBXBuildFile; fileRef = D4ACE7E12D584805006C00AD /* WatchStrings.xcstrings */; };
		D4F46FDC2C94654F0071D359 /* NACCShowCleantimeIntentHandler.swift in Sources */ = {isa = PBXBuildFile; fileRef = D4F46FDB2C94654F0071D359 /* NACCShowCleantimeIntentHandler.swift */; };
		D4F46FE12C94669E0071D359 /* NACCIntents.intentdefinition in Sources */ = {isa = PBXBuildFile; fileRef = D4F46FE02C94669E0071D359 /* NACCIntents.intentdefinition */; };
		D4F58DF62D5FE4C90087C387 /* LGV_UICleantime in Frameworks */ = {isa = PBXBuildFile; productRef = D4F58DF52D5FE4C90087C387 /* LGV_UICleantime */; };
		D4F58DFA2D5FE4D90087C387 /* LGV_UICleantime in Frameworks */ = {isa = PBXBuildFile; productRef = D4F58DF92D5FE4D90087C387 /* LGV_UICleantime */; };
		D4F58E002D5FE5400087C387 /* LGV_UICleantime in Frameworks */ = {isa = PBXBuildFile; productRef = D4F58DFF2D5FE5400087C387 /* LGV_UICleantime */; };
		D4F945512D4E60620073AF8F /* Localizable.strings in Resources */ = {isa = PBXBuildFile; fileRef = D4E2F96727FCCA3200457AD4 /* Localizable.strings */; };
		D4F9DAA02D5BA6A300FFC2DC /* Complications Target.appex in Embed Foundation Extensions */ = {isa = PBXBuildFile; fileRef = D4F9DA952D5BA6A300FFC2DC /* Complications Target.appex */; settings = {ATTRIBUTES = (RemoveHeadersOnCopy, ); }; };
		D4F9DAA92D5BA6DE00FFC2DC /* NACCWatchComplication.swift in Sources */ = {isa = PBXBuildFile; fileRef = D4F9DAA72D5BA6DE00FFC2DC /* NACCWatchComplication.swift */; };
		D4F9DAAA2D5BA6DE00FFC2DC /* Assets.xcassets in Resources */ = {isa = PBXBuildFile; fileRef = D4F9DAA52D5BA6DE00FFC2DC /* Assets.xcassets */; };
/* End PBXBuildFile section */

/* Begin PBXContainerItemProxy section */
		D48285742EDE47A100721EA0 /* PBXContainerItemProxy */ = {
			isa = PBXContainerItemProxy;
			containerPortal = D43C667F2694AA88007D5883 /* Project object */;
			proxyType = 1;
			remoteGlobalIDString = D45A93B62D4C4DEA008B2528;
			remoteInfo = NACCWatch;
		};
		D48285772EDE47B800721EA0 /* PBXContainerItemProxy */ = {
			isa = PBXContainerItemProxy;
			containerPortal = D43C667F2694AA88007D5883 /* Project object */;
			proxyType = 1;
			remoteGlobalIDString = D45A93B62D4C4DEA008B2528;
			remoteInfo = NACCWatch;
		};
		D482857A2EDE4A5900721EA0 /* PBXContainerItemProxy */ = {
			isa = PBXContainerItemProxy;
			containerPortal = D43C667F2694AA88007D5883 /* Project object */;
			proxyType = 1;
			remoteGlobalIDString = D4A420AF2D4D5C7900E4AC1E;
			remoteInfo = NACCWidget;
		};
		D4F9DA9E2D5BA6A300FFC2DC /* PBXContainerItemProxy */ = {
			isa = PBXContainerItemProxy;
			containerPortal = D43C667F2694AA88007D5883 /* Project object */;
			proxyType = 1;
			remoteGlobalIDString = D4F9DA942D5BA6A300FFC2DC;
			remoteInfo = NACCWatchComplicationExtension;
		};
/* End PBXContainerItemProxy section */

/* Begin PBXCopyFilesBuildPhase section */
		D48285762EDE47A100721EA0 /* Embed Watch Content */ = {
			isa = PBXCopyFilesBuildPhase;
			buildActionMask = 2147483647;
			dstPath = "$(CONTENTS_FOLDER_PATH)/Watch";
			dstSubfolderSpec = 16;
			files = (
				D48285732EDE47A100721EA0 /* Watch Target.app in Embed Watch Content */,
			);
			name = "Embed Watch Content";
			runOnlyForDeploymentPostprocessing = 0;
		};
		D482857C2EDE4A5900721EA0 /* Embed Foundation Extensions */ = {
			isa = PBXCopyFilesBuildPhase;
			buildActionMask = 2147483647;
			dstPath = "";
			dstSubfolderSpec = 13;
			files = (
				D48285792EDE4A5900721EA0 /* Widget Target.appex in Embed Foundation Extensions */,
			);
			name = "Embed Foundation Extensions";
			runOnlyForDeploymentPostprocessing = 0;
		};
		D4882CC42D5BA1DB00FBF2EC /* Embed Foundation Extensions */ = {
			isa = PBXCopyFilesBuildPhase;
			buildActionMask = 2147483647;
			dstPath = "";
			dstSubfolderSpec = 13;
			files = (
				D4F9DAA02D5BA6A300FFC2DC /* Complications Target.appex in Embed Foundation Extensions */,
			);
			name = "Embed Foundation Extensions";
			runOnlyForDeploymentPostprocessing = 0;
		};
/* End PBXCopyFilesBuildPhase section */

/* Begin PBXFileReference section */
		D412D8E12D5A46F80041648C /* NACCWatchAppContentViewWatchDelegate.swift */ = {isa = PBXFileReference; lastKnownFileType = sourcecode.swift; path = NACCWatchAppContentViewWatchDelegate.swift; sourceTree = "<group>"; };
		D41657122C4846990015DDFD /* NACC.docc */ = {isa = PBXFileReference; lastKnownFileType = folder.documentationcatalog; path = NACC.docc; sourceTree = "<group>"; };
		D41AC87D2C49813200C79B8C /* index.php */ = {isa = PBXFileReference; lastKnownFileType = text.script.php; path = index.php; sourceTree = "<group>"; };
		D41AC87E2C4981B500C79B8C /* apple-app-site-association */ = {isa = PBXFileReference; lastKnownFileType = text; path = "apple-app-site-association"; sourceTree = "<group>"; };
		D43C66D82694AC33007D5883 /* Warnings.xcconfig */ = {isa = PBXFileReference; lastKnownFileType = text.xcconfig; path = Warnings.xcconfig; sourceTree = "<group>"; };
		D456591C2EDCCB130010C38A /* Info.plist */ = {isa = PBXFileReference; lastKnownFileType = text.plist.xml; path = Info.plist; sourceTree = "<group>"; };
		D45A93B72D4C4DEA008B2528 /* Watch Target.app */ = {isa = PBXFileReference; explicitFileType = wrapper.application; includeInIndex = 0; path = "Watch Target.app"; sourceTree = BUILT_PRODUCTS_DIR; };
		D45CF3632809AB4500065E87 /* NACC.entitlements */ = {isa = PBXFileReference; fileEncoding = 4; lastKnownFileType = text.plist.entitlements; path = NACC.entitlements; sourceTree = "<group>"; };
		D45F07442D429ABC00D6939A /* README.md */ = {isa = PBXFileReference; lastKnownFileType = net.daringfireball.markdown; path = README.md; sourceTree = "<group>"; };
		D462E4C12D5D0A27001E2C0F /* NACCWatchComplicationExtension.entitlements */ = {isa = PBXFileReference; lastKnownFileType = text.plist.entitlements; path = NACCWatchComplicationExtension.entitlements; sourceTree = "<group>"; };
		D474789E28073D5400212919 /* NACCPagePrintRenderer.swift */ = {isa = PBXFileReference; fileEncoding = 4; lastKnownFileType = sourcecode.swift; path = NACCPagePrintRenderer.swift; sourceTree = "<group>"; };
		D489D35C2EDC8EC900A86A6B /* NACC_ResultDisplayView.swift */ = {isa = PBXFileReference; lastKnownFileType = sourcecode.swift; path = NACC_ResultDisplayView.swift; sourceTree = "<group>"; };
		D489D35E2EDC91F600A86A6B /* NACC_InfoDisplayView.swift */ = {isa = PBXFileReference; lastKnownFileType = sourcecode.swift; path = NACC_InfoDisplayView.swift; sourceTree = "<group>"; };
		D48C496D2C9372C5007E87C3 /* en */ = {isa = PBXFileReference; lastKnownFileType = text.plist.strings; name = en; path = en.lproj/AppShortcuts.strings; sourceTree = "<group>"; };
		D49C9A7B280783C6008E9917 /* Base */ = {isa = PBXFileReference; lastKnownFileType = text.plist.strings; name = Base; path = Base.lproj/InfoPlist.strings; sourceTree = "<group>"; };
		D4A0C1502ED78C3800F77D56 /* Main App Target.app */ = {isa = PBXFileReference; explicitFileType = wrapper.application; includeInIndex = 0; path = "Main App Target.app"; sourceTree = BUILT_PRODUCTS_DIR; };
		D4A0C15B2ED78C6700F77D56 /* Assets.xcassets */ = {isa = PBXFileReference; lastKnownFileType = folder.assetcatalog; path = Assets.xcassets; sourceTree = "<group>"; };
		D4A0C15C2ED78C6700F77D56 /* NACC_MainContentView.swift */ = {isa = PBXFileReference; lastKnownFileType = sourcecode.swift; path = NACC_MainContentView.swift; sourceTree = "<group>"; };
		D4A0C15D2ED78C6700F77D56 /* NACC_App.swift */ = {isa = PBXFileReference; lastKnownFileType = sourcecode.swift; path = NACC_App.swift; sourceTree = "<group>"; };
		D4A0C1632ED78E9E00F77D56 /* SwiftUITarget.entitlements */ = {isa = PBXFileReference; lastKnownFileType = text.plist.entitlements; path = SwiftUITarget.entitlements; sourceTree = "<group>"; };
		D4A420B02D4D5C7900E4AC1E /* Widget Target.appex */ = {isa = PBXFileReference; explicitFileType = "wrapper.app-extension"; includeInIndex = 0; path = "Widget Target.appex"; sourceTree = BUILT_PRODUCTS_DIR; };
		D4A420D82D4D607800E4AC1E /* Assets.xcassets */ = {isa = PBXFileReference; lastKnownFileType = folder.assetcatalog; path = Assets.xcassets; sourceTree = "<group>"; };
		D4A420D92D4D607800E4AC1E /* Info.plist */ = {isa = PBXFileReference; lastKnownFileType = text.plist.xml; path = Info.plist; sourceTree = "<group>"; };
		D4A420DB2D4D607800E4AC1E /* NACCWatch.entitlements */ = {isa = PBXFileReference; lastKnownFileType = text.plist.entitlements; path = NACCWatch.entitlements; sourceTree = "<group>"; };
		D4A420DC2D4D607800E4AC1E /* NACCWatchApp.swift */ = {isa = PBXFileReference; lastKnownFileType = sourcecode.swift; path = NACCWatchApp.swift; sourceTree = "<group>"; };
		D4A420DD2D4D607800E4AC1E /* NACCWatchAppContentView.swift */ = {isa = PBXFileReference; lastKnownFileType = sourcecode.swift; path = NACCWatchAppContentView.swift; sourceTree = "<group>"; };
		D4A420DE2D4D607800E4AC1E /* README.md */ = {isa = PBXFileReference; lastKnownFileType = net.daringfireball.markdown; path = README.md; sourceTree = "<group>"; };
		D4A420E62D4D607C00E4AC1E /* Assets.xcassets */ = {isa = PBXFileReference; lastKnownFileType = folder.assetcatalog; path = Assets.xcassets; sourceTree = "<group>"; };
		D4A420E72D4D607C00E4AC1E /* Info.plist */ = {isa = PBXFileReference; lastKnownFileType = text.plist.xml; path = Info.plist; sourceTree = "<group>"; };
		D4A420E82D4D607C00E4AC1E /* NACCWidgetBundle.swift */ = {isa = PBXFileReference; lastKnownFileType = sourcecode.swift; path = NACCWidgetBundle.swift; sourceTree = "<group>"; };
		D4A420E92D4D607C00E4AC1E /* NACCWidgetExtension.entitlements */ = {isa = PBXFileReference; lastKnownFileType = text.plist.entitlements; path = NACCWidgetExtension.entitlements; sourceTree = "<group>"; };
		D4A420EA2D4D607C00E4AC1E /* README.md */ = {isa = PBXFileReference; lastKnownFileType = net.daringfireball.markdown; path = README.md; sourceTree = "<group>"; };
		D4A420EB2D4D607C00E4AC1E /* WidgetStrings.xcstrings */ = {isa = PBXFileReference; lastKnownFileType = text.json.xcstrings; path = WidgetStrings.xcstrings; sourceTree = "<group>"; };
		D4A8AD032EE32EF700979987 /* Settings.bundle */ = {isa = PBXFileReference; lastKnownFileType = "wrapper.plug-in"; path = Settings.bundle; sourceTree = "<group>"; };
		D4ACE7E12D584805006C00AD /* WatchStrings.xcstrings */ = {isa = PBXFileReference; lastKnownFileType = text.json.xcstrings; path = WatchStrings.xcstrings; sourceTree = "<group>"; };
		D4B80C7E27FCF1B400401F72 /* NACCPersistentPrefs.swift */ = {isa = PBXFileReference; fileEncoding = 4; lastKnownFileType = sourcecode.swift; path = NACCPersistentPrefs.swift; sourceTree = "<group>"; };
		D4C080642D4957B200299FBC /* Intents Target.appex */ = {isa = PBXFileReference; explicitFileType = "wrapper.app-extension"; includeInIndex = 0; path = "Intents Target.appex"; sourceTree = BUILT_PRODUCTS_DIR; };
		D4C1579B2C4926FC00D82CBA /* bodyBlack.png */ = {isa = PBXFileReference; lastKnownFileType = image.png; path = bodyBlack.png; sourceTree = "<group>"; };
		D4C1579C2C4926FC00D82CBA /* bodyBlue.png */ = {isa = PBXFileReference; lastKnownFileType = image.png; path = bodyBlue.png; sourceTree = "<group>"; };
		D4C1579D2C4926FC00D82CBA /* bodyBurntOrange.png */ = {isa = PBXFileReference; lastKnownFileType = image.png; path = bodyBurntOrange.png; sourceTree = "<group>"; };
		D4C1579E2C4926FC00D82CBA /* bodyDaygloGreen.png */ = {isa = PBXFileReference; lastKnownFileType = image.png; path = bodyDaygloGreen.png; sourceTree = "<group>"; };
		D4C1579F2C4926FC00D82CBA /* bodyDaygloOrange.png */ = {isa = PBXFileReference; lastKnownFileType = image.png; path = bodyDaygloOrange.png; sourceTree = "<group>"; };
		D4C157A02C4926FC00D82CBA /* bodyGray.png */ = {isa = PBXFileReference; lastKnownFileType = image.png; path = bodyGray.png; sourceTree = "<group>"; };
		D4C157A12C4926FC00D82CBA /* bodyHotPink.png */ = {isa = PBXFileReference; lastKnownFileType = image.png; path = bodyHotPink.png; sourceTree = "<group>"; };
		D4C157A22C4926FC00D82CBA /* bodyHunterGreen.png */ = {isa = PBXFileReference; lastKnownFileType = image.png; path = bodyHunterGreen.png; sourceTree = "<group>"; };
		D4C157A32C4926FC00D82CBA /* bodyMoonglow.png */ = {isa = PBXFileReference; lastKnownFileType = image.png; path = bodyMoonglow.png; sourceTree = "<group>"; };
		D4C157A42C4926FC00D82CBA /* bodyPurple.png */ = {isa = PBXFileReference; lastKnownFileType = image.png; path = bodyPurple.png; sourceTree = "<group>"; };
		D4C157A52C4926FC00D82CBA /* bodyRed.png */ = {isa = PBXFileReference; lastKnownFileType = image.png; path = bodyRed.png; sourceTree = "<group>"; };
		D4C157A62C4926FC00D82CBA /* bodySpeckled.png */ = {isa = PBXFileReference; lastKnownFileType = image.png; path = bodySpeckled.png; sourceTree = "<group>"; };
		D4C157A72C4926FC00D82CBA /* bodyWhite.png */ = {isa = PBXFileReference; lastKnownFileType = image.png; path = bodyWhite.png; sourceTree = "<group>"; };
		D4C157A82C4926FC00D82CBA /* bodyYellow.png */ = {isa = PBXFileReference; lastKnownFileType = image.png; path = bodyYellow.png; sourceTree = "<group>"; };
		D4C157A92C4926FC00D82CBA /* ringClosed.png */ = {isa = PBXFileReference; lastKnownFileType = image.png; path = ringClosed.png; sourceTree = "<group>"; };
		D4C157AA2C4926FC00D82CBA /* ringOpen.png */ = {isa = PBXFileReference; lastKnownFileType = image.png; path = ringOpen.png; sourceTree = "<group>"; };
		D4C157AB2C4926FC00D82CBA /* textEighteenMonths.png */ = {isa = PBXFileReference; lastKnownFileType = image.png; path = textEighteenMonths.png; sourceTree = "<group>"; };
		D4C157AC2C4926FC00D82CBA /* textFifteenYears.png */ = {isa = PBXFileReference; lastKnownFileType = image.png; path = textFifteenYears.png; sourceTree = "<group>"; };
		D4C157AD2C4926FC00D82CBA /* textFiftyYears.png */ = {isa = PBXFileReference; lastKnownFileType = image.png; path = textFiftyYears.png; sourceTree = "<group>"; };
		D4C157AE2C4926FC00D82CBA /* textFiveYears.png */ = {isa = PBXFileReference; lastKnownFileType = image.png; path = textFiveYears.png; sourceTree = "<group>"; };
		D4C157AF2C4926FC00D82CBA /* textFortyFiveYears.png */ = {isa = PBXFileReference; lastKnownFileType = image.png; path = textFortyFiveYears.png; sourceTree = "<group>"; };
		D4C157B02C4926FC00D82CBA /* textFortyYears.png */ = {isa = PBXFileReference; lastKnownFileType = image.png; path = textFortyYears.png; sourceTree = "<group>"; };
		D4C157B12C4926FC00D82CBA /* textMultiYear.png */ = {isa = PBXFileReference; lastKnownFileType = image.png; path = textMultiYear.png; sourceTree = "<group>"; };
		D4C157B22C4926FC00D82CBA /* textNineMonths.png */ = {isa = PBXFileReference; lastKnownFileType = image.png; path = textNineMonths.png; sourceTree = "<group>"; };
		D4C157B32C4926FC00D82CBA /* textNinetyDays.png */ = {isa = PBXFileReference; lastKnownFileType = image.png; path = textNinetyDays.png; sourceTree = "<group>"; };
		D4C157B42C4926FC00D82CBA /* textOneDay.png */ = {isa = PBXFileReference; lastKnownFileType = image.png; path = textOneDay.png; sourceTree = "<group>"; };
		D4C157B52C4926FC00D82CBA /* textOneYear.png */ = {isa = PBXFileReference; lastKnownFileType = image.png; path = textOneYear.png; sourceTree = "<group>"; };
		D4C157B62C4926FC00D82CBA /* textSixMonths.png */ = {isa = PBXFileReference; lastKnownFileType = image.png; path = textSixMonths.png; sourceTree = "<group>"; };
		D4C157B72C4926FC00D82CBA /* textSixtyDays.png */ = {isa = PBXFileReference; lastKnownFileType = image.png; path = textSixtyDays.png; sourceTree = "<group>"; };
		D4C157B82C4926FC00D82CBA /* textTenThousandDays.png */ = {isa = PBXFileReference; lastKnownFileType = image.png; path = textTenThousandDays.png; sourceTree = "<group>"; };
		D4C157B92C4926FC00D82CBA /* textTenYears.png */ = {isa = PBXFileReference; lastKnownFileType = image.png; path = textTenYears.png; sourceTree = "<group>"; };
		D4C157BA2C4926FC00D82CBA /* textThirtyDays.png */ = {isa = PBXFileReference; lastKnownFileType = image.png; path = textThirtyDays.png; sourceTree = "<group>"; };
		D4C157BB2C4926FC00D82CBA /* textThirtyFiveYears.png */ = {isa = PBXFileReference; lastKnownFileType = image.png; path = textThirtyFiveYears.png; sourceTree = "<group>"; };
		D4C157BC2C4926FC00D82CBA /* textThirtyYears.png */ = {isa = PBXFileReference; lastKnownFileType = image.png; path = textThirtyYears.png; sourceTree = "<group>"; };
		D4C157BD2C4926FC00D82CBA /* textTwentyFiveYears.png */ = {isa = PBXFileReference; lastKnownFileType = image.png; path = textTwentyFiveYears.png; sourceTree = "<group>"; };
		D4C157BE2C4926FC00D82CBA /* textTwentyYears.png */ = {isa = PBXFileReference; lastKnownFileType = image.png; path = textTwentyYears.png; sourceTree = "<group>"; };
		D4C157BF2C4926FC00D82CBA /* textWelcomeBack.png */ = {isa = PBXFileReference; lastKnownFileType = image.png; path = textWelcomeBack.png; sourceTree = "<group>"; };
		D4C79A1A27F9189800FBB7D3 /* Base */ = {isa = PBXFileReference; lastKnownFileType = file.storyboard; name = Base; path = Base.lproj/NACC_LaunchScreen.storyboard; sourceTree = "<group>"; };
		D4E2F96827FCCA3200457AD4 /* Base */ = {isa = PBXFileReference; lastKnownFileType = text.plist.strings; name = Base; path = Base.lproj/Localizable.strings; sourceTree = "<group>"; };
		D4E2F96A27FCCD3400457AD4 /* Theme.xcassets */ = {isa = PBXFileReference; lastKnownFileType = folder.assetcatalog; path = Theme.xcassets; sourceTree = "<group>"; };
		D4E43A532C937FDF00535CDD /* Info.plist */ = {isa = PBXFileReference; lastKnownFileType = text.plist.xml; path = Info.plist; sourceTree = "<group>"; };
		D4E43A692C937FDF00535CDD /* NACCIntents.entitlements */ = {isa = PBXFileReference; lastKnownFileType = text.plist.entitlements; path = NACCIntents.entitlements; sourceTree = "<group>"; };
		D4E9103B2D497FAD0036F641 /* Base */ = {isa = PBXFileReference; lastKnownFileType = folder.assetcatalog; name = Base; path = Base.lproj/LGV_UICleantime.xcassets; sourceTree = "<group>"; };
		D4EB29AE2D5D4CFE00D40106 /* README.md */ = {isa = PBXFileReference; lastKnownFileType = net.daringfireball.markdown; path = README.md; sourceTree = "<group>"; };
		D4F46FDB2C94654F0071D359 /* NACCShowCleantimeIntentHandler.swift */ = {isa = PBXFileReference; fileEncoding = 4; lastKnownFileType = sourcecode.swift; path = NACCShowCleantimeIntentHandler.swift; sourceTree = "<group>"; };
		D4F46FDF2C94669E0071D359 /* Base */ = {isa = PBXFileReference; lastKnownFileType = file.intentdefinition; name = Base; path = Base.lproj/NACCIntents.intentdefinition; sourceTree = "<group>"; };
		D4F9DA952D5BA6A300FFC2DC /* Complications Target.appex */ = {isa = PBXFileReference; explicitFileType = "wrapper.app-extension"; includeInIndex = 0; path = "Complications Target.appex"; sourceTree = BUILT_PRODUCTS_DIR; };
		D4F9DAA52D5BA6DE00FFC2DC /* Assets.xcassets */ = {isa = PBXFileReference; lastKnownFileType = folder.assetcatalog; path = Assets.xcassets; sourceTree = "<group>"; };
		D4F9DAA62D5BA6DE00FFC2DC /* Info.plist */ = {isa = PBXFileReference; lastKnownFileType = text.plist.xml; path = Info.plist; sourceTree = "<group>"; };
		D4F9DAA72D5BA6DE00FFC2DC /* NACCWatchComplication.swift */ = {isa = PBXFileReference; lastKnownFileType = sourcecode.swift; path = NACCWatchComplication.swift; sourceTree = "<group>"; };
/* End PBXFileReference section */

/* Begin PBXFrameworksBuildPhase section */
		D45A93B42D4C4DEA008B2528 /* Frameworks */ = {
			isa = PBXFrameworksBuildPhase;
			buildActionMask = 2147483647;
			files = (
				D4B2C2762E8FFE5D009DD45D /* RVS_Persistent_Prefs in Frameworks */,
				D4B2C2882E8FFF38009DD45D /* RVS_UIKit_Toolbox in Frameworks */,
				D4B2C2782E8FFE62009DD45D /* LGV_Cleantime in Frameworks */,
				D4B2C27E2E8FFEE9009DD45D /* RVS_Generic_Swift_Toolbox in Frameworks */,
				D4B2C27B2E8FFEBB009DD45D /* LGV_UICleantime in Frameworks */,
			);
			runOnlyForDeploymentPostprocessing = 0;
		};
		D4A0C14D2ED78C3800F77D56 /* Frameworks */ = {
			isa = PBXFrameworksBuildPhase;
			buildActionMask = 2147483647;
			files = (
				D40F87D02EDA4A8400E4B09B /* RVS_Persistent_Prefs in Frameworks */,
				D43EF2212EE3059700709D39 /* RVS_UIKit_Toolbox in Frameworks */,
				D40F87D22EDA4A8400E4B09B /* LGV_Cleantime in Frameworks */,
				D40F87D62EDA4A8400E4B09B /* RVS_Generic_Swift_Toolbox in Frameworks */,
				D40F87D42EDA4A8400E4B09B /* LGV_UICleantime in Frameworks */,
			);
			runOnlyForDeploymentPostprocessing = 0;
		};
		D4A420AD2D4D5C7900E4AC1E /* Frameworks */ = {
			isa = PBXFrameworksBuildPhase;
			buildActionMask = 2147483647;
			files = (
				D462E4BC2D5D08C0001E2C0F /* RVS_Persistent_Prefs in Frameworks */,
				D44690462D6135EF0079B36A /* RVS_UIKit_Toolbox in Frameworks */,
				D45240E32D620C3E000BD663 /* LGV_Cleantime in Frameworks */,
				D4F58DF62D5FE4C90087C387 /* LGV_UICleantime in Frameworks */,
				D4B2C2822E8FFF0F009DD45D /* RVS_Generic_Swift_Toolbox in Frameworks */,
			);
			runOnlyForDeploymentPostprocessing = 0;
		};
		D4E43A4A2C937FDF00535CDD /* Frameworks */ = {
			isa = PBXFrameworksBuildPhase;
			buildActionMask = 2147483647;
			files = (
				D45240E52D620C4B000BD663 /* LGV_Cleantime in Frameworks */,
				D4F58E002D5FE5400087C387 /* LGV_UICleantime in Frameworks */,
				D4B2C2842E8FFF17009DD45D /* RVS_Generic_Swift_Toolbox in Frameworks */,
				D44690402D61358C0079B36A /* RVS_UIKit_Toolbox in Frameworks */,
			);
			runOnlyForDeploymentPostprocessing = 0;
		};
		D4F9DA922D5BA6A300FFC2DC /* Frameworks */ = {
			isa = PBXFrameworksBuildPhase;
			buildActionMask = 2147483647;
			files = (
				D462E4C02D5D09FF001E2C0F /* RVS_Persistent_Prefs in Frameworks */,
				D44690442D6135E50079B36A /* RVS_UIKit_Toolbox in Frameworks */,
				D45240E92D620C5A000BD663 /* LGV_Cleantime in Frameworks */,
				D4F58DFA2D5FE4D90087C387 /* LGV_UICleantime in Frameworks */,
				D4B2C2862E8FFF1F009DD45D /* RVS_Generic_Swift_Toolbox in Frameworks */,
			);
			runOnlyForDeploymentPostprocessing = 0;
		};
/* End PBXFrameworksBuildPhase section */

/* Begin PBXGroup section */
		D43C667E2694AA88007D5883 = {
			isa = PBXGroup;
			children = (
				D43C66C52694AC20007D5883 /* Sources */,
				D43C66D72694AC33007D5883 /* Project-Meta */,
				D4C080642D4957B200299FBC /* Intents Target.appex */,
				D45A93B72D4C4DEA008B2528 /* Watch Target.app */,
				D4A420B02D4D5C7900E4AC1E /* Widget Target.appex */,
				D4F9DA952D5BA6A300FFC2DC /* Complications Target.appex */,
				D45315ED2E8FF6410019485D /* Frameworks */,
				D4A0C1502ED78C3800F77D56 /* Main App Target.app */,
			);
			sourceTree = "<group>";
		};
		D43C66C52694AC20007D5883 /* Sources */ = {
			isa = PBXGroup;
			children = (
				D41657122C4846990015DDFD /* NACC.docc */,
				D4B396112D49156100CB5501 /* Shared */,
				D4A0C15E2ED78C6700F77D56 /* NACCApp */,
				D4A420EC2D4D607C00E4AC1E /* NACCWidget */,
				D4A420DF2D4D607800E4AC1E /* NACCWatch */,
				D4F9DAA82D5BA6DE00FFC2DC /* NACCWatchComplication */,
				D4E43A502C937FDF00535CDD /* NACCIntents */,
			);
			path = Sources;
			sourceTree = "<group>";
		};
		D43C66D72694AC33007D5883 /* Project-Meta */ = {
			isa = PBXGroup;
			children = (
				D4C157C22C4926FC00D82CBA /* Web */,
				D45CF3632809AB4500065E87 /* NACC.entitlements */,
				D4A0C1632ED78E9E00F77D56 /* SwiftUITarget.entitlements */,
				D43C66D82694AC33007D5883 /* Warnings.xcconfig */,
			);
			path = "Project-Meta";
			sourceTree = "<group>";
		};
		D45315ED2E8FF6410019485D /* Frameworks */ = {
			isa = PBXGroup;
			children = (
			);
			name = Frameworks;
			sourceTree = "<group>";
		};
		D4A0C15E2ED78C6700F77D56 /* NACCApp */ = {
			isa = PBXGroup;
			children = (
				D4A0C15B2ED78C6700F77D56 /* Assets.xcassets */,
				D456591C2EDCCB130010C38A /* Info.plist */,
				D4C79A1927F9189800FBB7D3 /* NACC_LaunchScreen.storyboard */,
				D4A0C15D2ED78C6700F77D56 /* NACC_App.swift */,
				D4A0C15C2ED78C6700F77D56 /* NACC_MainContentView.swift */,
				D489D35E2EDC91F600A86A6B /* NACC_InfoDisplayView.swift */,
				D489D35C2EDC8EC900A86A6B /* NACC_ResultDisplayView.swift */,
			);
			path = NACCApp;
			sourceTree = "<group>";
		};
		D4A420DF2D4D607800E4AC1E /* NACCWatch */ = {
			isa = PBXGroup;
			children = (
				D4A420DC2D4D607800E4AC1E /* NACCWatchApp.swift */,
				D4A420DD2D4D607800E4AC1E /* NACCWatchAppContentView.swift */,
				D4A420D82D4D607800E4AC1E /* Assets.xcassets */,
				D4A420D92D4D607800E4AC1E /* Info.plist */,
				D4A420DB2D4D607800E4AC1E /* NACCWatch.entitlements */,
				D4A420DE2D4D607800E4AC1E /* README.md */,
			);
			path = NACCWatch;
			sourceTree = "<group>";
		};
		D4A420EC2D4D607C00E4AC1E /* NACCWidget */ = {
			isa = PBXGroup;
			children = (
				D4A420E82D4D607C00E4AC1E /* NACCWidgetBundle.swift */,
				D4A420E62D4D607C00E4AC1E /* Assets.xcassets */,
				D4A420E72D4D607C00E4AC1E /* Info.plist */,
				D4A420E92D4D607C00E4AC1E /* NACCWidgetExtension.entitlements */,
				D4A420EA2D4D607C00E4AC1E /* README.md */,
			);
			path = NACCWidget;
			sourceTree = "<group>";
		};
		D4B396112D49156100CB5501 /* Shared */ = {
			isa = PBXGroup;
			children = (
				D4E910402D497FF70036F641 /* Sources */,
				D4E9103F2D497FEE0036F641 /* Resources */,
			);
			path = Shared;
			sourceTree = "<group>";
		};
		D4C157C02C4926FC00D82CBA /* img */ = {
			isa = PBXGroup;
			children = (
				D4C1579B2C4926FC00D82CBA /* bodyBlack.png */,
				D4C1579C2C4926FC00D82CBA /* bodyBlue.png */,
				D4C1579D2C4926FC00D82CBA /* bodyBurntOrange.png */,
				D4C1579E2C4926FC00D82CBA /* bodyDaygloGreen.png */,
				D4C1579F2C4926FC00D82CBA /* bodyDaygloOrange.png */,
				D4C157A02C4926FC00D82CBA /* bodyGray.png */,
				D4C157A12C4926FC00D82CBA /* bodyHotPink.png */,
				D4C157A22C4926FC00D82CBA /* bodyHunterGreen.png */,
				D4C157A32C4926FC00D82CBA /* bodyMoonglow.png */,
				D4C157A42C4926FC00D82CBA /* bodyPurple.png */,
				D4C157A52C4926FC00D82CBA /* bodyRed.png */,
				D4C157A62C4926FC00D82CBA /* bodySpeckled.png */,
				D4C157A72C4926FC00D82CBA /* bodyWhite.png */,
				D4C157A82C4926FC00D82CBA /* bodyYellow.png */,
				D4C157A92C4926FC00D82CBA /* ringClosed.png */,
				D4C157AA2C4926FC00D82CBA /* ringOpen.png */,
				D4C157AB2C4926FC00D82CBA /* textEighteenMonths.png */,
				D4C157AC2C4926FC00D82CBA /* textFifteenYears.png */,
				D4C157AD2C4926FC00D82CBA /* textFiftyYears.png */,
				D4C157AE2C4926FC00D82CBA /* textFiveYears.png */,
				D4C157AF2C4926FC00D82CBA /* textFortyFiveYears.png */,
				D4C157B02C4926FC00D82CBA /* textFortyYears.png */,
				D4C157B12C4926FC00D82CBA /* textMultiYear.png */,
				D4C157B22C4926FC00D82CBA /* textNineMonths.png */,
				D4C157B32C4926FC00D82CBA /* textNinetyDays.png */,
				D4C157B42C4926FC00D82CBA /* textOneDay.png */,
				D4C157B52C4926FC00D82CBA /* textOneYear.png */,
				D4C157B62C4926FC00D82CBA /* textSixMonths.png */,
				D4C157B72C4926FC00D82CBA /* textSixtyDays.png */,
				D4C157B82C4926FC00D82CBA /* textTenThousandDays.png */,
				D4C157B92C4926FC00D82CBA /* textTenYears.png */,
				D4C157BA2C4926FC00D82CBA /* textThirtyDays.png */,
				D4C157BB2C4926FC00D82CBA /* textThirtyFiveYears.png */,
				D4C157BC2C4926FC00D82CBA /* textThirtyYears.png */,
				D4C157BD2C4926FC00D82CBA /* textTwentyFiveYears.png */,
				D4C157BE2C4926FC00D82CBA /* textTwentyYears.png */,
				D4C157BF2C4926FC00D82CBA /* textWelcomeBack.png */,
			);
			path = img;
			sourceTree = "<group>";
		};
		D4C157C22C4926FC00D82CBA /* Web */ = {
			isa = PBXGroup;
			children = (
				D41AC87D2C49813200C79B8C /* index.php */,
				D41AC87E2C4981B500C79B8C /* apple-app-site-association */,
				D4C157C02C4926FC00D82CBA /* img */,
			);
			path = Web;
			sourceTree = SOURCE_ROOT;
		};
		D4E43A502C937FDF00535CDD /* NACCIntents */ = {
			isa = PBXGroup;
			children = (
				D4E43A692C937FDF00535CDD /* NACCIntents.entitlements */,
				D4F46FDB2C94654F0071D359 /* NACCShowCleantimeIntentHandler.swift */,
				D4F46FE02C94669E0071D359 /* NACCIntents.intentdefinition */,
				D4E43A532C937FDF00535CDD /* Info.plist */,
				D45F07442D429ABC00D6939A /* README.md */,
			);
			path = NACCIntents;
			sourceTree = "<group>";
		};
		D4E9103F2D497FEE0036F641 /* Resources */ = {
			isa = PBXGroup;
			children = (
				D4A8AD032EE32EF700979987 /* Settings.bundle */,
				D4E2F96A27FCCD3400457AD4 /* Theme.xcassets */,
				D4E9103A2D497FAD0036F641 /* LGV_UICleantime.xcassets */,
				D4ACE7E12D584805006C00AD /* WatchStrings.xcstrings */,
				D4A420EB2D4D607C00E4AC1E /* WidgetStrings.xcstrings */,
				D4E2F96727FCCA3200457AD4 /* Localizable.strings */,
				D49C9A7A280783C6008E9917 /* InfoPlist.strings */,
				D48C496C2C9372C5007E87C3 /* AppShortcuts.strings */,
			);
			path = Resources;
			sourceTree = "<group>";
		};
		D4E910402D497FF70036F641 /* Sources */ = {
			isa = PBXGroup;
			children = (
				D412D8E12D5A46F80041648C /* NACCWatchAppContentViewWatchDelegate.swift */,
				D4B80C7E27FCF1B400401F72 /* NACCPersistentPrefs.swift */,
				D474789E28073D5400212919 /* NACCPagePrintRenderer.swift */,
			);
			path = Sources;
			sourceTree = "<group>";
		};
		D4F9DAA82D5BA6DE00FFC2DC /* NACCWatchComplication */ = {
			isa = PBXGroup;
			children = (
				D4F9DAA72D5BA6DE00FFC2DC /* NACCWatchComplication.swift */,
				D4F9DAA52D5BA6DE00FFC2DC /* Assets.xcassets */,
				D4F9DAA62D5BA6DE00FFC2DC /* Info.plist */,
				D462E4C12D5D0A27001E2C0F /* NACCWatchComplicationExtension.entitlements */,
				D4EB29AE2D5D4CFE00D40106 /* README.md */,
			);
			path = NACCWatchComplication;
			sourceTree = "<group>";
		};
/* End PBXGroup section */

/* Begin PBXNativeTarget section */
		D45A93B62D4C4DEA008B2528 /* Watch Target */ = {
			isa = PBXNativeTarget;
			buildConfigurationList = D45A93C52D4C4DEB008B2528 /* Build configuration list for PBXNativeTarget "Watch Target" */;
			buildPhases = (
				D4EC72212D4C55D5008ED9D8 /* SwiftLint */,
				D45A93B32D4C4DEA008B2528 /* Sources */,
				D45A93B42D4C4DEA008B2528 /* Frameworks */,
				D45A93B52D4C4DEA008B2528 /* Resources */,
				D4882CC42D5BA1DB00FBF2EC /* Embed Foundation Extensions */,
			);
			buildRules = (
			);
			dependencies = (
				D4F9DA9F2D5BA6A300FFC2DC /* PBXTargetDependency */,
			);
			name = "Watch Target";
			packageProductDependencies = (
				D4B2C2752E8FFE5D009DD45D /* RVS_Persistent_Prefs */,
				D4B2C2772E8FFE62009DD45D /* LGV_Cleantime */,
				D4B2C27A2E8FFEBB009DD45D /* LGV_UICleantime */,
				D4B2C27D2E8FFEE9009DD45D /* RVS_Generic_Swift_Toolbox */,
				D4B2C2872E8FFF38009DD45D /* RVS_UIKit_Toolbox */,
			);
			productName = "NACCWatch Watch App";
			productReference = D45A93B72D4C4DEA008B2528 /* Watch Target.app */;
			productType = "com.apple.product-type.application";
		};
		D4A0C14F2ED78C3800F77D56 /* Main App Target */ = {
			isa = PBXNativeTarget;
			buildConfigurationList = D4A0C15A2ED78C3900F77D56 /* Build configuration list for PBXNativeTarget "Main App Target" */;
			buildPhases = (
				D482857D2EDE4D6E00721EA0 /* SwiftLint */,
				D4A0C14C2ED78C3800F77D56 /* Sources */,
				D4A0C14D2ED78C3800F77D56 /* Frameworks */,
				D4A0C14E2ED78C3800F77D56 /* Resources */,
				D48285762EDE47A100721EA0 /* Embed Watch Content */,
				D482857C2EDE4A5900721EA0 /* Embed Foundation Extensions */,
			);
			buildRules = (
			);
			dependencies = (
				D48285752EDE47A100721EA0 /* PBXTargetDependency */,
				D48285782EDE47B800721EA0 /* PBXTargetDependency */,
				D482857B2EDE4A5900721EA0 /* PBXTargetDependency */,
			);
			name = "Main App Target";
			packageProductDependencies = (
				D40F87CF2EDA4A8400E4B09B /* RVS_Persistent_Prefs */,
				D40F87D12EDA4A8400E4B09B /* LGV_Cleantime */,
				D40F87D32EDA4A8400E4B09B /* LGV_UICleantime */,
				D40F87D52EDA4A8400E4B09B /* RVS_Generic_Swift_Toolbox */,
				D43EF2202EE3059700709D39 /* RVS_UIKit_Toolbox */,
			);
			productName = NACC_App;
			productReference = D4A0C1502ED78C3800F77D56 /* Main App Target.app */;
			productType = "com.apple.product-type.application";
		};
		D4A420AF2D4D5C7900E4AC1E /* Widget Target */ = {
			isa = PBXNativeTarget;
			buildConfigurationList = D4A420C12D4D5C7A00E4AC1E /* Build configuration list for PBXNativeTarget "Widget Target" */;
			buildPhases = (
				D4EB29AF2D5D4D6000D40106 /* SwiftLint */,
				D4A420AC2D4D5C7900E4AC1E /* Sources */,
				D4A420AD2D4D5C7900E4AC1E /* Frameworks */,
				D4A420AE2D4D5C7900E4AC1E /* Resources */,
			);
			buildRules = (
			);
			dependencies = (
			);
			name = "Widget Target";
			packageProductDependencies = (
				D462E4BB2D5D08C0001E2C0F /* RVS_Persistent_Prefs */,
				D4F58DF52D5FE4C90087C387 /* LGV_UICleantime */,
				D44690452D6135EF0079B36A /* RVS_UIKit_Toolbox */,
				D45240E22D620C3E000BD663 /* LGV_Cleantime */,
				D4B2C2812E8FFF0F009DD45D /* RVS_Generic_Swift_Toolbox */,
			);
			productName = NACCWidgetExtension;
			productReference = D4A420B02D4D5C7900E4AC1E /* Widget Target.appex */;
			productType = "com.apple.product-type.app-extension";
		};
		D4E43A4C2C937FDF00535CDD /* Intents Target */ = {
			isa = PBXNativeTarget;
			buildConfigurationList = D4E43A702C937FDF00535CDD /* Build configuration list for PBXNativeTarget "Intents Target" */;
			buildPhases = (
				D4C5413D2D43BFD600F62EBF /* SwiftLint */,
				D4E43A492C937FDF00535CDD /* Sources */,
				D4E43A4A2C937FDF00535CDD /* Frameworks */,
			);
			buildRules = (
			);
			dependencies = (
			);
			name = "Intents Target";
			packageProductDependencies = (
				D4F58DFF2D5FE5400087C387 /* LGV_UICleantime */,
				D446903F2D61358C0079B36A /* RVS_UIKit_Toolbox */,
				D45240E42D620C4B000BD663 /* LGV_Cleantime */,
				D4B2C2832E8FFF17009DD45D /* RVS_Generic_Swift_Toolbox */,
			);
			productName = NACCIntents;
			productReference = D4C080642D4957B200299FBC /* Intents Target.appex */;
			productType = "com.apple.product-type.app-extension";
		};
		D4F9DA942D5BA6A300FFC2DC /* Complications Target */ = {
			isa = PBXNativeTarget;
			buildConfigurationList = D4F9DAA22D5BA6A300FFC2DC /* Build configuration list for PBXNativeTarget "Complications Target" */;
			buildPhases = (
				D4EB29B02D5D4D7B00D40106 /* SwiftLint */,
				D4F9DA912D5BA6A300FFC2DC /* Sources */,
				D4F9DA922D5BA6A300FFC2DC /* Frameworks */,
				D4F9DA932D5BA6A300FFC2DC /* Resources */,
			);
			buildRules = (
			);
			dependencies = (
			);
			name = "Complications Target";
			packageProductDependencies = (
				D462E4BF2D5D09FF001E2C0F /* RVS_Persistent_Prefs */,
				D4F58DF92D5FE4D90087C387 /* LGV_UICleantime */,
				D44690432D6135E50079B36A /* RVS_UIKit_Toolbox */,
				D45240E82D620C5A000BD663 /* LGV_Cleantime */,
				D4B2C2852E8FFF1F009DD45D /* RVS_Generic_Swift_Toolbox */,
			);
			productName = NACCWatchComplicationExtension;
			productReference = D4F9DA952D5BA6A300FFC2DC /* Complications Target.appex */;
			productType = "com.apple.product-type.app-extension";
		};
/* End PBXNativeTarget section */

/* Begin PBXProject section */
		D43C667F2694AA88007D5883 /* Project object */ = {
			isa = PBXProject;
			attributes = {
				BuildIndependentTargetsInParallel = YES;
				LastSwiftUpdateCheck = 2610;
				LastUpgradeCheck = 2610;
				TargetAttributes = {
					D45A93B62D4C4DEA008B2528 = {
						CreatedOnToolsVersion = 16.2;
					};
					D4A0C14F2ED78C3800F77D56 = {
						CreatedOnToolsVersion = 26.1.1;
					};
					D4A420AF2D4D5C7900E4AC1E = {
						CreatedOnToolsVersion = 16.2;
					};
					D4E43A4C2C937FDF00535CDD = {
						CreatedOnToolsVersion = 15.4;
						LastSwiftMigration = 1540;
					};
					D4F9DA942D5BA6A300FFC2DC = {
						CreatedOnToolsVersion = 16.2;
					};
				};
			};
			buildConfigurationList = D43C66822694AA88007D5883 /* Build configuration list for PBXProject "NACC" */;
			compatibilityVersion = "Xcode 15.3";
			developmentRegion = en;
			hasScannedForEncodings = 0;
			knownRegions = (
				en,
				Base,
			);
			mainGroup = D43C667E2694AA88007D5883;
			packageReferences = (
				D462E4AB2D5D07E6001E2C0F /* XCRemoteSwiftPackageReference "RVS_UIKit_Toolbox" */,
				D462E4AC2D5D07ED001E2C0F /* XCRemoteSwiftPackageReference "RVS_GeneralObserver" */,
				D462E4AE2D5D0806001E2C0F /* XCRemoteSwiftPackageReference "RVS_PersistentPrefs" */,
				D45240DF2D620C34000BD663 /* XCRemoteSwiftPackageReference "LGV_Cleantime" */,
				D4B2C2792E8FFEA1009DD45D /* XCRemoteSwiftPackageReference "LGV_UICleantime" */,
				D4B2C27C2E8FFEDB009DD45D /* XCRemoteSwiftPackageReference "RVS_Generic_Swift_Toolbox" */,
			);
			productRefGroup = D43C667E2694AA88007D5883;
			projectDirPath = "";
			projectRoot = "";
			targets = (
				D4A0C14F2ED78C3800F77D56 /* Main App Target */,
				D45A93B62D4C4DEA008B2528 /* Watch Target */,
				D4A420AF2D4D5C7900E4AC1E /* Widget Target */,
				D4E43A4C2C937FDF00535CDD /* Intents Target */,
				D4F9DA942D5BA6A300FFC2DC /* Complications Target */,
			);
		};
/* End PBXProject section */

/* Begin PBXResourcesBuildPhase section */
		D45A93B52D4C4DEA008B2528 /* Resources */ = {
			isa = PBXResourcesBuildPhase;
			buildActionMask = 2147483647;
			files = (
				D4A420E02D4D607800E4AC1E /* Assets.xcassets in Resources */,
				D4F945512D4E60620073AF8F /* Localizable.strings in Resources */,
				D4ACE7E22D584805006C00AD /* WatchStrings.xcstrings in Resources */,
				D4A420D62D4D5E9B00E4AC1E /* LGV_UICleantime.xcassets in Resources */,
			);
			runOnlyForDeploymentPostprocessing = 0;
		};
		D4A0C14E2ED78C3800F77D56 /* Resources */ = {
			isa = PBXResourcesBuildPhase;
			buildActionMask = 2147483647;
			files = (
				D4B0857A2EDB7CA0007C536C /* LGV_UICleantime.xcassets in Resources */,
				D4A0C1612ED78C6700F77D56 /* Assets.xcassets in Resources */,
				D40F87D72EDA4AF100E4B09B /* Localizable.strings in Resources */,
				D43BAAA72ED8E73E00B58900 /* Theme.xcassets in Resources */,
				D4A8AD042EE32EF700979987 /* Settings.bundle in Resources */,
				D4A3F7C52EE22425004992A8 /* InfoPlist.strings in Resources */,
				D4B63FF82EE48E8400E81EF7 /* NACC_LaunchScreen.storyboard in Resources */,
			);
			runOnlyForDeploymentPostprocessing = 0;
		};
		D4A420AE2D4D5C7900E4AC1E /* Resources */ = {
			isa = PBXResourcesBuildPhase;
			buildActionMask = 2147483647;
			files = (
				D4EB29AB2D5D47EF00D40106 /* WatchStrings.xcstrings in Resources */,
				D4A420ED2D4D607C00E4AC1E /* Assets.xcassets in Resources */,
				D4A420EF2D4D607C00E4AC1E /* README.md in Resources */,
				D4A420F02D4D607C00E4AC1E /* WidgetStrings.xcstrings in Resources */,
				D4A420D72D4D5E9B00E4AC1E /* LGV_UICleantime.xcassets in Resources */,
				D4A420D52D4D5E7900E4AC1E /* Localizable.strings in Resources */,
			);
			runOnlyForDeploymentPostprocessing = 0;
		};
		D4F9DA932D5BA6A300FFC2DC /* Resources */ = {
			isa = PBXResourcesBuildPhase;
			buildActionMask = 2147483647;
			files = (
				D4EB29AC2D5D47EF00D40106 /* WatchStrings.xcstrings in Resources */,
				D4F9DAAA2D5BA6DE00FFC2DC /* Assets.xcassets in Resources */,
				D462E4C32D5D0B17001E2C0F /* Localizable.strings in Resources */,
			);
			runOnlyForDeploymentPostprocessing = 0;
		};
/* End PBXResourcesBuildPhase section */

/* Begin PBXShellScriptBuildPhase section */
		D482857D2EDE4D6E00721EA0 /* SwiftLint */ = {
			isa = PBXShellScriptBuildPhase;
			alwaysOutOfDate = 1;
			buildActionMask = 2147483647;
			files = (
			);
			inputFileListPaths = (
			);
			inputPaths = (
			);
			name = SwiftLint;
			outputFileListPaths = (
			);
			outputPaths = (
			);
			runOnlyForDeploymentPostprocessing = 0;
			shellPath = /bin/sh;
			shellScript = "if command -v swiftlint 2>&1 >/dev/null\nthen\n    cd ${PROJECT_DIR}\n    swiftlint\nfi\n";
		};
		D4C5413D2D43BFD600F62EBF /* SwiftLint */ = {
			isa = PBXShellScriptBuildPhase;
			alwaysOutOfDate = 1;
			buildActionMask = 2147483647;
			files = (
			);
			inputFileListPaths = (
			);
			inputPaths = (
			);
			name = SwiftLint;
			outputFileListPaths = (
			);
			outputPaths = (
			);
			runOnlyForDeploymentPostprocessing = 0;
			shellPath = /bin/sh;
			shellScript = "if command -v swiftlint 2>&1 >/dev/null\nthen\n    cd ${PROJECT_DIR}\n    swiftlint\nfi\n";
		};
		D4EB29AF2D5D4D6000D40106 /* SwiftLint */ = {
			isa = PBXShellScriptBuildPhase;
			alwaysOutOfDate = 1;
			buildActionMask = 2147483647;
			files = (
			);
			inputFileListPaths = (
			);
			inputPaths = (
			);
			name = SwiftLint;
			outputFileListPaths = (
			);
			outputPaths = (
			);
			runOnlyForDeploymentPostprocessing = 0;
			shellPath = /bin/sh;
			shellScript = "if command -v swiftlint 2>&1 >/dev/null\nthen\n    cd ${PROJECT_DIR}\n    swiftlint\nfi\n";
		};
		D4EB29B02D5D4D7B00D40106 /* SwiftLint */ = {
			isa = PBXShellScriptBuildPhase;
			alwaysOutOfDate = 1;
			buildActionMask = 2147483647;
			files = (
			);
			inputFileListPaths = (
			);
			inputPaths = (
			);
			name = SwiftLint;
			outputFileListPaths = (
			);
			outputPaths = (
			);
			runOnlyForDeploymentPostprocessing = 0;
			shellPath = /bin/sh;
			shellScript = "if command -v swiftlint 2>&1 >/dev/null\nthen\n    cd ${PROJECT_DIR}\n    swiftlint\nfi\n";
		};
		D4EC72212D4C55D5008ED9D8 /* SwiftLint */ = {
			isa = PBXShellScriptBuildPhase;
			alwaysOutOfDate = 1;
			buildActionMask = 2147483647;
			files = (
			);
			inputFileListPaths = (
			);
			inputPaths = (
			);
			name = SwiftLint;
			outputFileListPaths = (
			);
			outputPaths = (
			);
			runOnlyForDeploymentPostprocessing = 0;
			shellPath = /bin/sh;
			shellScript = "if command -v swiftlint 2>&1 >/dev/null\nthen\n    cd ${PROJECT_DIR}\n    swiftlint\nfi\n";
		};
/* End PBXShellScriptBuildPhase section */

/* Begin PBXSourcesBuildPhase section */
		D45A93B32D4C4DEA008B2528 /* Sources */ = {
			isa = PBXSourcesBuildPhase;
			buildActionMask = 2147483647;
			files = (
				D45A93CE2D4C5405008B2528 /* NACCPersistentPrefs.swift in Sources */,
				D4A420E42D4D607800E4AC1E /* NACCWatchApp.swift in Sources */,
				D412D8E32D5A46F80041648C /* NACCWatchAppContentViewWatchDelegate.swift in Sources */,
				D4A420E52D4D607800E4AC1E /* NACCWatchAppContentView.swift in Sources */,
			);
			runOnlyForDeploymentPostprocessing = 0;
		};
		D4A0C14C2ED78C3800F77D56 /* Sources */ = {
			isa = PBXSourcesBuildPhase;
			buildActionMask = 2147483647;
			files = (
				D40F87CD2EDA47AA00E4B09B /* NACCWatchAppContentViewWatchDelegate.swift in Sources */,
				D43EF21F2EE3046D00709D39 /* NACCPagePrintRenderer.swift in Sources */,
				D40F87CE2EDA47AA00E4B09B /* NACCPersistentPrefs.swift in Sources */,
				D489D35F2EDC91F600A86A6B /* NACC_InfoDisplayView.swift in Sources */,
				D489D35D2EDC8EC900A86A6B /* NACC_ResultDisplayView.swift in Sources */,
				D4A0C15F2ED78C6700F77D56 /* NACC_MainContentView.swift in Sources */,
				D4A0C1602ED78C6700F77D56 /* NACC_App.swift in Sources */,
			);
			runOnlyForDeploymentPostprocessing = 0;
		};
		D4A420AC2D4D5C7900E4AC1E /* Sources */ = {
			isa = PBXSourcesBuildPhase;
			buildActionMask = 2147483647;
			files = (
				D4A420F12D4D607C00E4AC1E /* NACCWidgetBundle.swift in Sources */,
				D4A420D22D4D5DFE00E4AC1E /* NACCPersistentPrefs.swift in Sources */,
			);
			runOnlyForDeploymentPostprocessing = 0;
		};
		D4E43A492C937FDF00535CDD /* Sources */ = {
			isa = PBXSourcesBuildPhase;
			buildActionMask = 2147483647;
			files = (
				D4F46FDC2C94654F0071D359 /* NACCShowCleantimeIntentHandler.swift in Sources */,
				D4F46FE12C94669E0071D359 /* NACCIntents.intentdefinition in Sources */,
			);
			runOnlyForDeploymentPostprocessing = 0;
		};
		D4F9DA912D5BA6A300FFC2DC /* Sources */ = {
			isa = PBXSourcesBuildPhase;
			buildActionMask = 2147483647;
			files = (
				D462E4C22D5D0AB7001E2C0F /* NACCPersistentPrefs.swift in Sources */,
				D4F9DAA92D5BA6DE00FFC2DC /* NACCWatchComplication.swift in Sources */,
			);
			runOnlyForDeploymentPostprocessing = 0;
		};
/* End PBXSourcesBuildPhase section */

/* Begin PBXTargetDependency section */
		D48285752EDE47A100721EA0 /* PBXTargetDependency */ = {
			isa = PBXTargetDependency;
			target = D45A93B62D4C4DEA008B2528 /* Watch Target */;
			targetProxy = D48285742EDE47A100721EA0 /* PBXContainerItemProxy */;
		};
		D48285782EDE47B800721EA0 /* PBXTargetDependency */ = {
			isa = PBXTargetDependency;
			target = D45A93B62D4C4DEA008B2528 /* Watch Target */;
			targetProxy = D48285772EDE47B800721EA0 /* PBXContainerItemProxy */;
		};
		D482857B2EDE4A5900721EA0 /* PBXTargetDependency */ = {
			isa = PBXTargetDependency;
			target = D4A420AF2D4D5C7900E4AC1E /* Widget Target */;
			targetProxy = D482857A2EDE4A5900721EA0 /* PBXContainerItemProxy */;
		};
		D4F9DA9F2D5BA6A300FFC2DC /* PBXTargetDependency */ = {
			isa = PBXTargetDependency;
			target = D4F9DA942D5BA6A300FFC2DC /* Complications Target */;
			targetProxy = D4F9DA9E2D5BA6A300FFC2DC /* PBXContainerItemProxy */;
		};
/* End PBXTargetDependency section */

/* Begin PBXVariantGroup section */
		D48C496C2C9372C5007E87C3 /* AppShortcuts.strings */ = {
			isa = PBXVariantGroup;
			children = (
				D48C496D2C9372C5007E87C3 /* en */,
			);
			name = AppShortcuts.strings;
			sourceTree = "<group>";
		};
		D49C9A7A280783C6008E9917 /* InfoPlist.strings */ = {
			isa = PBXVariantGroup;
			children = (
				D49C9A7B280783C6008E9917 /* Base */,
			);
			name = InfoPlist.strings;
			sourceTree = "<group>";
		};
		D4C79A1927F9189800FBB7D3 /* NACC_LaunchScreen.storyboard */ = {
			isa = PBXVariantGroup;
			children = (
				D4C79A1A27F9189800FBB7D3 /* Base */,
			);
			name = NACC_LaunchScreen.storyboard;
			sourceTree = "<group>";
		};
		D4E2F96727FCCA3200457AD4 /* Localizable.strings */ = {
			isa = PBXVariantGroup;
			children = (
				D4E2F96827FCCA3200457AD4 /* Base */,
			);
			name = Localizable.strings;
			sourceTree = "<group>";
		};
		D4E9103A2D497FAD0036F641 /* LGV_UICleantime.xcassets */ = {
			isa = PBXVariantGroup;
			children = (
				D4E9103B2D497FAD0036F641 /* Base */,
			);
			name = LGV_UICleantime.xcassets;
			sourceTree = "<group>";
		};
		D4F46FE02C94669E0071D359 /* NACCIntents.intentdefinition */ = {
			isa = PBXVariantGroup;
			children = (
				D4F46FDF2C94669E0071D359 /* Base */,
			);
			name = NACCIntents.intentdefinition;
			sourceTree = "<group>";
		};
/* End PBXVariantGroup section */

/* Begin XCBuildConfiguration section */
		D43C668C2694AA88007D5883 /* Debug */ = {
			isa = XCBuildConfiguration;
			baseConfigurationReference = D43C66D82694AC33007D5883 /* Warnings.xcconfig */;
			buildSettings = {
				ALWAYS_SEARCH_USER_PATHS = NO;
				APP_BUILD = 3009;
				APP_SHORTCUTS_ENABLE_FLEXIBLE_MATCHING = NO;
				APP_VERSION = 5.3.0;
				ASSETCATALOG_COMPILER_GENERATE_SWIFT_ASSET_SYMBOL_EXTENSIONS = YES;
				CLANG_ANALYZER_NONNULL = YES;
				CLANG_ANALYZER_NUMBER_OBJECT_CONVERSION = YES_AGGRESSIVE;
				CLANG_CXX_LANGUAGE_STANDARD = "gnu++14";
				CLANG_CXX_LIBRARY = "libc++";
				CLANG_ENABLE_MODULES = YES;
				CLANG_ENABLE_OBJC_ARC = YES;
				CLANG_ENABLE_OBJC_WEAK = YES;
				CLANG_WARN_BLOCK_CAPTURE_AUTORELEASING = YES;
				CLANG_WARN_BOOL_CONVERSION = YES;
				CLANG_WARN_COMMA = YES;
				CLANG_WARN_CONSTANT_CONVERSION = YES;
				CLANG_WARN_DEPRECATED_OBJC_IMPLEMENTATIONS = YES;
				CLANG_WARN_DIRECT_OBJC_ISA_USAGE = YES_ERROR;
				CLANG_WARN_DOCUMENTATION_COMMENTS = YES;
				CLANG_WARN_EMPTY_BODY = YES;
				CLANG_WARN_ENUM_CONVERSION = YES;
				CLANG_WARN_INFINITE_RECURSION = YES;
				CLANG_WARN_INT_CONVERSION = YES;
				CLANG_WARN_NON_LITERAL_NULL_CONVERSION = YES;
				CLANG_WARN_OBJC_IMPLICIT_RETAIN_SELF = YES;
				CLANG_WARN_OBJC_LITERAL_CONVERSION = YES;
				CLANG_WARN_OBJC_ROOT_CLASS = YES_ERROR;
				CLANG_WARN_QUOTED_INCLUDE_IN_FRAMEWORK_HEADER = YES;
				CLANG_WARN_RANGE_LOOP_ANALYSIS = YES;
				CLANG_WARN_STRICT_PROTOTYPES = YES;
				CLANG_WARN_SUSPICIOUS_MOVE = YES;
				CLANG_WARN_UNGUARDED_AVAILABILITY = YES_AGGRESSIVE;
				CLANG_WARN_UNREACHABLE_CODE = YES;
				CLANG_WARN__DUPLICATE_METHOD_MATCH = YES;
				COPY_PHASE_STRIP = NO;
				CURRENT_PROJECT_VERSION = "$(APP_BUILD)";
				DEBUG_INFORMATION_FORMAT = dwarf;
				DEVELOPMENT_TEAM = P53V4JS928;
				ENABLE_STRICT_OBJC_MSGSEND = YES;
				ENABLE_TESTABILITY = YES;
				ENABLE_USER_SCRIPT_SANDBOXING = YES;
				GCC_C_LANGUAGE_STANDARD = gnu11;
				GCC_DYNAMIC_NO_PIC = NO;
				GCC_NO_COMMON_BLOCKS = YES;
				GCC_OPTIMIZATION_LEVEL = 0;
				GCC_PREPROCESSOR_DEFINITIONS = (
					"DEBUG=1",
					"$(inherited)",
				);
				GCC_WARN_64_TO_32_BIT_CONVERSION = YES;
				GCC_WARN_ABOUT_RETURN_TYPE = YES_ERROR;
				GCC_WARN_UNDECLARED_SELECTOR = YES;
				GCC_WARN_UNINITIALIZED_AUTOS = YES_AGGRESSIVE;
				GCC_WARN_UNUSED_FUNCTION = YES;
				GCC_WARN_UNUSED_VARIABLE = YES;
				IPHONEOS_DEPLOYMENT_TARGET = 16.0;
				MACOSX_DEPLOYMENT_TARGET = 10.15;
				MARKETING_VERSION = "$(APP_VERSION)";
				MTL_ENABLE_DEBUG_INFO = INCLUDE_SOURCE;
				MTL_FAST_MATH = YES;
				ONLY_ACTIVE_ARCH = YES;
				SDKROOT = iphoneos;
				STRING_CATALOG_GENERATE_SYMBOLS = YES;
				SUPPORTED_PLATFORMS = "iphonesimulator iphoneos";
				SWIFT_ACTIVE_COMPILATION_CONDITIONS = DEBUG;
				SWIFT_EMIT_LOC_STRINGS = YES;
				SWIFT_OPTIMIZATION_LEVEL = "-Onone";
				TARGETED_DEVICE_FAMILY = "1,2";
			};
			name = Debug;
		};
		D43C668D2694AA88007D5883 /* Release */ = {
			isa = XCBuildConfiguration;
			baseConfigurationReference = D43C66D82694AC33007D5883 /* Warnings.xcconfig */;
			buildSettings = {
				ALWAYS_SEARCH_USER_PATHS = NO;
				APP_BUILD = 3009;
				APP_SHORTCUTS_ENABLE_FLEXIBLE_MATCHING = NO;
				APP_VERSION = 5.3.0;
				ASSETCATALOG_COMPILER_GENERATE_SWIFT_ASSET_SYMBOL_EXTENSIONS = YES;
				CLANG_ANALYZER_NONNULL = YES;
				CLANG_ANALYZER_NUMBER_OBJECT_CONVERSION = YES_AGGRESSIVE;
				CLANG_CXX_LANGUAGE_STANDARD = "gnu++14";
				CLANG_CXX_LIBRARY = "libc++";
				CLANG_ENABLE_MODULES = YES;
				CLANG_ENABLE_OBJC_ARC = YES;
				CLANG_ENABLE_OBJC_WEAK = YES;
				CLANG_WARN_BLOCK_CAPTURE_AUTORELEASING = YES;
				CLANG_WARN_BOOL_CONVERSION = YES;
				CLANG_WARN_COMMA = YES;
				CLANG_WARN_CONSTANT_CONVERSION = YES;
				CLANG_WARN_DEPRECATED_OBJC_IMPLEMENTATIONS = YES;
				CLANG_WARN_DIRECT_OBJC_ISA_USAGE = YES_ERROR;
				CLANG_WARN_DOCUMENTATION_COMMENTS = YES;
				CLANG_WARN_EMPTY_BODY = YES;
				CLANG_WARN_ENUM_CONVERSION = YES;
				CLANG_WARN_INFINITE_RECURSION = YES;
				CLANG_WARN_INT_CONVERSION = YES;
				CLANG_WARN_NON_LITERAL_NULL_CONVERSION = YES;
				CLANG_WARN_OBJC_IMPLICIT_RETAIN_SELF = YES;
				CLANG_WARN_OBJC_LITERAL_CONVERSION = YES;
				CLANG_WARN_OBJC_ROOT_CLASS = YES_ERROR;
				CLANG_WARN_QUOTED_INCLUDE_IN_FRAMEWORK_HEADER = YES;
				CLANG_WARN_RANGE_LOOP_ANALYSIS = YES;
				CLANG_WARN_STRICT_PROTOTYPES = YES;
				CLANG_WARN_SUSPICIOUS_MOVE = YES;
				CLANG_WARN_UNGUARDED_AVAILABILITY = YES_AGGRESSIVE;
				CLANG_WARN_UNREACHABLE_CODE = YES;
				CLANG_WARN__DUPLICATE_METHOD_MATCH = YES;
				COPY_PHASE_STRIP = NO;
				CURRENT_PROJECT_VERSION = "$(APP_BUILD)";
				DEBUG_INFORMATION_FORMAT = "dwarf-with-dsym";
				DEVELOPMENT_TEAM = P53V4JS928;
				ENABLE_NS_ASSERTIONS = NO;
				ENABLE_STRICT_OBJC_MSGSEND = YES;
				ENABLE_USER_SCRIPT_SANDBOXING = YES;
				GCC_C_LANGUAGE_STANDARD = gnu11;
				GCC_NO_COMMON_BLOCKS = YES;
				GCC_WARN_64_TO_32_BIT_CONVERSION = YES;
				GCC_WARN_ABOUT_RETURN_TYPE = YES_ERROR;
				GCC_WARN_UNDECLARED_SELECTOR = YES;
				GCC_WARN_UNINITIALIZED_AUTOS = YES_AGGRESSIVE;
				GCC_WARN_UNUSED_FUNCTION = YES;
				GCC_WARN_UNUSED_VARIABLE = YES;
				IPHONEOS_DEPLOYMENT_TARGET = 16.0;
				MACOSX_DEPLOYMENT_TARGET = 10.15;
				MARKETING_VERSION = "$(APP_VERSION)";
				MTL_ENABLE_DEBUG_INFO = NO;
				MTL_FAST_MATH = YES;
				SDKROOT = iphoneos;
				STRING_CATALOG_GENERATE_SYMBOLS = YES;
				SUPPORTED_PLATFORMS = "iphonesimulator iphoneos";
				SWIFT_COMPILATION_MODE = wholemodule;
				SWIFT_EMIT_LOC_STRINGS = YES;
				SWIFT_OPTIMIZATION_LEVEL = "-O";
				TARGETED_DEVICE_FAMILY = "1,2";
				VALIDATE_PRODUCT = YES;
			};
			name = Release;
		};
		D45A93C62D4C4DEB008B2528 /* Debug */ = {
			isa = XCBuildConfiguration;
			buildSettings = {
				ASSETCATALOG_COMPILER_APPICON_NAME = AppIcon;
				ASSETCATALOG_COMPILER_GLOBAL_ACCENT_COLOR_NAME = AccentColor;
				ASSETCATALOG_COMPILER_INCLUDE_ALL_APPICON_ASSETS = YES;
				CLANG_CXX_LANGUAGE_STANDARD = "gnu++20";
				CODE_SIGN_ENTITLEMENTS = Sources/NACCWatch/NACCWatch.entitlements;
				CODE_SIGN_IDENTITY = "Apple Development";
				CODE_SIGN_STYLE = Automatic;
				CURRENT_PROJECT_VERSION = 0005;
				DEVELOPMENT_ASSET_PATHS = "";
				DRIVERKIT_DEPLOYMENT_TARGET = "";
				ENABLE_PREVIEWS = YES;
				ENABLE_USER_SCRIPT_SANDBOXING = NO;
				GCC_C_LANGUAGE_STANDARD = gnu17;
				GENERATE_INFOPLIST_FILE = YES;
				INFOPLIST_FILE = Sources/NACCWatch/Info.plist;
				INFOPLIST_KEY_CFBundleDisplayName = NACC;
				INFOPLIST_KEY_CLKComplicationPrincipalClass = NACCWatch.NACCWatchComplicationController;
				INFOPLIST_KEY_ITSAppUsesNonExemptEncryption = NO;
				INFOPLIST_KEY_LSApplicationCategoryType = "public.app-category.lifestyle";
				INFOPLIST_KEY_UISupportedInterfaceOrientations = "UIInterfaceOrientationPortrait UIInterfaceOrientationPortraitUpsideDown";
				INFOPLIST_KEY_WKCompanionAppBundleIdentifier = org.magshare.NACC;
				INFOPLIST_KEY_WKRunsIndependentlyOfCompanionApp = YES;
				IPHONEOS_DEPLOYMENT_TARGET = 17.0;
				LD_RUNPATH_SEARCH_PATHS = (
					"$(inherited)",
					"@executable_path/Frameworks",
				);
				LOCALIZATION_PREFERS_STRING_CATALOGS = NO;
				LOCALIZED_STRING_SWIFTUI_SUPPORT = NO;
				MACOSX_DEPLOYMENT_TARGET = 11.0;
				MARKETING_VERSION = 7.0.0;
				PRODUCT_BUNDLE_IDENTIFIER = org.magshare.NACC.watchkitapp;
				PRODUCT_NAME = "$(TARGET_NAME)";
				SDKROOT = watchos;
				SKIP_INSTALL = YES;
				SUPPORTED_PLATFORMS = "watchsimulator watchos";
				SWIFT_ACTIVE_COMPILATION_CONDITIONS = "DEBUG $(inherited)";
				SWIFT_EMIT_LOC_STRINGS = YES;
				SWIFT_VERSION = 5.0;
				TARGETED_DEVICE_FAMILY = "4,1";
				TVOS_DEPLOYMENT_TARGET = "";
				WATCHOS_DEPLOYMENT_TARGET = 10.0;
				XROS_DEPLOYMENT_TARGET = "";
			};
			name = Debug;
		};
		D45A93C72D4C4DEB008B2528 /* Release */ = {
			isa = XCBuildConfiguration;
			buildSettings = {
				ASSETCATALOG_COMPILER_APPICON_NAME = AppIcon;
				ASSETCATALOG_COMPILER_GLOBAL_ACCENT_COLOR_NAME = AccentColor;
				ASSETCATALOG_COMPILER_INCLUDE_ALL_APPICON_ASSETS = YES;
				CLANG_CXX_LANGUAGE_STANDARD = "gnu++20";
				CODE_SIGN_ENTITLEMENTS = Sources/NACCWatch/NACCWatch.entitlements;
				CODE_SIGN_IDENTITY = "Apple Development";
				CODE_SIGN_STYLE = Automatic;
				CURRENT_PROJECT_VERSION = 0005;
				DEVELOPMENT_ASSET_PATHS = "";
				DRIVERKIT_DEPLOYMENT_TARGET = "";
				ENABLE_PREVIEWS = YES;
				ENABLE_USER_SCRIPT_SANDBOXING = NO;
				GCC_C_LANGUAGE_STANDARD = gnu17;
				GENERATE_INFOPLIST_FILE = YES;
				INFOPLIST_FILE = Sources/NACCWatch/Info.plist;
				INFOPLIST_KEY_CFBundleDisplayName = NACC;
				INFOPLIST_KEY_CLKComplicationPrincipalClass = NACCWatch.NACCWatchComplicationController;
				INFOPLIST_KEY_ITSAppUsesNonExemptEncryption = NO;
				INFOPLIST_KEY_LSApplicationCategoryType = "public.app-category.lifestyle";
				INFOPLIST_KEY_UISupportedInterfaceOrientations = "UIInterfaceOrientationPortrait UIInterfaceOrientationPortraitUpsideDown";
				INFOPLIST_KEY_WKCompanionAppBundleIdentifier = org.magshare.NACC;
				INFOPLIST_KEY_WKRunsIndependentlyOfCompanionApp = YES;
				IPHONEOS_DEPLOYMENT_TARGET = 17.0;
				LD_RUNPATH_SEARCH_PATHS = (
					"$(inherited)",
					"@executable_path/Frameworks",
				);
				LOCALIZATION_PREFERS_STRING_CATALOGS = NO;
				LOCALIZED_STRING_SWIFTUI_SUPPORT = NO;
				MACOSX_DEPLOYMENT_TARGET = 11.0;
				MARKETING_VERSION = 7.0.0;
				PRODUCT_BUNDLE_IDENTIFIER = org.magshare.NACC.watchkitapp;
				PRODUCT_NAME = "$(TARGET_NAME)";
				SDKROOT = watchos;
				SKIP_INSTALL = YES;
				SUPPORTED_PLATFORMS = "watchsimulator watchos";
				SWIFT_EMIT_LOC_STRINGS = YES;
				SWIFT_VERSION = 5.0;
				TARGETED_DEVICE_FAMILY = "4,1";
				TVOS_DEPLOYMENT_TARGET = "";
				WATCHOS_DEPLOYMENT_TARGET = 10.0;
				XROS_DEPLOYMENT_TARGET = "";
			};
			name = Release;
		};
		D4A0C1582ED78C3900F77D56 /* Debug */ = {
			isa = XCBuildConfiguration;
			buildSettings = {
				ALLOW_TARGET_PLATFORM_SPECIALIZATION = YES;
				ASSETCATALOG_COMPILER_APPICON_NAME = AppIcon;
				ASSETCATALOG_COMPILER_GLOBAL_ACCENT_COLOR_NAME = AccentColor;
				CLANG_CXX_LANGUAGE_STANDARD = "gnu++20";
				CODE_SIGN_ENTITLEMENTS = "Project-Meta/SwiftUITarget.entitlements";
				CODE_SIGN_STYLE = Automatic;
				CURRENT_PROJECT_VERSION = 0005;
				DEVELOPMENT_TEAM = P53V4JS928;
				ENABLE_PREVIEWS = YES;
				ENABLE_USER_SCRIPT_SANDBOXING = NO;
				GCC_C_LANGUAGE_STANDARD = gnu17;
				GENERATE_INFOPLIST_FILE = YES;
				INFOPLIST_FILE = Sources/NACCApp/Info.plist;
				INFOPLIST_KEY_CFBundleDisplayName = NACC;
				INFOPLIST_KEY_ITSAppUsesNonExemptEncryption = NO;
				INFOPLIST_KEY_LSApplicationCategoryType = "public.app-category.lifestyle";
				INFOPLIST_KEY_NSCalendarsUsageDescription = ERROR;
				INFOPLIST_KEY_NSCalendarsWriteOnlyAccessUsageDescription = ERROR;
				INFOPLIST_KEY_NSContactsUsageDescription = ERROR;
				INFOPLIST_KEY_NSPhotoLibraryAddUsageDescription = ERROR;
				INFOPLIST_KEY_UIApplicationSceneManifest_Generation = YES;
				INFOPLIST_KEY_UIApplicationSupportsIndirectInputEvents = YES;
				INFOPLIST_KEY_UILaunchScreen_Generation = YES;
				INFOPLIST_KEY_UILaunchStoryboardName = NACC_LaunchScreen;
				INFOPLIST_KEY_UISupportedInterfaceOrientations = "UIInterfaceOrientationLandscapeLeft UIInterfaceOrientationLandscapeRight UIInterfaceOrientationPortrait UIInterfaceOrientationPortraitUpsideDown";
				IPHONEOS_DEPLOYMENT_TARGET = 17.0;
				LD_RUNPATH_SEARCH_PATHS = (
					"$(inherited)",
					"@executable_path/Frameworks",
				);
				LOCALIZATION_PREFERS_STRING_CATALOGS = YES;
				MACOSX_DEPLOYMENT_TARGET = 11;
				MARKETING_VERSION = 7.0.0;
				PRODUCT_BUNDLE_IDENTIFIER = org.magshare.NACC;
				PRODUCT_NAME = "$(TARGET_NAME)";
				STRING_CATALOG_GENERATE_SYMBOLS = YES;
				SUPPORTED_PLATFORMS = "iphoneos iphonesimulator";
				SUPPORTS_MACCATALYST = NO;
				SWIFT_ACTIVE_COMPILATION_CONDITIONS = "DEBUG $(inherited)";
				SWIFT_APPROACHABLE_CONCURRENCY = YES;
				SWIFT_DEFAULT_ACTOR_ISOLATION = MainActor;
				SWIFT_EMIT_LOC_STRINGS = YES;
				SWIFT_UPCOMING_FEATURE_MEMBER_IMPORT_VISIBILITY = YES;
				SWIFT_VERSION = 5.0;
				TARGETED_DEVICE_FAMILY = "1,2";
				TVOS_DEPLOYMENT_TARGET = 17.0;
				WATCHOS_DEPLOYMENT_TARGET = 10;
			};
			name = Debug;
		};
		D4A0C1592ED78C3900F77D56 /* Release */ = {
			isa = XCBuildConfiguration;
			buildSettings = {
				ALLOW_TARGET_PLATFORM_SPECIALIZATION = YES;
				ASSETCATALOG_COMPILER_APPICON_NAME = AppIcon;
				ASSETCATALOG_COMPILER_GLOBAL_ACCENT_COLOR_NAME = AccentColor;
				CLANG_CXX_LANGUAGE_STANDARD = "gnu++20";
				CODE_SIGN_ENTITLEMENTS = "Project-Meta/SwiftUITarget.entitlements";
				CODE_SIGN_STYLE = Automatic;
				CURRENT_PROJECT_VERSION = 0005;
				DEVELOPMENT_TEAM = P53V4JS928;
				ENABLE_PREVIEWS = YES;
				ENABLE_USER_SCRIPT_SANDBOXING = NO;
				GCC_C_LANGUAGE_STANDARD = gnu17;
				GENERATE_INFOPLIST_FILE = YES;
				INFOPLIST_FILE = Sources/NACCApp/Info.plist;
				INFOPLIST_KEY_CFBundleDisplayName = NACC;
				INFOPLIST_KEY_ITSAppUsesNonExemptEncryption = NO;
				INFOPLIST_KEY_LSApplicationCategoryType = "public.app-category.lifestyle";
				INFOPLIST_KEY_NSCalendarsUsageDescription = ERROR;
				INFOPLIST_KEY_NSCalendarsWriteOnlyAccessUsageDescription = ERROR;
				INFOPLIST_KEY_NSContactsUsageDescription = ERROR;
				INFOPLIST_KEY_NSPhotoLibraryAddUsageDescription = ERROR;
				INFOPLIST_KEY_UIApplicationSceneManifest_Generation = YES;
				INFOPLIST_KEY_UIApplicationSupportsIndirectInputEvents = YES;
				INFOPLIST_KEY_UILaunchScreen_Generation = YES;
				INFOPLIST_KEY_UILaunchStoryboardName = NACC_LaunchScreen;
				INFOPLIST_KEY_UISupportedInterfaceOrientations = "UIInterfaceOrientationLandscapeLeft UIInterfaceOrientationLandscapeRight UIInterfaceOrientationPortrait UIInterfaceOrientationPortraitUpsideDown";
				IPHONEOS_DEPLOYMENT_TARGET = 17.0;
				LD_RUNPATH_SEARCH_PATHS = (
					"$(inherited)",
					"@executable_path/Frameworks",
				);
				LOCALIZATION_PREFERS_STRING_CATALOGS = YES;
				MACOSX_DEPLOYMENT_TARGET = 11;
				MARKETING_VERSION = 7.0.0;
				PRODUCT_BUNDLE_IDENTIFIER = org.magshare.NACC;
				PRODUCT_NAME = "$(TARGET_NAME)";
				STRING_CATALOG_GENERATE_SYMBOLS = YES;
				SUPPORTED_PLATFORMS = "iphoneos iphonesimulator";
				SUPPORTS_MACCATALYST = NO;
				SWIFT_APPROACHABLE_CONCURRENCY = YES;
				SWIFT_DEFAULT_ACTOR_ISOLATION = MainActor;
				SWIFT_EMIT_LOC_STRINGS = YES;
				SWIFT_UPCOMING_FEATURE_MEMBER_IMPORT_VISIBILITY = YES;
				SWIFT_VERSION = 5.0;
				TARGETED_DEVICE_FAMILY = "1,2";
				TVOS_DEPLOYMENT_TARGET = 17.0;
				WATCHOS_DEPLOYMENT_TARGET = 10;
			};
			name = Release;
		};
		D4A420C22D4D5C7A00E4AC1E /* Debug */ = {
			isa = XCBuildConfiguration;
			buildSettings = {
				ASSETCATALOG_COMPILER_GLOBAL_ACCENT_COLOR_NAME = AccentColor;
				ASSETCATALOG_COMPILER_WIDGET_BACKGROUND_COLOR_NAME = WidgetBackground;
				CLANG_CXX_LANGUAGE_STANDARD = "gnu++20";
				CODE_SIGN_ENTITLEMENTS = Sources/NACCWidget/NACCWidgetExtension.entitlements;
				CODE_SIGN_IDENTITY = "Apple Development";
				CODE_SIGN_STYLE = Automatic;
				CURRENT_PROJECT_VERSION = 0005;
				ENABLE_APP_SANDBOX = YES;
				ENABLE_OUTGOING_NETWORK_CONNECTIONS = YES;
				ENABLE_USER_SCRIPT_SANDBOXING = NO;
				GCC_C_LANGUAGE_STANDARD = gnu17;
				GENERATE_INFOPLIST_FILE = YES;
				INFOPLIST_FILE = Sources/NACCWidget/Info.plist;
				INFOPLIST_KEY_CFBundleDisplayName = NACCWidget;
				INFOPLIST_KEY_LSApplicationCategoryType = "public.app-category.lifestyle";
				INFOPLIST_KEY_NSHumanReadableCopyright = "";
				IPHONEOS_DEPLOYMENT_TARGET = 17.0;
				LD_RUNPATH_SEARCH_PATHS = (
					"$(inherited)",
					"@executable_path/Frameworks",
					"@executable_path/../../Frameworks",
				);
				LOCALIZATION_PREFERS_STRING_CATALOGS = YES;
				MACOSX_DEPLOYMENT_TARGET = 11.0;
				MARKETING_VERSION = 7.0.0;
				PRODUCT_BUNDLE_IDENTIFIER = org.magshare.NACC.NACCWidget;
				PRODUCT_NAME = "$(TARGET_NAME)";
				SKIP_INSTALL = YES;
				SUPPORTED_PLATFORMS = "iphoneos iphonesimulator";
				SUPPORTS_MACCATALYST = NO;
				SUPPORTS_XR_DESIGNED_FOR_IPHONE_IPAD = NO;
				SWIFT_ACTIVE_COMPILATION_CONDITIONS = "DEBUG $(inherited)";
				SWIFT_EMIT_LOC_STRINGS = YES;
				SWIFT_VERSION = 5.0;
				TARGETED_DEVICE_FAMILY = "1,2";
			};
			name = Debug;
		};
		D4A420C32D4D5C7A00E4AC1E /* Release */ = {
			isa = XCBuildConfiguration;
			buildSettings = {
				ASSETCATALOG_COMPILER_GLOBAL_ACCENT_COLOR_NAME = AccentColor;
				ASSETCATALOG_COMPILER_WIDGET_BACKGROUND_COLOR_NAME = WidgetBackground;
				CLANG_CXX_LANGUAGE_STANDARD = "gnu++20";
				CODE_SIGN_ENTITLEMENTS = Sources/NACCWidget/NACCWidgetExtension.entitlements;
				CODE_SIGN_IDENTITY = "Apple Development";
				CODE_SIGN_STYLE = Automatic;
				CURRENT_PROJECT_VERSION = 0005;
				ENABLE_APP_SANDBOX = YES;
				ENABLE_OUTGOING_NETWORK_CONNECTIONS = YES;
				ENABLE_USER_SCRIPT_SANDBOXING = NO;
				GCC_C_LANGUAGE_STANDARD = gnu17;
				GENERATE_INFOPLIST_FILE = YES;
				INFOPLIST_FILE = Sources/NACCWidget/Info.plist;
				INFOPLIST_KEY_CFBundleDisplayName = NACCWidget;
				INFOPLIST_KEY_LSApplicationCategoryType = "public.app-category.lifestyle";
				INFOPLIST_KEY_NSHumanReadableCopyright = "";
				IPHONEOS_DEPLOYMENT_TARGET = 17.0;
				LD_RUNPATH_SEARCH_PATHS = (
					"$(inherited)",
					"@executable_path/Frameworks",
					"@executable_path/../../Frameworks",
				);
				LOCALIZATION_PREFERS_STRING_CATALOGS = YES;
				MACOSX_DEPLOYMENT_TARGET = 11.0;
				MARKETING_VERSION = 7.0.0;
				PRODUCT_BUNDLE_IDENTIFIER = org.magshare.NACC.NACCWidget;
				PRODUCT_NAME = "$(TARGET_NAME)";
				SKIP_INSTALL = YES;
				SUPPORTED_PLATFORMS = "iphoneos iphonesimulator";
				SUPPORTS_MACCATALYST = NO;
				SUPPORTS_XR_DESIGNED_FOR_IPHONE_IPAD = NO;
				SWIFT_EMIT_LOC_STRINGS = YES;
				SWIFT_VERSION = 5.0;
				TARGETED_DEVICE_FAMILY = "1,2";
			};
			name = Release;
		};
		D4E43A6B2C937FDF00535CDD /* Debug */ = {
			isa = XCBuildConfiguration;
			buildSettings = {
				CLANG_CXX_LANGUAGE_STANDARD = "gnu++20";
				CLANG_ENABLE_MODULES = YES;
				CODE_SIGN_ENTITLEMENTS = Sources/NACCIntents/NACCIntents.entitlements;
				CODE_SIGN_IDENTITY = "Apple Development";
				CODE_SIGN_STYLE = Automatic;
				CURRENT_PROJECT_VERSION = 0005;
				ENABLE_APP_SANDBOX = YES;
				ENABLE_OUTGOING_NETWORK_CONNECTIONS = YES;
				ENABLE_USER_SCRIPT_SANDBOXING = NO;
				GCC_C_LANGUAGE_STANDARD = gnu17;
				GENERATE_INFOPLIST_FILE = YES;
				INFOPLIST_FILE = Sources/NACCIntents/Info.plist;
				INFOPLIST_KEY_CFBundleDisplayName = NACCIntents;
				INFOPLIST_KEY_LSApplicationCategoryType = "public.app-category.lifestyle";
				INFOPLIST_KEY_NSHumanReadableCopyright = "";
				IPHONEOS_DEPLOYMENT_TARGET = 17.0;
				LD_RUNPATH_SEARCH_PATHS = (
					"$(inherited)",
					"@executable_path/Frameworks",
					"@executable_path/../../Frameworks",
				);
				LOCALIZATION_PREFERS_STRING_CATALOGS = YES;
				MACOSX_DEPLOYMENT_TARGET = 11.0;
				MARKETING_VERSION = 7.0.0;
				PRODUCT_BUNDLE_IDENTIFIER = org.magshare.NACC.NACCIntents;
				PRODUCT_NAME = "$(TARGET_NAME)";
				SKIP_INSTALL = YES;
				SUPPORTED_PLATFORMS = "iphoneos iphonesimulator";
				SUPPORTS_MACCATALYST = NO;
				SUPPORTS_MAC_DESIGNED_FOR_IPHONE_IPAD = YES;
				SUPPORTS_XR_DESIGNED_FOR_IPHONE_IPAD = NO;
				SWIFT_ACTIVE_COMPILATION_CONDITIONS = "iOS_EXTENSION $(inherited)";
				SWIFT_EMIT_LOC_STRINGS = YES;
				SWIFT_OPTIMIZATION_LEVEL = "-Onone";
				SWIFT_VERSION = 5.0;
				TARGETED_DEVICE_FAMILY = "1,2";
			};
			name = Debug;
		};
		D4E43A6C2C937FDF00535CDD /* Release */ = {
			isa = XCBuildConfiguration;
			buildSettings = {
				CLANG_CXX_LANGUAGE_STANDARD = "gnu++20";
				CLANG_ENABLE_MODULES = YES;
				CODE_SIGN_ENTITLEMENTS = Sources/NACCIntents/NACCIntents.entitlements;
				CODE_SIGN_IDENTITY = "Apple Development";
				CODE_SIGN_STYLE = Automatic;
				CURRENT_PROJECT_VERSION = 0005;
				ENABLE_APP_SANDBOX = YES;
				ENABLE_OUTGOING_NETWORK_CONNECTIONS = YES;
				ENABLE_USER_SCRIPT_SANDBOXING = NO;
				GCC_C_LANGUAGE_STANDARD = gnu17;
				GENERATE_INFOPLIST_FILE = YES;
				INFOPLIST_FILE = Sources/NACCIntents/Info.plist;
				INFOPLIST_KEY_CFBundleDisplayName = NACCIntents;
				INFOPLIST_KEY_LSApplicationCategoryType = "public.app-category.lifestyle";
				INFOPLIST_KEY_NSHumanReadableCopyright = "";
				IPHONEOS_DEPLOYMENT_TARGET = 17.0;
				LD_RUNPATH_SEARCH_PATHS = (
					"$(inherited)",
					"@executable_path/Frameworks",
					"@executable_path/../../Frameworks",
				);
				LOCALIZATION_PREFERS_STRING_CATALOGS = YES;
				MACOSX_DEPLOYMENT_TARGET = 11.0;
				MARKETING_VERSION = 7.0.0;
				PRODUCT_BUNDLE_IDENTIFIER = org.magshare.NACC.NACCIntents;
				PRODUCT_NAME = "$(TARGET_NAME)";
				SKIP_INSTALL = YES;
				SUPPORTED_PLATFORMS = "iphoneos iphonesimulator";
				SUPPORTS_MACCATALYST = NO;
				SUPPORTS_MAC_DESIGNED_FOR_IPHONE_IPAD = YES;
				SUPPORTS_XR_DESIGNED_FOR_IPHONE_IPAD = NO;
				SWIFT_ACTIVE_COMPILATION_CONDITIONS = iOS_EXTENSION;
				SWIFT_EMIT_LOC_STRINGS = YES;
				SWIFT_VERSION = 5.0;
				TARGETED_DEVICE_FAMILY = "1,2";
			};
			name = Release;
		};
		D4F9DAA32D5BA6A300FFC2DC /* Debug */ = {
			isa = XCBuildConfiguration;
			buildSettings = {
				ASSETCATALOG_COMPILER_GLOBAL_ACCENT_COLOR_NAME = AccentColor;
				ASSETCATALOG_COMPILER_WIDGET_BACKGROUND_COLOR_NAME = WidgetBackground;
				CLANG_CXX_LANGUAGE_STANDARD = "gnu++20";
				CODE_SIGN_ENTITLEMENTS = Sources/NACCWatchComplication/NACCWatchComplicationExtension.entitlements;
				CODE_SIGN_IDENTITY = "Apple Development";
				CODE_SIGN_STYLE = Automatic;
				CURRENT_PROJECT_VERSION = 0005;
				ENABLE_USER_SCRIPT_SANDBOXING = NO;
				GCC_C_LANGUAGE_STANDARD = gnu17;
				GENERATE_INFOPLIST_FILE = YES;
				INFOPLIST_FILE = Sources/NACCWatchComplication/Info.plist;
				INFOPLIST_KEY_CFBundleDisplayName = NACCWatchComplication;
				INFOPLIST_KEY_LSApplicationCategoryType = "public.app-category.lifestyle";
				INFOPLIST_KEY_NSHumanReadableCopyright = "";
				LD_RUNPATH_SEARCH_PATHS = (
					"$(inherited)",
					"@executable_path/Frameworks",
					"@executable_path/../../Frameworks",
					"@executable_path/../../../../Frameworks",
				);
				LOCALIZATION_PREFERS_STRING_CATALOGS = YES;
				MACOSX_DEPLOYMENT_TARGET = 11.0;
				MARKETING_VERSION = 7.0.0;
				PRODUCT_BUNDLE_IDENTIFIER = org.magshare.NACC.watchkitapp.NACCWatchComplication;
				PRODUCT_NAME = "$(TARGET_NAME)";
				SDKROOT = watchos;
				SKIP_INSTALL = YES;
				SUPPORTED_PLATFORMS = "watchsimulator watchos";
				SWIFT_ACTIVE_COMPILATION_CONDITIONS = "DEBUG $(inherited)";
				SWIFT_EMIT_LOC_STRINGS = YES;
				SWIFT_VERSION = 5.0;
				TARGETED_DEVICE_FAMILY = 4;
				WATCHOS_DEPLOYMENT_TARGET = 10;
			};
			name = Debug;
		};
		D4F9DAA42D5BA6A300FFC2DC /* Release */ = {
			isa = XCBuildConfiguration;
			buildSettings = {
				ASSETCATALOG_COMPILER_GLOBAL_ACCENT_COLOR_NAME = AccentColor;
				ASSETCATALOG_COMPILER_WIDGET_BACKGROUND_COLOR_NAME = WidgetBackground;
				CLANG_CXX_LANGUAGE_STANDARD = "gnu++20";
				CODE_SIGN_ENTITLEMENTS = Sources/NACCWatchComplication/NACCWatchComplicationExtension.entitlements;
				CODE_SIGN_IDENTITY = "Apple Development";
				CODE_SIGN_STYLE = Automatic;
				CURRENT_PROJECT_VERSION = 0005;
				ENABLE_USER_SCRIPT_SANDBOXING = NO;
				GCC_C_LANGUAGE_STANDARD = gnu17;
				GENERATE_INFOPLIST_FILE = YES;
				INFOPLIST_FILE = Sources/NACCWatchComplication/Info.plist;
				INFOPLIST_KEY_CFBundleDisplayName = NACCWatchComplication;
				INFOPLIST_KEY_LSApplicationCategoryType = "public.app-category.lifestyle";
				INFOPLIST_KEY_NSHumanReadableCopyright = "";
				LD_RUNPATH_SEARCH_PATHS = (
					"$(inherited)",
					"@executable_path/Frameworks",
					"@executable_path/../../Frameworks",
					"@executable_path/../../../../Frameworks",
				);
				LOCALIZATION_PREFERS_STRING_CATALOGS = YES;
				MACOSX_DEPLOYMENT_TARGET = 11.0;
				MARKETING_VERSION = 7.0.0;
				PRODUCT_BUNDLE_IDENTIFIER = org.magshare.NACC.watchkitapp.NACCWatchComplication;
				PRODUCT_NAME = "$(TARGET_NAME)";
				SDKROOT = watchos;
				SKIP_INSTALL = YES;
				SUPPORTED_PLATFORMS = "watchsimulator watchos";
				SWIFT_EMIT_LOC_STRINGS = YES;
				SWIFT_VERSION = 5.0;
				TARGETED_DEVICE_FAMILY = 4;
				WATCHOS_DEPLOYMENT_TARGET = 10;
			};
			name = Release;
		};
/* End XCBuildConfiguration section */

/* Begin XCConfigurationList section */
		D43C66822694AA88007D5883 /* Build configuration list for PBXProject "NACC" */ = {
			isa = XCConfigurationList;
			buildConfigurations = (
				D43C668C2694AA88007D5883 /* Debug */,
				D43C668D2694AA88007D5883 /* Release */,
			);
			defaultConfigurationIsVisible = 0;
			defaultConfigurationName = Release;
		};
		D45A93C52D4C4DEB008B2528 /* Build configuration list for PBXNativeTarget "Watch Target" */ = {
			isa = XCConfigurationList;
			buildConfigurations = (
				D45A93C62D4C4DEB008B2528 /* Debug */,
				D45A93C72D4C4DEB008B2528 /* Release */,
			);
			defaultConfigurationIsVisible = 0;
			defaultConfigurationName = Release;
		};
		D4A0C15A2ED78C3900F77D56 /* Build configuration list for PBXNativeTarget "Main App Target" */ = {
			isa = XCConfigurationList;
			buildConfigurations = (
				D4A0C1582ED78C3900F77D56 /* Debug */,
				D4A0C1592ED78C3900F77D56 /* Release */,
			);
			defaultConfigurationIsVisible = 0;
			defaultConfigurationName = Release;
		};
		D4A420C12D4D5C7A00E4AC1E /* Build configuration list for PBXNativeTarget "Widget Target" */ = {
			isa = XCConfigurationList;
			buildConfigurations = (
				D4A420C22D4D5C7A00E4AC1E /* Debug */,
				D4A420C32D4D5C7A00E4AC1E /* Release */,
			);
			defaultConfigurationIsVisible = 0;
			defaultConfigurationName = Release;
		};
		D4E43A702C937FDF00535CDD /* Build configuration list for PBXNativeTarget "Intents Target" */ = {
			isa = XCConfigurationList;
			buildConfigurations = (
				D4E43A6B2C937FDF00535CDD /* Debug */,
				D4E43A6C2C937FDF00535CDD /* Release */,
			);
			defaultConfigurationIsVisible = 0;
			defaultConfigurationName = Release;
		};
		D4F9DAA22D5BA6A300FFC2DC /* Build configuration list for PBXNativeTarget "Complications Target" */ = {
			isa = XCConfigurationList;
			buildConfigurations = (
				D4F9DAA32D5BA6A300FFC2DC /* Debug */,
				D4F9DAA42D5BA6A300FFC2DC /* Release */,
			);
			defaultConfigurationIsVisible = 0;
			defaultConfigurationName = Release;
		};
/* End XCConfigurationList section */

/* Begin XCRemoteSwiftPackageReference section */
		D45240DF2D620C34000BD663 /* XCRemoteSwiftPackageReference "LGV_Cleantime" */ = {
			isa = XCRemoteSwiftPackageReference;
			repositoryURL = "https://github.com/LittleGreenViper/LGV_Cleantime";
			requirement = {
				kind = upToNextMajorVersion;
				minimumVersion = 1.4.5;
			};
		};
		D462E4AB2D5D07E6001E2C0F /* XCRemoteSwiftPackageReference "RVS_UIKit_Toolbox" */ = {
			isa = XCRemoteSwiftPackageReference;
			repositoryURL = "https://github.com/RiftValleySoftware/RVS_UIKit_Toolbox";
			requirement = {
				kind = upToNextMajorVersion;
				minimumVersion = 1.7.1;
			};
		};
		D462E4AC2D5D07ED001E2C0F /* XCRemoteSwiftPackageReference "RVS_GeneralObserver" */ = {
			isa = XCRemoteSwiftPackageReference;
			repositoryURL = "https://github.com/RiftValleySoftware/RVS_GeneralObserver";
			requirement = {
				kind = upToNextMajorVersion;
				minimumVersion = 1.1.3;
			};
		};
		D462E4AE2D5D0806001E2C0F /* XCRemoteSwiftPackageReference "RVS_PersistentPrefs" */ = {
			isa = XCRemoteSwiftPackageReference;
			repositoryURL = "https://github.com/RiftValleySoftware/RVS_PersistentPrefs";
			requirement = {
				kind = upToNextMajorVersion;
				minimumVersion = 1.5.0;
			};
		};
		D4B2C2792E8FFEA1009DD45D /* XCRemoteSwiftPackageReference "LGV_UICleantime" */ = {
			isa = XCRemoteSwiftPackageReference;
			repositoryURL = "https://github.com/LittleGreenViper/LGV_UICleantime";
			requirement = {
				kind = upToNextMajorVersion;
				minimumVersion = 2.5.0;
			};
		};
		D4B2C27C2E8FFEDB009DD45D /* XCRemoteSwiftPackageReference "RVS_Generic_Swift_Toolbox" */ = {
			isa = XCRemoteSwiftPackageReference;
			repositoryURL = "https://github.com/RiftValleySoftware/RVS_Generic_Swift_Toolbox";
			requirement = {
				kind = upToNextMajorVersion;
				minimumVersion = 1.16.1;
			};
		};
/* End XCRemoteSwiftPackageReference section */

/* Begin XCSwiftPackageProductDependency section */
		D40F87CF2EDA4A8400E4B09B /* RVS_Persistent_Prefs */ = {
			isa = XCSwiftPackageProductDependency;
			package = D462E4AE2D5D0806001E2C0F /* XCRemoteSwiftPackageReference "RVS_PersistentPrefs" */;
			productName = RVS_Persistent_Prefs;
		};
		D40F87D12EDA4A8400E4B09B /* LGV_Cleantime */ = {
			isa = XCSwiftPackageProductDependency;
			package = D45240DF2D620C34000BD663 /* XCRemoteSwiftPackageReference "LGV_Cleantime" */;
			productName = LGV_Cleantime;
		};
		D40F87D32EDA4A8400E4B09B /* LGV_UICleantime */ = {
			isa = XCSwiftPackageProductDependency;
			package = D4B2C2792E8FFEA1009DD45D /* XCRemoteSwiftPackageReference "LGV_UICleantime" */;
			productName = LGV_UICleantime;
		};
		D40F87D52EDA4A8400E4B09B /* RVS_Generic_Swift_Toolbox */ = {
			isa = XCSwiftPackageProductDependency;
			package = D4B2C27C2E8FFEDB009DD45D /* XCRemoteSwiftPackageReference "RVS_Generic_Swift_Toolbox" */;
			productName = RVS_Generic_Swift_Toolbox;
		};
		D43EF2202EE3059700709D39 /* RVS_UIKit_Toolbox */ = {
			isa = XCSwiftPackageProductDependency;
			package = D462E4AB2D5D07E6001E2C0F /* XCRemoteSwiftPackageReference "RVS_UIKit_Toolbox" */;
			productName = RVS_UIKit_Toolbox;
		};
		D446903F2D61358C0079B36A /* RVS_UIKit_Toolbox */ = {
			isa = XCSwiftPackageProductDependency;
			package = D462E4AB2D5D07E6001E2C0F /* XCRemoteSwiftPackageReference "RVS_UIKit_Toolbox" */;
			productName = RVS_UIKit_Toolbox;
		};
		D44690432D6135E50079B36A /* RVS_UIKit_Toolbox */ = {
			isa = XCSwiftPackageProductDependency;
			package = D462E4AB2D5D07E6001E2C0F /* XCRemoteSwiftPackageReference "RVS_UIKit_Toolbox" */;
			productName = RVS_UIKit_Toolbox;
		};
		D44690452D6135EF0079B36A /* RVS_UIKit_Toolbox */ = {
			isa = XCSwiftPackageProductDependency;
			package = D462E4AB2D5D07E6001E2C0F /* XCRemoteSwiftPackageReference "RVS_UIKit_Toolbox" */;
			productName = RVS_UIKit_Toolbox;
		};
		D45240E22D620C3E000BD663 /* LGV_Cleantime */ = {
			isa = XCSwiftPackageProductDependency;
			package = D45240DF2D620C34000BD663 /* XCRemoteSwiftPackageReference "LGV_Cleantime" */;
			productName = LGV_Cleantime;
		};
		D45240E42D620C4B000BD663 /* LGV_Cleantime */ = {
			isa = XCSwiftPackageProductDependency;
			package = D45240DF2D620C34000BD663 /* XCRemoteSwiftPackageReference "LGV_Cleantime" */;
			productName = LGV_Cleantime;
		};
		D45240E82D620C5A000BD663 /* LGV_Cleantime */ = {
			isa = XCSwiftPackageProductDependency;
			package = D45240DF2D620C34000BD663 /* XCRemoteSwiftPackageReference "LGV_Cleantime" */;
			productName = LGV_Cleantime;
		};
		D462E4BB2D5D08C0001E2C0F /* RVS_Persistent_Prefs */ = {
			isa = XCSwiftPackageProductDependency;
			package = D462E4AE2D5D0806001E2C0F /* XCRemoteSwiftPackageReference "RVS_PersistentPrefs" */;
			productName = RVS_Persistent_Prefs;
		};
		D462E4BF2D5D09FF001E2C0F /* RVS_Persistent_Prefs */ = {
			isa = XCSwiftPackageProductDependency;
			package = D462E4AE2D5D0806001E2C0F /* XCRemoteSwiftPackageReference "RVS_PersistentPrefs" */;
			productName = RVS_Persistent_Prefs;
		};
		D4B2C2752E8FFE5D009DD45D /* RVS_Persistent_Prefs */ = {
			isa = XCSwiftPackageProductDependency;
			package = D462E4AE2D5D0806001E2C0F /* XCRemoteSwiftPackageReference "RVS_PersistentPrefs" */;
			productName = RVS_Persistent_Prefs;
		};
		D4B2C2772E8FFE62009DD45D /* LGV_Cleantime */ = {
			isa = XCSwiftPackageProductDependency;
			package = D45240DF2D620C34000BD663 /* XCRemoteSwiftPackageReference "LGV_Cleantime" */;
			productName = LGV_Cleantime;
		};
		D4B2C27A2E8FFEBB009DD45D /* LGV_UICleantime */ = {
			isa = XCSwiftPackageProductDependency;
			package = D4B2C2792E8FFEA1009DD45D /* XCRemoteSwiftPackageReference "LGV_UICleantime" */;
			productName = LGV_UICleantime;
		};
		D4B2C27D2E8FFEE9009DD45D /* RVS_Generic_Swift_Toolbox */ = {
			isa = XCSwiftPackageProductDependency;
			package = D4B2C27C2E8FFEDB009DD45D /* XCRemoteSwiftPackageReference "RVS_Generic_Swift_Toolbox" */;
			productName = RVS_Generic_Swift_Toolbox;
		};
		D4B2C2812E8FFF0F009DD45D /* RVS_Generic_Swift_Toolbox */ = {
			isa = XCSwiftPackageProductDependency;
			package = D4B2C27C2E8FFEDB009DD45D /* XCRemoteSwiftPackageReference "RVS_Generic_Swift_Toolbox" */;
			productName = RVS_Generic_Swift_Toolbox;
		};
		D4B2C2832E8FFF17009DD45D /* RVS_Generic_Swift_Toolbox */ = {
			isa = XCSwiftPackageProductDependency;
			package = D4B2C27C2E8FFEDB009DD45D /* XCRemoteSwiftPackageReference "RVS_Generic_Swift_Toolbox" */;
			productName = RVS_Generic_Swift_Toolbox;
		};
		D4B2C2852E8FFF1F009DD45D /* RVS_Generic_Swift_Toolbox */ = {
			isa = XCSwiftPackageProductDependency;
			package = D4B2C27C2E8FFEDB009DD45D /* XCRemoteSwiftPackageReference "RVS_Generic_Swift_Toolbox" */;
			productName = RVS_Generic_Swift_Toolbox;
		};
		D4B2C2872E8FFF38009DD45D /* RVS_UIKit_Toolbox */ = {
			isa = XCSwiftPackageProductDependency;
			package = D462E4AB2D5D07E6001E2C0F /* XCRemoteSwiftPackageReference "RVS_UIKit_Toolbox" */;
			productName = RVS_UIKit_Toolbox;
		};
		D4F58DF52D5FE4C90087C387 /* LGV_UICleantime */ = {
			isa = XCSwiftPackageProductDependency;
			productName = LGV_UICleantime;
		};
		D4F58DF92D5FE4D90087C387 /* LGV_UICleantime */ = {
			isa = XCSwiftPackageProductDependency;
			productName = LGV_UICleantime;
		};
		D4F58DFF2D5FE5400087C387 /* LGV_UICleantime */ = {
			isa = XCSwiftPackageProductDependency;
			productName = LGV_UICleantime;
		};
/* End XCSwiftPackageProductDependency section */
	};
	rootObject = D43C667F2694AA88007D5883 /* Project object */;
}
