// !$*UTF8*$!
{
	archiveVersion = 1;
	classes = {
	};
	objectVersion = 55;
	objects = {

/* Begin PBXBuildFile section */
		D41361C027F8D80B00DA1AD4 /* NACCBaseViewController.swift in Sources */ = {isa = PBXBuildFile; fileRef = D41361BF27F8D80B00DA1AD4 /* NACCBaseViewController.swift */; };
		D42314F627FE150E00C5E5FC /* NACCTabBarController.swift in Sources */ = {isa = PBXBuildFile; fileRef = D42314F527FE150E00C5E5FC /* NACCTabBarController.swift */; };
		D43C66D12694AC20007D5883 /* Assets.xcassets in Resources */ = {isa = PBXBuildFile; fileRef = D43C66C82694AC20007D5883 /* Assets.xcassets */; };
		D43C66D42694AC20007D5883 /* NACCAppSceneDelegate.swift in Sources */ = {isa = PBXBuildFile; fileRef = D43C66CD2694AC20007D5883 /* NACCAppSceneDelegate.swift */; };
		D474789F28073D5400212919 /* NACCPagePrintRenderer.swift in Sources */ = {isa = PBXBuildFile; fileRef = D474789E28073D5400212919 /* NACCPagePrintRenderer.swift */; };
		D485259627FDBD2E002EE3E3 /* NACCExtensions.swift in Sources */ = {isa = PBXBuildFile; fileRef = D485259527FDBD2E002EE3E3 /* NACCExtensions.swift */; };
		D485519428479C10005914FF /* RVS_Generic_Swift_Toolbox in Frameworks */ = {isa = PBXBuildFile; productRef = D485519328479C10005914FF /* RVS_Generic_Swift_Toolbox */; };
		D485519628479C10005914FF /* RVS_GeneralObserver in Frameworks */ = {isa = PBXBuildFile; productRef = D485519528479C10005914FF /* RVS_GeneralObserver */; };
		D485519828479C10005914FF /* LGV_UICleantime in Frameworks */ = {isa = PBXBuildFile; productRef = D485519728479C10005914FF /* LGV_UICleantime */; };
		D485519A28479C10005914FF /* RVS_Persistent_Prefs in Frameworks */ = {isa = PBXBuildFile; productRef = D485519928479C10005914FF /* RVS_Persistent_Prefs */; };
		D48F812B27FCD36D001A0B87 /* NACCInitialViewController.swift in Sources */ = {isa = PBXBuildFile; fileRef = D48F812A27FCD36D001A0B87 /* NACCInitialViewController.swift */; };
		D48F812D27FCD3FA001A0B87 /* NACCTabBaseViewController.swift in Sources */ = {isa = PBXBuildFile; fileRef = D48F812C27FCD3FA001A0B87 /* NACCTabBaseViewController.swift */; };
		D49C9A7C280783C6008E9917 /* InfoPlist.strings in Resources */ = {isa = PBXBuildFile; fileRef = D49C9A7A280783C6008E9917 /* InfoPlist.strings */; };
		D4B80C7F27FCF1B400401F72 /* NACCPersistentPrefs.swift in Sources */ = {isa = PBXBuildFile; fileRef = D4B80C7E27FCF1B400401F72 /* NACCPersistentPrefs.swift */; };
		D4BD88F1269E2FAA009015D1 /* NACCAboutViewController.swift in Sources */ = {isa = PBXBuildFile; fileRef = D4BD88F0269E2FAA009015D1 /* NACCAboutViewController.swift */; };
		D4C79A2027F9189800FBB7D3 /* NACC_LaunchScreen.storyboard in Resources */ = {isa = PBXBuildFile; fileRef = D4C79A1927F9189800FBB7D3 /* NACC_LaunchScreen.storyboard */; };
		D4C79A2127F9189800FBB7D3 /* NACC_Main.storyboard in Resources */ = {isa = PBXBuildFile; fileRef = D4C79A1B27F9189800FBB7D3 /* NACC_Main.storyboard */; };
		D4E2F96227FCC49200457AD4 /* LGV_Cleantime in Frameworks */ = {isa = PBXBuildFile; productRef = D4E2F96127FCC49200457AD4 /* LGV_Cleantime */; };
		D4E2F96627FCCA2800457AD4 /* LGV_UICleantime.xcassets in Resources */ = {isa = PBXBuildFile; fileRef = D4E2F96527FCCA2800457AD4 /* LGV_UICleantime.xcassets */; };
		D4E2F96927FCCA3200457AD4 /* Localizable.strings in Resources */ = {isa = PBXBuildFile; fileRef = D4E2F96727FCCA3200457AD4 /* Localizable.strings */; };
		D4E2F96B27FCCD3400457AD4 /* Theme.xcassets in Resources */ = {isa = PBXBuildFile; fileRef = D4E2F96A27FCCD3400457AD4 /* Theme.xcassets */; };
/* End PBXBuildFile section */

/* Begin PBXFileReference section */
		D41361BF27F8D80B00DA1AD4 /* NACCBaseViewController.swift */ = {isa = PBXFileReference; fileEncoding = 4; lastKnownFileType = sourcecode.swift; path = NACCBaseViewController.swift; sourceTree = "<group>"; };
		D42314F527FE150E00C5E5FC /* NACCTabBarController.swift */ = {isa = PBXFileReference; fileEncoding = 4; lastKnownFileType = sourcecode.swift; path = NACCTabBarController.swift; sourceTree = "<group>"; };
		D43C66C82694AC20007D5883 /* Assets.xcassets */ = {isa = PBXFileReference; lastKnownFileType = folder.assetcatalog; path = Assets.xcassets; sourceTree = "<group>"; };
		D43C66CD2694AC20007D5883 /* NACCAppSceneDelegate.swift */ = {isa = PBXFileReference; fileEncoding = 4; lastKnownFileType = sourcecode.swift; path = NACCAppSceneDelegate.swift; sourceTree = "<group>"; };
		D43C66CE2694AC20007D5883 /* Info.plist */ = {isa = PBXFileReference; fileEncoding = 4; lastKnownFileType = text.plist.xml; path = Info.plist; sourceTree = "<group>"; };
		D43C66D82694AC33007D5883 /* Warnings.xcconfig */ = {isa = PBXFileReference; lastKnownFileType = text.xcconfig; path = Warnings.xcconfig; sourceTree = "<group>"; };
		D45CF3632809AB4500065E87 /* NACC.entitlements */ = {isa = PBXFileReference; fileEncoding = 4; lastKnownFileType = text.plist.entitlements; path = NACC.entitlements; sourceTree = "<group>"; };
		D474789E28073D5400212919 /* NACCPagePrintRenderer.swift */ = {isa = PBXFileReference; fileEncoding = 4; lastKnownFileType = sourcecode.swift; path = NACCPagePrintRenderer.swift; sourceTree = "<group>"; };
		D47C587228070BE40019FFD3 /* NACC.app */ = {isa = PBXFileReference; explicitFileType = wrapper.application; includeInIndex = 0; path = NACC.app; sourceTree = BUILT_PRODUCTS_DIR; };
		D485259527FDBD2E002EE3E3 /* NACCExtensions.swift */ = {isa = PBXFileReference; fileEncoding = 4; lastKnownFileType = sourcecode.swift; path = NACCExtensions.swift; sourceTree = "<group>"; };
		D48F812A27FCD36D001A0B87 /* NACCInitialViewController.swift */ = {isa = PBXFileReference; fileEncoding = 4; lastKnownFileType = sourcecode.swift; path = NACCInitialViewController.swift; sourceTree = "<group>"; };
		D48F812C27FCD3FA001A0B87 /* NACCTabBaseViewController.swift */ = {isa = PBXFileReference; fileEncoding = 4; lastKnownFileType = sourcecode.swift; path = NACCTabBaseViewController.swift; sourceTree = "<group>"; };
		D49C9A7B280783C6008E9917 /* Base */ = {isa = PBXFileReference; lastKnownFileType = text.plist.strings; name = Base; path = Base.lproj/InfoPlist.strings; sourceTree = "<group>"; };
		D4B80C7E27FCF1B400401F72 /* NACCPersistentPrefs.swift */ = {isa = PBXFileReference; fileEncoding = 4; lastKnownFileType = sourcecode.swift; path = NACCPersistentPrefs.swift; sourceTree = "<group>"; };
		D4BD88F0269E2FAA009015D1 /* NACCAboutViewController.swift */ = {isa = PBXFileReference; fileEncoding = 4; lastKnownFileType = sourcecode.swift; path = NACCAboutViewController.swift; sourceTree = "<group>"; };
		D4C79A1A27F9189800FBB7D3 /* Base */ = {isa = PBXFileReference; lastKnownFileType = file.storyboard; name = Base; path = Base.lproj/NACC_LaunchScreen.storyboard; sourceTree = "<group>"; };
		D4C79A1C27F9189800FBB7D3 /* Base */ = {isa = PBXFileReference; lastKnownFileType = file.storyboard; name = Base; path = Base.lproj/NACC_Main.storyboard; sourceTree = "<group>"; };
		D4E2F96527FCCA2800457AD4 /* LGV_UICleantime.xcassets */ = {isa = PBXFileReference; lastKnownFileType = folder.assetcatalog; path = LGV_UICleantime.xcassets; sourceTree = "<group>"; };
		D4E2F96827FCCA3200457AD4 /* Base */ = {isa = PBXFileReference; lastKnownFileType = text.plist.strings; name = Base; path = Base.lproj/Localizable.strings; sourceTree = "<group>"; };
		D4E2F96A27FCCD3400457AD4 /* Theme.xcassets */ = {isa = PBXFileReference; lastKnownFileType = folder.assetcatalog; path = Theme.xcassets; sourceTree = "<group>"; };
/* End PBXFileReference section */

/* Begin PBXFrameworksBuildPhase section */
		D42491CA2695F44C0094C15F /* Frameworks */ = {
			isa = PBXFrameworksBuildPhase;
			buildActionMask = 2147483647;
			files = (
				D485519628479C10005914FF /* RVS_GeneralObserver in Frameworks */,
				D485519428479C10005914FF /* RVS_Generic_Swift_Toolbox in Frameworks */,
				D4E2F96227FCC49200457AD4 /* LGV_Cleantime in Frameworks */,
				D485519828479C10005914FF /* LGV_UICleantime in Frameworks */,
				D485519A28479C10005914FF /* RVS_Persistent_Prefs in Frameworks */,
			);
			runOnlyForDeploymentPostprocessing = 0;
		};
/* End PBXFrameworksBuildPhase section */

/* Begin PBXGroup section */
		D43C667E2694AA88007D5883 = {
			isa = PBXGroup;
			children = (
				D43C66C52694AC20007D5883 /* Sources */,
				D43C66D72694AC33007D5883 /* Project-Meta */,
				D47C587228070BE40019FFD3 /* NACC.app */,
				D485519228479C10005914FF /* Frameworks */,
			);
			sourceTree = "<group>";
		};
		D43C66C52694AC20007D5883 /* Sources */ = {
			isa = PBXGroup;
			children = (
				D43C66C62694AC20007D5883 /* NACC */,
			);
			path = Sources;
			sourceTree = "<group>";
		};
		D43C66C62694AC20007D5883 /* NACC */ = {
			isa = PBXGroup;
			children = (
				D4B247C3269F0C83004D8D1E /* Main App */,
				D4B247C2269F0C76004D8D1E /* View Controllers */,
				D4F54A192809B27200F175C4 /* Utility */,
				D4B247C0269F0C52004D8D1E /* Resources */,
				D4B247C1269F0C65004D8D1E /* Meta */,
			);
			path = NACC;
			sourceTree = "<group>";
		};
		D43C66D72694AC33007D5883 /* Project-Meta */ = {
			isa = PBXGroup;
			children = (
				D45CF3632809AB4500065E87 /* NACC.entitlements */,
				D43C66D82694AC33007D5883 /* Warnings.xcconfig */,
			);
			path = "Project-Meta";
			sourceTree = "<group>";
		};
		D485519228479C10005914FF /* Frameworks */ = {
			isa = PBXGroup;
			children = (
			);
			name = Frameworks;
			sourceTree = "<group>";
		};
		D4B247C0269F0C52004D8D1E /* Resources */ = {
			isa = PBXGroup;
			children = (
				D4E2F96727FCCA3200457AD4 /* Localizable.strings */,
				D49C9A7A280783C6008E9917 /* InfoPlist.strings */,
				D4C79A1B27F9189800FBB7D3 /* NACC_Main.storyboard */,
				D4C79A1927F9189800FBB7D3 /* NACC_LaunchScreen.storyboard */,
				D4E2F96527FCCA2800457AD4 /* LGV_UICleantime.xcassets */,
				D43C66C82694AC20007D5883 /* Assets.xcassets */,
				D4E2F96A27FCCD3400457AD4 /* Theme.xcassets */,
			);
			path = Resources;
			sourceTree = "<group>";
		};
		D4B247C1269F0C65004D8D1E /* Meta */ = {
			isa = PBXGroup;
			children = (
				D43C66CE2694AC20007D5883 /* Info.plist */,
			);
			name = Meta;
			sourceTree = "<group>";
		};
		D4B247C2269F0C76004D8D1E /* View Controllers */ = {
			isa = PBXGroup;
			children = (
				D41361BF27F8D80B00DA1AD4 /* NACCBaseViewController.swift */,
				D48F812A27FCD36D001A0B87 /* NACCInitialViewController.swift */,
				D4BD88F0269E2FAA009015D1 /* NACCAboutViewController.swift */,
				D42314F527FE150E00C5E5FC /* NACCTabBarController.swift */,
				D48F812C27FCD3FA001A0B87 /* NACCTabBaseViewController.swift */,
			);
			path = "View Controllers";
			sourceTree = "<group>";
		};
		D4B247C3269F0C83004D8D1E /* Main App */ = {
			isa = PBXGroup;
			children = (
				D43C66CD2694AC20007D5883 /* NACCAppSceneDelegate.swift */,
			);
			path = "Main App";
			sourceTree = "<group>";
		};
		D4F54A192809B27200F175C4 /* Utility */ = {
			isa = PBXGroup;
			children = (
				D485259527FDBD2E002EE3E3 /* NACCExtensions.swift */,
				D4B80C7E27FCF1B400401F72 /* NACCPersistentPrefs.swift */,
				D474789E28073D5400212919 /* NACCPagePrintRenderer.swift */,
			);
			path = Utility;
			sourceTree = "<group>";
		};
/* End PBXGroup section */

/* Begin PBXNativeTarget section */
		D43C66B02694ABFF007D5883 /* NACC */ = {
			isa = PBXNativeTarget;
			buildConfigurationList = D43C66C22694AC00007D5883 /* Build configuration list for PBXNativeTarget "NACC" */;
			buildPhases = (
				D43C66E02694AF28007D5883 /* SwiftLint */,
				D43C66AD2694ABFF007D5883 /* Sources */,
				D43C66AF2694ABFF007D5883 /* Resources */,
				D42491CA2695F44C0094C15F /* Frameworks */,
			);
			buildRules = (
			);
			dependencies = (
			);
			name = NACC;
			packageProductDependencies = (
				D4E2F96127FCC49200457AD4 /* LGV_Cleantime */,
				D485519328479C10005914FF /* RVS_Generic_Swift_Toolbox */,
				D485519528479C10005914FF /* RVS_GeneralObserver */,
				D485519728479C10005914FF /* LGV_UICleantime */,
				D485519928479C10005914FF /* RVS_Persistent_Prefs */,
			);
			productName = UICleantimeTestHarness;
			productReference = D47C587228070BE40019FFD3 /* NACC.app */;
			productType = "com.apple.product-type.application";
		};
/* End PBXNativeTarget section */

/* Begin PBXProject section */
		D43C667F2694AA88007D5883 /* Project object */ = {
			isa = PBXProject;
			attributes = {
				LastSwiftUpdateCheck = 1250;
				LastUpgradeCheck = 1340;
				TargetAttributes = {
					D43C66B02694ABFF007D5883 = {
						CreatedOnToolsVersion = 12.5.1;
					};
				};
			};
			buildConfigurationList = D43C66822694AA88007D5883 /* Build configuration list for PBXProject "NACC" */;
			compatibilityVersion = "Xcode 13.0";
			developmentRegion = en;
			hasScannedForEncodings = 0;
			knownRegions = (
				en,
				Base,
			);
			mainGroup = D43C667E2694AA88007D5883;
			packageReferences = (
				D42491B52695EF270094C15F /* XCRemoteSwiftPackageReference "RVS_Generic_Swift_Toolbox" */,
				D4895DD226A230B700624F0D /* XCRemoteSwiftPackageReference "LGV_Cleantime" */,
				D4E6423226AB228E00CA6EE7 /* XCRemoteSwiftPackageReference "RVS_GeneralObserver" */,
				D4E2F95D27FCC46000457AD4 /* XCRemoteSwiftPackageReference "LGV_UICleantime" */,
				D4B80C7B27FCF10300401F72 /* XCRemoteSwiftPackageReference "RVS_PersistentPrefs" */,
			);
			productRefGroup = D43C667E2694AA88007D5883;
			projectDirPath = "";
			projectRoot = "";
			targets = (
				D43C66B02694ABFF007D5883 /* NACC */,
			);
		};
/* End PBXProject section */

/* Begin PBXResourcesBuildPhase section */
		D43C66AF2694ABFF007D5883 /* Resources */ = {
			isa = PBXResourcesBuildPhase;
			buildActionMask = 2147483647;
			files = (
				D4E2F96927FCCA3200457AD4 /* Localizable.strings in Resources */,
				D49C9A7C280783C6008E9917 /* InfoPlist.strings in Resources */,
				D4E2F96627FCCA2800457AD4 /* LGV_UICleantime.xcassets in Resources */,
				D43C66D12694AC20007D5883 /* Assets.xcassets in Resources */,
				D4E2F96B27FCCD3400457AD4 /* Theme.xcassets in Resources */,
				D4C79A2127F9189800FBB7D3 /* NACC_Main.storyboard in Resources */,
				D4C79A2027F9189800FBB7D3 /* NACC_LaunchScreen.storyboard in Resources */,
			);
			runOnlyForDeploymentPostprocessing = 0;
		};
/* End PBXResourcesBuildPhase section */

/* Begin PBXShellScriptBuildPhase section */
		D43C66E02694AF28007D5883 /* SwiftLint */ = {
			isa = PBXShellScriptBuildPhase;
			buildActionMask = 2147483647;
			files = (
			);
			inputFileListPaths = (
			);
			inputPaths = (
			);
			name = SwiftLint;
			outputFileListPaths = (
			);
			outputPaths = (
			);
			runOnlyForDeploymentPostprocessing = 0;
			shellPath = /bin/sh;
			shellScript = "if command -v swiftlint\nthen\n    swiftlint\nfi\n";
		};
/* End PBXShellScriptBuildPhase section */

/* Begin PBXSourcesBuildPhase section */
		D43C66AD2694ABFF007D5883 /* Sources */ = {
			isa = PBXSourcesBuildPhase;
			buildActionMask = 2147483647;
			files = (
				D43C66D42694AC20007D5883 /* NACCAppSceneDelegate.swift in Sources */,
				D48F812D27FCD3FA001A0B87 /* NACCTabBaseViewController.swift in Sources */,
				D42314F627FE150E00C5E5FC /* NACCTabBarController.swift in Sources */,
				D41361C027F8D80B00DA1AD4 /* NACCBaseViewController.swift in Sources */,
				D4B80C7F27FCF1B400401F72 /* NACCPersistentPrefs.swift in Sources */,
				D4BD88F1269E2FAA009015D1 /* NACCAboutViewController.swift in Sources */,
				D48F812B27FCD36D001A0B87 /* NACCInitialViewController.swift in Sources */,
				D474789F28073D5400212919 /* NACCPagePrintRenderer.swift in Sources */,
				D485259627FDBD2E002EE3E3 /* NACCExtensions.swift in Sources */,
			);
			runOnlyForDeploymentPostprocessing = 0;
		};
/* End PBXSourcesBuildPhase section */

/* Begin PBXVariantGroup section */
		D49C9A7A280783C6008E9917 /* InfoPlist.strings */ = {
			isa = PBXVariantGroup;
			children = (
				D49C9A7B280783C6008E9917 /* Base */,
			);
			name = InfoPlist.strings;
			sourceTree = "<group>";
		};
		D4C79A1927F9189800FBB7D3 /* NACC_LaunchScreen.storyboard */ = {
			isa = PBXVariantGroup;
			children = (
				D4C79A1A27F9189800FBB7D3 /* Base */,
			);
			name = NACC_LaunchScreen.storyboard;
			sourceTree = "<group>";
		};
		D4C79A1B27F9189800FBB7D3 /* NACC_Main.storyboard */ = {
			isa = PBXVariantGroup;
			children = (
				D4C79A1C27F9189800FBB7D3 /* Base */,
			);
			name = NACC_Main.storyboard;
			sourceTree = "<group>";
		};
		D4E2F96727FCCA3200457AD4 /* Localizable.strings */ = {
			isa = PBXVariantGroup;
			children = (
				D4E2F96827FCCA3200457AD4 /* Base */,
			);
			name = Localizable.strings;
			sourceTree = "<group>";
		};
/* End PBXVariantGroup section */

/* Begin XCBuildConfiguration section */
		D43C668C2694AA88007D5883 /* Debug */ = {
			isa = XCBuildConfiguration;
			baseConfigurationReference = D43C66D82694AC33007D5883 /* Warnings.xcconfig */;
			buildSettings = {
				ALWAYS_SEARCH_USER_PATHS = NO;
				CLANG_ANALYZER_NONNULL = YES;
				CLANG_ANALYZER_NUMBER_OBJECT_CONVERSION = YES_AGGRESSIVE;
				CLANG_CXX_LANGUAGE_STANDARD = "gnu++14";
				CLANG_CXX_LIBRARY = "libc++";
				CLANG_ENABLE_MODULES = YES;
				CLANG_ENABLE_OBJC_ARC = YES;
				CLANG_ENABLE_OBJC_WEAK = YES;
				CLANG_WARN_BLOCK_CAPTURE_AUTORELEASING = YES;
				CLANG_WARN_BOOL_CONVERSION = YES;
				CLANG_WARN_COMMA = YES;
				CLANG_WARN_CONSTANT_CONVERSION = YES;
				CLANG_WARN_DEPRECATED_OBJC_IMPLEMENTATIONS = YES;
				CLANG_WARN_DIRECT_OBJC_ISA_USAGE = YES_ERROR;
				CLANG_WARN_DOCUMENTATION_COMMENTS = YES;
				CLANG_WARN_EMPTY_BODY = YES;
				CLANG_WARN_ENUM_CONVERSION = YES;
				CLANG_WARN_INFINITE_RECURSION = YES;
				CLANG_WARN_INT_CONVERSION = YES;
				CLANG_WARN_NON_LITERAL_NULL_CONVERSION = YES;
				CLANG_WARN_OBJC_IMPLICIT_RETAIN_SELF = YES;
				CLANG_WARN_OBJC_LITERAL_CONVERSION = YES;
				CLANG_WARN_OBJC_ROOT_CLASS = YES_ERROR;
				CLANG_WARN_QUOTED_INCLUDE_IN_FRAMEWORK_HEADER = YES;
				CLANG_WARN_RANGE_LOOP_ANALYSIS = YES;
				CLANG_WARN_STRICT_PROTOTYPES = YES;
				CLANG_WARN_SUSPICIOUS_MOVE = YES;
				CLANG_WARN_UNGUARDED_AVAILABILITY = YES_AGGRESSIVE;
				CLANG_WARN_UNREACHABLE_CODE = YES;
				CLANG_WARN__DUPLICATE_METHOD_MATCH = YES;
				COPY_PHASE_STRIP = NO;
				DEBUG_INFORMATION_FORMAT = dwarf;
				ENABLE_STRICT_OBJC_MSGSEND = YES;
				ENABLE_TESTABILITY = YES;
				GCC_C_LANGUAGE_STANDARD = gnu11;
				GCC_DYNAMIC_NO_PIC = NO;
				GCC_NO_COMMON_BLOCKS = YES;
				GCC_OPTIMIZATION_LEVEL = 0;
				GCC_PREPROCESSOR_DEFINITIONS = (
					"DEBUG=1",
					"$(inherited)",
				);
				GCC_WARN_64_TO_32_BIT_CONVERSION = YES;
				GCC_WARN_ABOUT_RETURN_TYPE = YES_ERROR;
				GCC_WARN_UNDECLARED_SELECTOR = YES;
				GCC_WARN_UNINITIALIZED_AUTOS = YES_AGGRESSIVE;
				GCC_WARN_UNUSED_FUNCTION = YES;
				GCC_WARN_UNUSED_VARIABLE = YES;
				IPHONEOS_DEPLOYMENT_TARGET = 14.0;
				MACOSX_DEPLOYMENT_TARGET = "";
				MTL_ENABLE_DEBUG_INFO = INCLUDE_SOURCE;
				MTL_FAST_MATH = YES;
				ONLY_ACTIVE_ARCH = YES;
				SDKROOT = iphoneos;
				SWIFT_ACTIVE_COMPILATION_CONDITIONS = DEBUG;
				SWIFT_OPTIMIZATION_LEVEL = "-Onone";
				TARGETED_DEVICE_FAMILY = "1,2";
			};
			name = Debug;
		};
		D43C668D2694AA88007D5883 /* Release */ = {
			isa = XCBuildConfiguration;
			baseConfigurationReference = D43C66D82694AC33007D5883 /* Warnings.xcconfig */;
			buildSettings = {
				ALWAYS_SEARCH_USER_PATHS = NO;
				CLANG_ANALYZER_NONNULL = YES;
				CLANG_ANALYZER_NUMBER_OBJECT_CONVERSION = YES_AGGRESSIVE;
				CLANG_CXX_LANGUAGE_STANDARD = "gnu++14";
				CLANG_CXX_LIBRARY = "libc++";
				CLANG_ENABLE_MODULES = YES;
				CLANG_ENABLE_OBJC_ARC = YES;
				CLANG_ENABLE_OBJC_WEAK = YES;
				CLANG_WARN_BLOCK_CAPTURE_AUTORELEASING = YES;
				CLANG_WARN_BOOL_CONVERSION = YES;
				CLANG_WARN_COMMA = YES;
				CLANG_WARN_CONSTANT_CONVERSION = YES;
				CLANG_WARN_DEPRECATED_OBJC_IMPLEMENTATIONS = YES;
				CLANG_WARN_DIRECT_OBJC_ISA_USAGE = YES_ERROR;
				CLANG_WARN_DOCUMENTATION_COMMENTS = YES;
				CLANG_WARN_EMPTY_BODY = YES;
				CLANG_WARN_ENUM_CONVERSION = YES;
				CLANG_WARN_INFINITE_RECURSION = YES;
				CLANG_WARN_INT_CONVERSION = YES;
				CLANG_WARN_NON_LITERAL_NULL_CONVERSION = YES;
				CLANG_WARN_OBJC_IMPLICIT_RETAIN_SELF = YES;
				CLANG_WARN_OBJC_LITERAL_CONVERSION = YES;
				CLANG_WARN_OBJC_ROOT_CLASS = YES_ERROR;
				CLANG_WARN_QUOTED_INCLUDE_IN_FRAMEWORK_HEADER = YES;
				CLANG_WARN_RANGE_LOOP_ANALYSIS = YES;
				CLANG_WARN_STRICT_PROTOTYPES = YES;
				CLANG_WARN_SUSPICIOUS_MOVE = YES;
				CLANG_WARN_UNGUARDED_AVAILABILITY = YES_AGGRESSIVE;
				CLANG_WARN_UNREACHABLE_CODE = YES;
				CLANG_WARN__DUPLICATE_METHOD_MATCH = YES;
				COPY_PHASE_STRIP = NO;
				DEBUG_INFORMATION_FORMAT = "dwarf-with-dsym";
				ENABLE_NS_ASSERTIONS = NO;
				ENABLE_STRICT_OBJC_MSGSEND = YES;
				GCC_C_LANGUAGE_STANDARD = gnu11;
				GCC_NO_COMMON_BLOCKS = YES;
				GCC_WARN_64_TO_32_BIT_CONVERSION = YES;
				GCC_WARN_ABOUT_RETURN_TYPE = YES_ERROR;
				GCC_WARN_UNDECLARED_SELECTOR = YES;
				GCC_WARN_UNINITIALIZED_AUTOS = YES_AGGRESSIVE;
				GCC_WARN_UNUSED_FUNCTION = YES;
				GCC_WARN_UNUSED_VARIABLE = YES;
				IPHONEOS_DEPLOYMENT_TARGET = 14.0;
				MACOSX_DEPLOYMENT_TARGET = "";
				MTL_ENABLE_DEBUG_INFO = NO;
				MTL_FAST_MATH = YES;
				SDKROOT = iphoneos;
				SWIFT_COMPILATION_MODE = wholemodule;
				SWIFT_OPTIMIZATION_LEVEL = "-O";
				TARGETED_DEVICE_FAMILY = "1,2";
				VALIDATE_PRODUCT = YES;
			};
			name = Release;
		};
		D43C66C32694AC00007D5883 /* Debug */ = {
			isa = XCBuildConfiguration;
			buildSettings = {
				ALWAYS_EMBED_SWIFT_STANDARD_LIBRARIES = YES;
				ASSETCATALOG_COMPILER_APPICON_NAME = AppIcon;
				ASSETCATALOG_COMPILER_GLOBAL_ACCENT_COLOR_NAME = AccentColor;
				CODE_SIGN_ENTITLEMENTS = "Project-Meta/NACC.entitlements";
				CODE_SIGN_IDENTITY = "Apple Development";
				CODE_SIGN_STYLE = Automatic;
				CURRENT_PROJECT_VERSION = 3003;
				DEVELOPMENT_TEAM = P53V4JS928;
				INFOPLIST_FILE = "$(SRCROOT)/Sources/NACC/Info.plist";
				IPHONEOS_DEPLOYMENT_TARGET = 14.0;
				"IPHONEOS_DEPLOYMENT_TARGET[sdk=macosx*]" = 15.0;
				LD_RUNPATH_SEARCH_PATHS = (
					"$(inherited)",
					"@executable_path/Frameworks",
				);
				MARKETING_VERSION = 5.0.4;
				PRODUCT_BUNDLE_IDENTIFIER = org.magshare.NACC;
				PRODUCT_NAME = "$(TARGET_NAME)";
				PROVISIONING_PROFILE_SPECIFIER = "";
				SUPPORTS_MACCATALYST = YES;
				SUPPORTS_MAC_DESIGNED_FOR_IPHONE_IPAD = YES;
				SWIFT_VERSION = 5.0;
				TARGETED_DEVICE_FAMILY = "1,2";
				TVOS_DEPLOYMENT_TARGET = "";
				WATCHOS_DEPLOYMENT_TARGET = "";
			};
			name = Debug;
		};
		D43C66C42694AC00007D5883 /* Release */ = {
			isa = XCBuildConfiguration;
			buildSettings = {
				ALWAYS_EMBED_SWIFT_STANDARD_LIBRARIES = YES;
				ASSETCATALOG_COMPILER_APPICON_NAME = AppIcon;
				ASSETCATALOG_COMPILER_GLOBAL_ACCENT_COLOR_NAME = AccentColor;
				CODE_SIGN_ENTITLEMENTS = "Project-Meta/NACC.entitlements";
				CODE_SIGN_IDENTITY = "Apple Development";
				CODE_SIGN_STYLE = Automatic;
				CURRENT_PROJECT_VERSION = 3003;
				DEVELOPMENT_TEAM = P53V4JS928;
				INFOPLIST_FILE = "$(SRCROOT)/Sources/NACC/Info.plist";
				IPHONEOS_DEPLOYMENT_TARGET = 14.0;
				"IPHONEOS_DEPLOYMENT_TARGET[sdk=macosx*]" = 15.0;
				LD_RUNPATH_SEARCH_PATHS = (
					"$(inherited)",
					"@executable_path/Frameworks",
				);
				MARKETING_VERSION = 5.0.4;
				PRODUCT_BUNDLE_IDENTIFIER = org.magshare.NACC;
				PRODUCT_NAME = "$(TARGET_NAME)";
				PROVISIONING_PROFILE_SPECIFIER = "";
				SUPPORTS_MACCATALYST = YES;
				SUPPORTS_MAC_DESIGNED_FOR_IPHONE_IPAD = YES;
				SWIFT_VERSION = 5.0;
				TARGETED_DEVICE_FAMILY = "1,2";
				TVOS_DEPLOYMENT_TARGET = "";
				WATCHOS_DEPLOYMENT_TARGET = "";
			};
			name = Release;
		};
/* End XCBuildConfiguration section */

/* Begin XCConfigurationList section */
		D43C66822694AA88007D5883 /* Build configuration list for PBXProject "NACC" */ = {
			isa = XCConfigurationList;
			buildConfigurations = (
				D43C668C2694AA88007D5883 /* Debug */,
				D43C668D2694AA88007D5883 /* Release */,
			);
			defaultConfigurationIsVisible = 0;
			defaultConfigurationName = Release;
		};
		D43C66C22694AC00007D5883 /* Build configuration list for PBXNativeTarget "NACC" */ = {
			isa = XCConfigurationList;
			buildConfigurations = (
				D43C66C32694AC00007D5883 /* Debug */,
				D43C66C42694AC00007D5883 /* Release */,
			);
			defaultConfigurationIsVisible = 0;
			defaultConfigurationName = Release;
		};
/* End XCConfigurationList section */

/* Begin XCRemoteSwiftPackageReference section */
		D42491B52695EF270094C15F /* XCRemoteSwiftPackageReference "RVS_Generic_Swift_Toolbox" */ = {
			isa = XCRemoteSwiftPackageReference;
			repositoryURL = "git@github.com:RiftValleySoftware/RVS_Generic_Swift_Toolbox.git";
			requirement = {
				kind = upToNextMajorVersion;
				minimumVersion = 1.8.1;
			};
		};
		D4895DD226A230B700624F0D /* XCRemoteSwiftPackageReference "LGV_Cleantime" */ = {
			isa = XCRemoteSwiftPackageReference;
			repositoryURL = "git@github.com:LittleGreenViper/LGV_Cleantime.git";
			requirement = {
				kind = upToNextMajorVersion;
				minimumVersion = 1.3.5;
			};
		};
		D4B80C7B27FCF10300401F72 /* XCRemoteSwiftPackageReference "RVS_PersistentPrefs" */ = {
			isa = XCRemoteSwiftPackageReference;
			repositoryURL = "https://github.com/RiftValleySoftware/RVS_PersistentPrefs";
			requirement = {
				kind = upToNextMajorVersion;
				minimumVersion = 1.3.1;
			};
		};
		D4E2F95D27FCC46000457AD4 /* XCRemoteSwiftPackageReference "LGV_UICleantime" */ = {
			isa = XCRemoteSwiftPackageReference;
			repositoryURL = "git@github.com:LittleGreenViper/LGV_UICleantime.git";
			requirement = {
				kind = upToNextMajorVersion;
				minimumVersion = 1.1.1;
			};
		};
		D4E6423226AB228E00CA6EE7 /* XCRemoteSwiftPackageReference "RVS_GeneralObserver" */ = {
			isa = XCRemoteSwiftPackageReference;
			repositoryURL = "git@github.com:RiftValleySoftware/RVS_GeneralObserver.git";
			requirement = {
				kind = upToNextMajorVersion;
				minimumVersion = 1.1.0;
			};
		};
/* End XCRemoteSwiftPackageReference section */

/* Begin XCSwiftPackageProductDependency section */
		D485519328479C10005914FF /* RVS_Generic_Swift_Toolbox */ = {
			isa = XCSwiftPackageProductDependency;
			package = D42491B52695EF270094C15F /* XCRemoteSwiftPackageReference "RVS_Generic_Swift_Toolbox" */;
			productName = RVS_Generic_Swift_Toolbox;
		};
		D485519528479C10005914FF /* RVS_GeneralObserver */ = {
			isa = XCSwiftPackageProductDependency;
			package = D4E6423226AB228E00CA6EE7 /* XCRemoteSwiftPackageReference "RVS_GeneralObserver" */;
			productName = RVS_GeneralObserver;
		};
		D485519728479C10005914FF /* LGV_UICleantime */ = {
			isa = XCSwiftPackageProductDependency;
			package = D4E2F95D27FCC46000457AD4 /* XCRemoteSwiftPackageReference "LGV_UICleantime" */;
			productName = LGV_UICleantime;
		};
		D485519928479C10005914FF /* RVS_Persistent_Prefs */ = {
			isa = XCSwiftPackageProductDependency;
			package = D4B80C7B27FCF10300401F72 /* XCRemoteSwiftPackageReference "RVS_PersistentPrefs" */;
			productName = RVS_Persistent_Prefs;
		};
		D4E2F96127FCC49200457AD4 /* LGV_Cleantime */ = {
			isa = XCSwiftPackageProductDependency;
			package = D4895DD226A230B700624F0D /* XCRemoteSwiftPackageReference "LGV_Cleantime" */;
			productName = LGV_Cleantime;
		};
/* End XCSwiftPackageProductDependency section */
	};
	rootObject = D43C667F2694AA88007D5883 /* Project object */;
}
