// !$*UTF8*$!
{
	archiveVersion = 1;
	classes = {
	};
	objectVersion = 77;
	objects = {

/* Begin PBXBuildFile section */
		D41361C027F8D80B00DA1AD4 /* NACCBaseViewController.swift in Sources */ = {isa = PBXBuildFile; fileRef = D41361BF27F8D80B00DA1AD4 /* NACCBaseViewController.swift */; };
		D41657132C4846990015DDFD /* NACC.docc in Sources */ = {isa = PBXBuildFile; fileRef = D41657122C4846990015DDFD /* NACC.docc */; };
		D42314F627FE150E00C5E5FC /* NACCTabBarController.swift in Sources */ = {isa = PBXBuildFile; fileRef = D42314F527FE150E00C5E5FC /* NACCTabBarController.swift */; };
		D433F5D32D3B015600687B9C /* LGV_UICleantime.xcassets in Resources */ = {isa = PBXBuildFile; fileRef = D433F5D22D3B015600687B9C /* LGV_UICleantime.xcassets */; };
		D43C66D12694AC20007D5883 /* Assets.xcassets in Resources */ = {isa = PBXBuildFile; fileRef = D43C66C82694AC20007D5883 /* Assets.xcassets */; };
		D43C66D42694AC20007D5883 /* NACCAppSceneDelegate.swift in Sources */ = {isa = PBXBuildFile; fileRef = D43C66CD2694AC20007D5883 /* NACCAppSceneDelegate.swift */; };
		D46F8CC12C47ED0800A1E7F5 /* LGV_Cleantime in Frameworks */ = {isa = PBXBuildFile; productRef = D46F8CC02C47ED0800A1E7F5 /* LGV_Cleantime */; };
		D46F8CC42C47EDA300A1E7F5 /* LGV_UICleantime in Frameworks */ = {isa = PBXBuildFile; productRef = D46F8CC32C47EDA300A1E7F5 /* LGV_UICleantime */; };
		D474789F28073D5400212919 /* NACCPagePrintRenderer.swift in Sources */ = {isa = PBXBuildFile; fileRef = D474789E28073D5400212919 /* NACCPagePrintRenderer.swift */; };
		D477647A2D3FFA2400DB748E /* RVS_Persistent_Prefs in Frameworks */ = {isa = PBXBuildFile; productRef = D47764792D3FFA2400DB748E /* RVS_Persistent_Prefs */; };
		D47EA9D32D39A2630072F491 /* WidgetKit.framework in Frameworks */ = {isa = PBXBuildFile; fileRef = D44CA5B32D392F4E00800DD5 /* WidgetKit.framework */; };
		D47EA9D42D39A2630072F491 /* SwiftUI.framework in Frameworks */ = {isa = PBXBuildFile; fileRef = D44CA5B52D392F4E00800DD5 /* SwiftUI.framework */; };
		D47EA9DF2D39A2640072F491 /* NACCWidgetExtension.appex in Embed Foundation Extensions */ = {isa = PBXBuildFile; fileRef = D47EA9D22D39A2630072F491 /* NACCWidgetExtension.appex */; settings = {ATTRIBUTES = (RemoveHeadersOnCopy, ); }; };
		D485259627FDBD2E002EE3E3 /* NACCExtensions.swift in Sources */ = {isa = PBXBuildFile; fileRef = D485259527FDBD2E002EE3E3 /* NACCExtensions.swift */; };
		D485519428479C10005914FF /* RVS_Generic_Swift_Toolbox in Frameworks */ = {isa = PBXBuildFile; productRef = D485519328479C10005914FF /* RVS_Generic_Swift_Toolbox */; };
		D485519628479C10005914FF /* RVS_GeneralObserver in Frameworks */ = {isa = PBXBuildFile; productRef = D485519528479C10005914FF /* RVS_GeneralObserver */; };
		D48C496B2C9372AA007E87C3 /* NACCGetCleantimeSummaryAppIntent.swift in Sources */ = {isa = PBXBuildFile; fileRef = D48C496A2C9372AA007E87C3 /* NACCGetCleantimeSummaryAppIntent.swift */; };
		D48C496E2C9372C5007E87C3 /* AppShortcuts.strings in Resources */ = {isa = PBXBuildFile; fileRef = D48C496C2C9372C5007E87C3 /* AppShortcuts.strings */; };
		D48F812B27FCD36D001A0B87 /* NACCInitialViewController.swift in Sources */ = {isa = PBXBuildFile; fileRef = D48F812A27FCD36D001A0B87 /* NACCInitialViewController.swift */; };
		D48F812D27FCD3FA001A0B87 /* NACCTabBaseViewController.swift in Sources */ = {isa = PBXBuildFile; fileRef = D48F812C27FCD3FA001A0B87 /* NACCTabBaseViewController.swift */; };
		D498E1862D404CB800388CC3 /* WidgetStrings.xcstrings in Resources */ = {isa = PBXBuildFile; fileRef = D498E1852D404CB800388CC3 /* WidgetStrings.xcstrings */; };
		D498E1872D404D5500388CC3 /* Localizable.strings in Resources */ = {isa = PBXBuildFile; fileRef = D4E2F96727FCCA3200457AD4 /* Localizable.strings */; };
		D49C9A7C280783C6008E9917 /* InfoPlist.strings in Resources */ = {isa = PBXBuildFile; fileRef = D49C9A7A280783C6008E9917 /* InfoPlist.strings */; };
		D4A1CC022D413FCF00098329 /* Assets.xcassets in Resources */ = {isa = PBXBuildFile; fileRef = D4E0B28D2D3A85D300723D0C /* Assets.xcassets */; };
		D4B20E7A2C938D22006C7ED8 /* LGV_Cleantime in Frameworks */ = {isa = PBXBuildFile; productRef = D4B20E792C938D22006C7ED8 /* LGV_Cleantime */; };
		D4B20E7C2C938D22006C7ED8 /* LGV_UICleantime in Frameworks */ = {isa = PBXBuildFile; productRef = D4B20E7B2C938D22006C7ED8 /* LGV_UICleantime */; };
		D4B57E242D3C5E2D00A6844F /* NACCPersistentPrefs.swift in Sources */ = {isa = PBXBuildFile; fileRef = D4B80C7E27FCF1B400401F72 /* NACCPersistentPrefs.swift */; };
		D4B57E262D3C5EE600A6844F /* LGV_UICleantime in Frameworks */ = {isa = PBXBuildFile; productRef = D4B57E252D3C5EE600A6844F /* LGV_UICleantime */; };
		D4B57E282D3C5EEC00A6844F /* LGV_Cleantime in Frameworks */ = {isa = PBXBuildFile; productRef = D4B57E272D3C5EEC00A6844F /* LGV_Cleantime */; };
		D4B80C7F27FCF1B400401F72 /* NACCPersistentPrefs.swift in Sources */ = {isa = PBXBuildFile; fileRef = D4B80C7E27FCF1B400401F72 /* NACCPersistentPrefs.swift */; };
		D4BD88F1269E2FAA009015D1 /* NACCAboutViewController.swift in Sources */ = {isa = PBXBuildFile; fileRef = D4BD88F0269E2FAA009015D1 /* NACCAboutViewController.swift */; };
		D4C70F152D411E68005A2A79 /* RVS_Persistent_Prefs in Frameworks */ = {isa = PBXBuildFile; productRef = D4C70F142D411E68005A2A79 /* RVS_Persistent_Prefs */; };
		D4C70F172D411E7E005A2A79 /* RVS_Persistent_Prefs in Frameworks */ = {isa = PBXBuildFile; productRef = D4C70F162D411E7E005A2A79 /* RVS_Persistent_Prefs */; };
		D4C79A2027F9189800FBB7D3 /* NACC_LaunchScreen.storyboard in Resources */ = {isa = PBXBuildFile; fileRef = D4C79A1927F9189800FBB7D3 /* NACC_LaunchScreen.storyboard */; };
		D4C79A2127F9189800FBB7D3 /* NACC_Main.storyboard in Resources */ = {isa = PBXBuildFile; fileRef = D4C79A1B27F9189800FBB7D3 /* NACC_Main.storyboard */; };
		D4E0B2952D3A85D300723D0C /* NACCWidgetBundle.swift in Sources */ = {isa = PBXBuildFile; fileRef = D4E0B2902D3A85D300723D0C /* NACCWidgetBundle.swift */; };
		D4E245E22D3DD963003EC91C /* LGV_UICleantime.xcassets in Resources */ = {isa = PBXBuildFile; fileRef = D433F5D22D3B015600687B9C /* LGV_UICleantime.xcassets */; };
		D4E245E92D3DDBC0003EC91C /* RVS_UIKit_Toolbox in Frameworks */ = {isa = PBXBuildFile; productRef = D4E245E82D3DDBC0003EC91C /* RVS_UIKit_Toolbox */; };
		D4E2F96927FCCA3200457AD4 /* Localizable.strings in Resources */ = {isa = PBXBuildFile; fileRef = D4E2F96727FCCA3200457AD4 /* Localizable.strings */; };
		D4E2F96B27FCCD3400457AD4 /* Theme.xcassets in Resources */ = {isa = PBXBuildFile; fileRef = D4E2F96A27FCCD3400457AD4 /* Theme.xcassets */; };
		D4E43A4F2C937FDF00535CDD /* Intents.framework in Frameworks */ = {isa = PBXBuildFile; fileRef = D4E43A4E2C937FDF00535CDD /* Intents.framework */; };
		D4E43A682C937FDF00535CDD /* NACCIntents.appex in Embed Foundation Extensions */ = {isa = PBXBuildFile; fileRef = D4E43A4D2C937FDF00535CDD /* NACCIntents.appex */; settings = {ATTRIBUTES = (RemoveHeadersOnCopy, ); }; };
		D4F46FDC2C94654F0071D359 /* NACCShowCleantimeIntentHandler.swift in Sources */ = {isa = PBXBuildFile; fileRef = D4F46FDB2C94654F0071D359 /* NACCShowCleantimeIntentHandler.swift */; };
		D4F46FE12C94669E0071D359 /* NACCIntents.intentdefinition in Sources */ = {isa = PBXBuildFile; fileRef = D4F46FE02C94669E0071D359 /* NACCIntents.intentdefinition */; };
/* End PBXBuildFile section */

/* Begin PBXContainerItemProxy section */
		D47EA9DD2D39A2640072F491 /* PBXContainerItemProxy */ = {
			isa = PBXContainerItemProxy;
			containerPortal = D43C667F2694AA88007D5883 /* Project object */;
			proxyType = 1;
			remoteGlobalIDString = D47EA9D12D39A2630072F491;
			remoteInfo = NACCWidgetExtension;
		};
		D4E43A662C937FDF00535CDD /* PBXContainerItemProxy */ = {
			isa = PBXContainerItemProxy;
			containerPortal = D43C667F2694AA88007D5883 /* Project object */;
			proxyType = 1;
			remoteGlobalIDString = D4E43A4C2C937FDF00535CDD;
			remoteInfo = NACCIntents;
		};
/* End PBXContainerItemProxy section */

/* Begin PBXCopyFilesBuildPhase section */
		D4E43A6A2C937FDF00535CDD /* Embed Foundation Extensions */ = {
			isa = PBXCopyFilesBuildPhase;
			buildActionMask = 2147483647;
			dstPath = "";
			dstSubfolderSpec = 13;
			files = (
				D4E43A682C937FDF00535CDD /* NACCIntents.appex in Embed Foundation Extensions */,
				D47EA9DF2D39A2640072F491 /* NACCWidgetExtension.appex in Embed Foundation Extensions */,
			);
			name = "Embed Foundation Extensions";
			runOnlyForDeploymentPostprocessing = 0;
		};
/* End PBXCopyFilesBuildPhase section */

/* Begin PBXFileReference section */
		D41361BF27F8D80B00DA1AD4 /* NACCBaseViewController.swift */ = {isa = PBXFileReference; fileEncoding = 4; lastKnownFileType = sourcecode.swift; path = NACCBaseViewController.swift; sourceTree = "<group>"; };
		D41657122C4846990015DDFD /* NACC.docc */ = {isa = PBXFileReference; lastKnownFileType = folder.documentationcatalog; path = NACC.docc; sourceTree = "<group>"; };
		D41AC87D2C49813200C79B8C /* index.php */ = {isa = PBXFileReference; lastKnownFileType = text.script.php; path = index.php; sourceTree = "<group>"; };
		D41AC87E2C4981B500C79B8C /* apple-app-site-association */ = {isa = PBXFileReference; lastKnownFileType = text; path = "apple-app-site-association"; sourceTree = "<group>"; };
		D42314F527FE150E00C5E5FC /* NACCTabBarController.swift */ = {isa = PBXFileReference; fileEncoding = 4; lastKnownFileType = sourcecode.swift; path = NACCTabBarController.swift; sourceTree = "<group>"; };
		D433F5D22D3B015600687B9C /* LGV_UICleantime.xcassets */ = {isa = PBXFileReference; lastKnownFileType = folder.assetcatalog; name = LGV_UICleantime.xcassets; path = Base.lproj/LGV_UICleantime.xcassets; sourceTree = "<group>"; };
		D43C66C82694AC20007D5883 /* Assets.xcassets */ = {isa = PBXFileReference; lastKnownFileType = folder.assetcatalog; path = Assets.xcassets; sourceTree = "<group>"; };
		D43C66CD2694AC20007D5883 /* NACCAppSceneDelegate.swift */ = {isa = PBXFileReference; fileEncoding = 4; lastKnownFileType = sourcecode.swift; path = NACCAppSceneDelegate.swift; sourceTree = "<group>"; };
		D43C66CE2694AC20007D5883 /* Info.plist */ = {isa = PBXFileReference; fileEncoding = 4; lastKnownFileType = text.plist.xml; path = Info.plist; sourceTree = "<group>"; };
		D43C66D82694AC33007D5883 /* Warnings.xcconfig */ = {isa = PBXFileReference; lastKnownFileType = text.xcconfig; path = Warnings.xcconfig; sourceTree = "<group>"; };
		D44CA5B32D392F4E00800DD5 /* WidgetKit.framework */ = {isa = PBXFileReference; lastKnownFileType = wrapper.framework; name = WidgetKit.framework; path = System/Library/Frameworks/WidgetKit.framework; sourceTree = SDKROOT; };
		D44CA5B52D392F4E00800DD5 /* SwiftUI.framework */ = {isa = PBXFileReference; lastKnownFileType = wrapper.framework; name = SwiftUI.framework; path = System/Library/Frameworks/SwiftUI.framework; sourceTree = SDKROOT; };
		D44D99902D3D627700680D2A /* NACC.app */ = {isa = PBXFileReference; explicitFileType = wrapper.application; includeInIndex = 0; path = NACC.app; sourceTree = BUILT_PRODUCTS_DIR; };
		D45CF3632809AB4500065E87 /* NACC.entitlements */ = {isa = PBXFileReference; fileEncoding = 4; lastKnownFileType = text.plist.entitlements; path = NACC.entitlements; sourceTree = "<group>"; };
		D474789E28073D5400212919 /* NACCPagePrintRenderer.swift */ = {isa = PBXFileReference; fileEncoding = 4; lastKnownFileType = sourcecode.swift; path = NACCPagePrintRenderer.swift; sourceTree = "<group>"; };
		D477647F2D40026E00DB748E /* NACC.entitlements */ = {isa = PBXFileReference; lastKnownFileType = text.plist.entitlements; path = NACC.entitlements; sourceTree = "<group>"; };
		D47EA9D22D39A2630072F491 /* NACCWidgetExtension.appex */ = {isa = PBXFileReference; explicitFileType = "wrapper.app-extension"; includeInIndex = 0; path = NACCWidgetExtension.appex; sourceTree = BUILT_PRODUCTS_DIR; };
		D485259527FDBD2E002EE3E3 /* NACCExtensions.swift */ = {isa = PBXFileReference; fileEncoding = 4; lastKnownFileType = sourcecode.swift; path = NACCExtensions.swift; sourceTree = "<group>"; };
		D48C496A2C9372AA007E87C3 /* NACCGetCleantimeSummaryAppIntent.swift */ = {isa = PBXFileReference; fileEncoding = 4; lastKnownFileType = sourcecode.swift; path = NACCGetCleantimeSummaryAppIntent.swift; sourceTree = "<group>"; };
		D48C496D2C9372C5007E87C3 /* en */ = {isa = PBXFileReference; lastKnownFileType = text.plist.strings; name = en; path = en.lproj/AppShortcuts.strings; sourceTree = "<group>"; };
		D48F812A27FCD36D001A0B87 /* NACCInitialViewController.swift */ = {isa = PBXFileReference; fileEncoding = 4; lastKnownFileType = sourcecode.swift; path = NACCInitialViewController.swift; sourceTree = "<group>"; };
		D48F812C27FCD3FA001A0B87 /* NACCTabBaseViewController.swift */ = {isa = PBXFileReference; fileEncoding = 4; lastKnownFileType = sourcecode.swift; path = NACCTabBaseViewController.swift; sourceTree = "<group>"; };
		D498E1852D404CB800388CC3 /* WidgetStrings.xcstrings */ = {isa = PBXFileReference; lastKnownFileType = text.json.xcstrings; path = WidgetStrings.xcstrings; sourceTree = "<group>"; };
		D49C9A7B280783C6008E9917 /* Base */ = {isa = PBXFileReference; lastKnownFileType = text.plist.strings; name = Base; path = Base.lproj/InfoPlist.strings; sourceTree = "<group>"; };
		D4B57E2B2D3C654C00A6844F /* NACCWidgetExtension.entitlements */ = {isa = PBXFileReference; lastKnownFileType = text.plist.entitlements; path = NACCWidgetExtension.entitlements; sourceTree = "<group>"; };
		D4B80C7E27FCF1B400401F72 /* NACCPersistentPrefs.swift */ = {isa = PBXFileReference; fileEncoding = 4; lastKnownFileType = sourcecode.swift; path = NACCPersistentPrefs.swift; sourceTree = "<group>"; };
		D4BD88F0269E2FAA009015D1 /* NACCAboutViewController.swift */ = {isa = PBXFileReference; fileEncoding = 4; lastKnownFileType = sourcecode.swift; path = NACCAboutViewController.swift; sourceTree = "<group>"; };
		D4C1579B2C4926FC00D82CBA /* bodyBlack.png */ = {isa = PBXFileReference; lastKnownFileType = image.png; path = bodyBlack.png; sourceTree = "<group>"; };
		D4C1579C2C4926FC00D82CBA /* bodyBlue.png */ = {isa = PBXFileReference; lastKnownFileType = image.png; path = bodyBlue.png; sourceTree = "<group>"; };
		D4C1579D2C4926FC00D82CBA /* bodyBurntOrange.png */ = {isa = PBXFileReference; lastKnownFileType = image.png; path = bodyBurntOrange.png; sourceTree = "<group>"; };
		D4C1579E2C4926FC00D82CBA /* bodyDaygloGreen.png */ = {isa = PBXFileReference; lastKnownFileType = image.png; path = bodyDaygloGreen.png; sourceTree = "<group>"; };
		D4C1579F2C4926FC00D82CBA /* bodyDaygloOrange.png */ = {isa = PBXFileReference; lastKnownFileType = image.png; path = bodyDaygloOrange.png; sourceTree = "<group>"; };
		D4C157A02C4926FC00D82CBA /* bodyGray.png */ = {isa = PBXFileReference; lastKnownFileType = image.png; path = bodyGray.png; sourceTree = "<group>"; };
		D4C157A12C4926FC00D82CBA /* bodyHotPink.png */ = {isa = PBXFileReference; lastKnownFileType = image.png; path = bodyHotPink.png; sourceTree = "<group>"; };
		D4C157A22C4926FC00D82CBA /* bodyHunterGreen.png */ = {isa = PBXFileReference; lastKnownFileType = image.png; path = bodyHunterGreen.png; sourceTree = "<group>"; };
		D4C157A32C4926FC00D82CBA /* bodyMoonglow.png */ = {isa = PBXFileReference; lastKnownFileType = image.png; path = bodyMoonglow.png; sourceTree = "<group>"; };
		D4C157A42C4926FC00D82CBA /* bodyPurple.png */ = {isa = PBXFileReference; lastKnownFileType = image.png; path = bodyPurple.png; sourceTree = "<group>"; };
		D4C157A52C4926FC00D82CBA /* bodyRed.png */ = {isa = PBXFileReference; lastKnownFileType = image.png; path = bodyRed.png; sourceTree = "<group>"; };
		D4C157A62C4926FC00D82CBA /* bodySpeckled.png */ = {isa = PBXFileReference; lastKnownFileType = image.png; path = bodySpeckled.png; sourceTree = "<group>"; };
		D4C157A72C4926FC00D82CBA /* bodyWhite.png */ = {isa = PBXFileReference; lastKnownFileType = image.png; path = bodyWhite.png; sourceTree = "<group>"; };
		D4C157A82C4926FC00D82CBA /* bodyYellow.png */ = {isa = PBXFileReference; lastKnownFileType = image.png; path = bodyYellow.png; sourceTree = "<group>"; };
		D4C157A92C4926FC00D82CBA /* ringClosed.png */ = {isa = PBXFileReference; lastKnownFileType = image.png; path = ringClosed.png; sourceTree = "<group>"; };
		D4C157AA2C4926FC00D82CBA /* ringOpen.png */ = {isa = PBXFileReference; lastKnownFileType = image.png; path = ringOpen.png; sourceTree = "<group>"; };
		D4C157AB2C4926FC00D82CBA /* textEighteenMonths.png */ = {isa = PBXFileReference; lastKnownFileType = image.png; path = textEighteenMonths.png; sourceTree = "<group>"; };
		D4C157AC2C4926FC00D82CBA /* textFifteenYears.png */ = {isa = PBXFileReference; lastKnownFileType = image.png; path = textFifteenYears.png; sourceTree = "<group>"; };
		D4C157AD2C4926FC00D82CBA /* textFiftyYears.png */ = {isa = PBXFileReference; lastKnownFileType = image.png; path = textFiftyYears.png; sourceTree = "<group>"; };
		D4C157AE2C4926FC00D82CBA /* textFiveYears.png */ = {isa = PBXFileReference; lastKnownFileType = image.png; path = textFiveYears.png; sourceTree = "<group>"; };
		D4C157AF2C4926FC00D82CBA /* textFortyFiveYears.png */ = {isa = PBXFileReference; lastKnownFileType = image.png; path = textFortyFiveYears.png; sourceTree = "<group>"; };
		D4C157B02C4926FC00D82CBA /* textFortyYears.png */ = {isa = PBXFileReference; lastKnownFileType = image.png; path = textFortyYears.png; sourceTree = "<group>"; };
		D4C157B12C4926FC00D82CBA /* textMultiYear.png */ = {isa = PBXFileReference; lastKnownFileType = image.png; path = textMultiYear.png; sourceTree = "<group>"; };
		D4C157B22C4926FC00D82CBA /* textNineMonths.png */ = {isa = PBXFileReference; lastKnownFileType = image.png; path = textNineMonths.png; sourceTree = "<group>"; };
		D4C157B32C4926FC00D82CBA /* textNinetyDays.png */ = {isa = PBXFileReference; lastKnownFileType = image.png; path = textNinetyDays.png; sourceTree = "<group>"; };
		D4C157B42C4926FC00D82CBA /* textOneDay.png */ = {isa = PBXFileReference; lastKnownFileType = image.png; path = textOneDay.png; sourceTree = "<group>"; };
		D4C157B52C4926FC00D82CBA /* textOneYear.png */ = {isa = PBXFileReference; lastKnownFileType = image.png; path = textOneYear.png; sourceTree = "<group>"; };
		D4C157B62C4926FC00D82CBA /* textSixMonths.png */ = {isa = PBXFileReference; lastKnownFileType = image.png; path = textSixMonths.png; sourceTree = "<group>"; };
		D4C157B72C4926FC00D82CBA /* textSixtyDays.png */ = {isa = PBXFileReference; lastKnownFileType = image.png; path = textSixtyDays.png; sourceTree = "<group>"; };
		D4C157B82C4926FC00D82CBA /* textTenThousandDays.png */ = {isa = PBXFileReference; lastKnownFileType = image.png; path = textTenThousandDays.png; sourceTree = "<group>"; };
		D4C157B92C4926FC00D82CBA /* textTenYears.png */ = {isa = PBXFileReference; lastKnownFileType = image.png; path = textTenYears.png; sourceTree = "<group>"; };
		D4C157BA2C4926FC00D82CBA /* textThirtyDays.png */ = {isa = PBXFileReference; lastKnownFileType = image.png; path = textThirtyDays.png; sourceTree = "<group>"; };
		D4C157BB2C4926FC00D82CBA /* textThirtyFiveYears.png */ = {isa = PBXFileReference; lastKnownFileType = image.png; path = textThirtyFiveYears.png; sourceTree = "<group>"; };
		D4C157BC2C4926FC00D82CBA /* textThirtyYears.png */ = {isa = PBXFileReference; lastKnownFileType = image.png; path = textThirtyYears.png; sourceTree = "<group>"; };
		D4C157BD2C4926FC00D82CBA /* textTwentyFiveYears.png */ = {isa = PBXFileReference; lastKnownFileType = image.png; path = textTwentyFiveYears.png; sourceTree = "<group>"; };
		D4C157BE2C4926FC00D82CBA /* textTwentyYears.png */ = {isa = PBXFileReference; lastKnownFileType = image.png; path = textTwentyYears.png; sourceTree = "<group>"; };
		D4C157BF2C4926FC00D82CBA /* textWelcomeBack.png */ = {isa = PBXFileReference; lastKnownFileType = image.png; path = textWelcomeBack.png; sourceTree = "<group>"; };
		D4C79A1A27F9189800FBB7D3 /* Base */ = {isa = PBXFileReference; lastKnownFileType = file.storyboard; name = Base; path = Base.lproj/NACC_LaunchScreen.storyboard; sourceTree = "<group>"; };
		D4C79A1C27F9189800FBB7D3 /* Base */ = {isa = PBXFileReference; lastKnownFileType = file.storyboard; name = Base; path = Base.lproj/NACC_Main.storyboard; sourceTree = "<group>"; };
		D4E0B28D2D3A85D300723D0C /* Assets.xcassets */ = {isa = PBXFileReference; lastKnownFileType = folder.assetcatalog; path = Assets.xcassets; sourceTree = "<group>"; };
		D4E0B28E2D3A85D300723D0C /* Info.plist */ = {isa = PBXFileReference; lastKnownFileType = text.plist.xml; path = Info.plist; sourceTree = "<group>"; };
		D4E0B2902D3A85D300723D0C /* NACCWidgetBundle.swift */ = {isa = PBXFileReference; lastKnownFileType = sourcecode.swift; path = NACCWidgetBundle.swift; sourceTree = "<group>"; };
		D4E2F96827FCCA3200457AD4 /* Base */ = {isa = PBXFileReference; lastKnownFileType = text.plist.strings; name = Base; path = Base.lproj/Localizable.strings; sourceTree = "<group>"; };
		D4E2F96A27FCCD3400457AD4 /* Theme.xcassets */ = {isa = PBXFileReference; lastKnownFileType = folder.assetcatalog; path = Theme.xcassets; sourceTree = "<group>"; };
		D4E43A4D2C937FDF00535CDD /* NACCIntents.appex */ = {isa = PBXFileReference; explicitFileType = "wrapper.app-extension"; includeInIndex = 0; path = NACCIntents.appex; sourceTree = BUILT_PRODUCTS_DIR; };
		D4E43A4E2C937FDF00535CDD /* Intents.framework */ = {isa = PBXFileReference; lastKnownFileType = wrapper.framework; name = Intents.framework; path = System/Library/Frameworks/Intents.framework; sourceTree = SDKROOT; };
		D4E43A532C937FDF00535CDD /* Info.plist */ = {isa = PBXFileReference; lastKnownFileType = text.plist.xml; path = Info.plist; sourceTree = "<group>"; };
		D4E43A592C937FDF00535CDD /* IntentsUI.framework */ = {isa = PBXFileReference; lastKnownFileType = wrapper.framework; name = IntentsUI.framework; path = System/Library/Frameworks/IntentsUI.framework; sourceTree = SDKROOT; };
		D4E43A692C937FDF00535CDD /* NACCIntents.entitlements */ = {isa = PBXFileReference; lastKnownFileType = text.plist.entitlements; path = NACCIntents.entitlements; sourceTree = "<group>"; };
		D4F46FDB2C94654F0071D359 /* NACCShowCleantimeIntentHandler.swift */ = {isa = PBXFileReference; fileEncoding = 4; lastKnownFileType = sourcecode.swift; path = NACCShowCleantimeIntentHandler.swift; sourceTree = "<group>"; };
		D4F46FDF2C94669E0071D359 /* Base */ = {isa = PBXFileReference; lastKnownFileType = file.intentdefinition; name = Base; path = Base.lproj/NACCIntents.intentdefinition; sourceTree = "<group>"; };
/* End PBXFileReference section */

/* Begin PBXFrameworksBuildPhase section */
		D42491CA2695F44C0094C15F /* Frameworks */ = {
			isa = PBXFrameworksBuildPhase;
			buildActionMask = 2147483647;
			files = (
				D4C70F152D411E68005A2A79 /* RVS_Persistent_Prefs in Frameworks */,
				D485519628479C10005914FF /* RVS_GeneralObserver in Frameworks */,
				D46F8CC42C47EDA300A1E7F5 /* LGV_UICleantime in Frameworks */,
				D485519428479C10005914FF /* RVS_Generic_Swift_Toolbox in Frameworks */,
				D46F8CC12C47ED0800A1E7F5 /* LGV_Cleantime in Frameworks */,
				D477647A2D3FFA2400DB748E /* RVS_Persistent_Prefs in Frameworks */,
			);
			runOnlyForDeploymentPostprocessing = 0;
		};
		D47EA9CF2D39A2630072F491 /* Frameworks */ = {
			isa = PBXFrameworksBuildPhase;
			buildActionMask = 2147483647;
			files = (
				D4C70F172D411E7E005A2A79 /* RVS_Persistent_Prefs in Frameworks */,
				D47EA9D42D39A2630072F491 /* SwiftUI.framework in Frameworks */,
				D4E245E92D3DDBC0003EC91C /* RVS_UIKit_Toolbox in Frameworks */,
				D47EA9D32D39A2630072F491 /* WidgetKit.framework in Frameworks */,
				D4B57E262D3C5EE600A6844F /* LGV_UICleantime in Frameworks */,
				D4B57E282D3C5EEC00A6844F /* LGV_Cleantime in Frameworks */,
			);
			runOnlyForDeploymentPostprocessing = 0;
		};
		D4E43A4A2C937FDF00535CDD /* Frameworks */ = {
			isa = PBXFrameworksBuildPhase;
			buildActionMask = 2147483647;
			files = (
				D4E43A4F2C937FDF00535CDD /* Intents.framework in Frameworks */,
				D4B20E7A2C938D22006C7ED8 /* LGV_Cleantime in Frameworks */,
				D4B20E7C2C938D22006C7ED8 /* LGV_UICleantime in Frameworks */,
			);
			runOnlyForDeploymentPostprocessing = 0;
		};
/* End PBXFrameworksBuildPhase section */

/* Begin PBXGroup section */
		D43C667E2694AA88007D5883 = {
			isa = PBXGroup;
			children = (
				D43C66C52694AC20007D5883 /* Sources */,
				D43C66D72694AC33007D5883 /* Project-Meta */,
				D485519228479C10005914FF /* Frameworks */,
				D4E43A4D2C937FDF00535CDD /* NACCIntents.appex */,
				D47EA9D22D39A2630072F491 /* NACCWidgetExtension.appex */,
				D44D99902D3D627700680D2A /* NACC.app */,
			);
			sourceTree = "<group>";
		};
		D43C66C52694AC20007D5883 /* Sources */ = {
			isa = PBXGroup;
			children = (
				D43C66C62694AC20007D5883 /* NACC */,
				D4E43A502C937FDF00535CDD /* NACCIntents */,
				D4E0B2912D3A85D300723D0C /* NACCWidget */,
			);
			path = Sources;
			sourceTree = "<group>";
		};
		D43C66C62694AC20007D5883 /* NACC */ = {
			isa = PBXGroup;
			children = (
				D4B247C3269F0C83004D8D1E /* Main App */,
				D4B247C2269F0C76004D8D1E /* View Controllers */,
				D4F54A192809B27200F175C4 /* Utility */,
				D4B247C0269F0C52004D8D1E /* Resources */,
				D4B247C1269F0C65004D8D1E /* Meta */,
				D41657122C4846990015DDFD /* NACC.docc */,
			);
			path = NACC;
			sourceTree = "<group>";
		};
		D43C66D72694AC33007D5883 /* Project-Meta */ = {
			isa = PBXGroup;
			children = (
				D4C157C22C4926FC00D82CBA /* Web */,
				D45CF3632809AB4500065E87 /* NACC.entitlements */,
				D43C66D82694AC33007D5883 /* Warnings.xcconfig */,
			);
			path = "Project-Meta";
			sourceTree = "<group>";
		};
		D485519228479C10005914FF /* Frameworks */ = {
			isa = PBXGroup;
			children = (
				D4E43A4E2C937FDF00535CDD /* Intents.framework */,
				D4E43A592C937FDF00535CDD /* IntentsUI.framework */,
				D44CA5B32D392F4E00800DD5 /* WidgetKit.framework */,
				D44CA5B52D392F4E00800DD5 /* SwiftUI.framework */,
			);
			name = Frameworks;
			sourceTree = "<group>";
		};
		D49F5F1F2C9075D20039A098 /* Intents */ = {
			isa = PBXGroup;
			children = (
				D48C496A2C9372AA007E87C3 /* NACCGetCleantimeSummaryAppIntent.swift */,
			);
			path = Intents;
			sourceTree = "<group>";
		};
		D4B247C0269F0C52004D8D1E /* Resources */ = {
			isa = PBXGroup;
			children = (
				D4C79A1B27F9189800FBB7D3 /* NACC_Main.storyboard */,
				D4E2F96727FCCA3200457AD4 /* Localizable.strings */,
				D49C9A7A280783C6008E9917 /* InfoPlist.strings */,
				D48C496C2C9372C5007E87C3 /* AppShortcuts.strings */,
				D43C66C82694AC20007D5883 /* Assets.xcassets */,
				D4E2F96A27FCCD3400457AD4 /* Theme.xcassets */,
				D433F5D22D3B015600687B9C /* LGV_UICleantime.xcassets */,
				D4C79A1927F9189800FBB7D3 /* NACC_LaunchScreen.storyboard */,
			);
			path = Resources;
			sourceTree = "<group>";
		};
		D4B247C1269F0C65004D8D1E /* Meta */ = {
			isa = PBXGroup;
			children = (
				D43C66CE2694AC20007D5883 /* Info.plist */,
				D477647F2D40026E00DB748E /* NACC.entitlements */,
			);
			name = Meta;
			sourceTree = "<group>";
		};
		D4B247C2269F0C76004D8D1E /* View Controllers */ = {
			isa = PBXGroup;
			children = (
				D41361BF27F8D80B00DA1AD4 /* NACCBaseViewController.swift */,
				D48F812A27FCD36D001A0B87 /* NACCInitialViewController.swift */,
				D4BD88F0269E2FAA009015D1 /* NACCAboutViewController.swift */,
				D42314F527FE150E00C5E5FC /* NACCTabBarController.swift */,
				D48F812C27FCD3FA001A0B87 /* NACCTabBaseViewController.swift */,
			);
			path = "View Controllers";
			sourceTree = "<group>";
		};
		D4B247C3269F0C83004D8D1E /* Main App */ = {
			isa = PBXGroup;
			children = (
				D43C66CD2694AC20007D5883 /* NACCAppSceneDelegate.swift */,
				D49F5F1F2C9075D20039A098 /* Intents */,
			);
			path = "Main App";
			sourceTree = "<group>";
		};
		D4C157C02C4926FC00D82CBA /* img */ = {
			isa = PBXGroup;
			children = (
				D4C1579B2C4926FC00D82CBA /* bodyBlack.png */,
				D4C1579C2C4926FC00D82CBA /* bodyBlue.png */,
				D4C1579D2C4926FC00D82CBA /* bodyBurntOrange.png */,
				D4C1579E2C4926FC00D82CBA /* bodyDaygloGreen.png */,
				D4C1579F2C4926FC00D82CBA /* bodyDaygloOrange.png */,
				D4C157A02C4926FC00D82CBA /* bodyGray.png */,
				D4C157A12C4926FC00D82CBA /* bodyHotPink.png */,
				D4C157A22C4926FC00D82CBA /* bodyHunterGreen.png */,
				D4C157A32C4926FC00D82CBA /* bodyMoonglow.png */,
				D4C157A42C4926FC00D82CBA /* bodyPurple.png */,
				D4C157A52C4926FC00D82CBA /* bodyRed.png */,
				D4C157A62C4926FC00D82CBA /* bodySpeckled.png */,
				D4C157A72C4926FC00D82CBA /* bodyWhite.png */,
				D4C157A82C4926FC00D82CBA /* bodyYellow.png */,
				D4C157A92C4926FC00D82CBA /* ringClosed.png */,
				D4C157AA2C4926FC00D82CBA /* ringOpen.png */,
				D4C157AB2C4926FC00D82CBA /* textEighteenMonths.png */,
				D4C157AC2C4926FC00D82CBA /* textFifteenYears.png */,
				D4C157AD2C4926FC00D82CBA /* textFiftyYears.png */,
				D4C157AE2C4926FC00D82CBA /* textFiveYears.png */,
				D4C157AF2C4926FC00D82CBA /* textFortyFiveYears.png */,
				D4C157B02C4926FC00D82CBA /* textFortyYears.png */,
				D4C157B12C4926FC00D82CBA /* textMultiYear.png */,
				D4C157B22C4926FC00D82CBA /* textNineMonths.png */,
				D4C157B32C4926FC00D82CBA /* textNinetyDays.png */,
				D4C157B42C4926FC00D82CBA /* textOneDay.png */,
				D4C157B52C4926FC00D82CBA /* textOneYear.png */,
				D4C157B62C4926FC00D82CBA /* textSixMonths.png */,
				D4C157B72C4926FC00D82CBA /* textSixtyDays.png */,
				D4C157B82C4926FC00D82CBA /* textTenThousandDays.png */,
				D4C157B92C4926FC00D82CBA /* textTenYears.png */,
				D4C157BA2C4926FC00D82CBA /* textThirtyDays.png */,
				D4C157BB2C4926FC00D82CBA /* textThirtyFiveYears.png */,
				D4C157BC2C4926FC00D82CBA /* textThirtyYears.png */,
				D4C157BD2C4926FC00D82CBA /* textTwentyFiveYears.png */,
				D4C157BE2C4926FC00D82CBA /* textTwentyYears.png */,
				D4C157BF2C4926FC00D82CBA /* textWelcomeBack.png */,
			);
			path = img;
			sourceTree = "<group>";
		};
		D4C157C22C4926FC00D82CBA /* Web */ = {
			isa = PBXGroup;
			children = (
				D41AC87D2C49813200C79B8C /* index.php */,
				D41AC87E2C4981B500C79B8C /* apple-app-site-association */,
				D4C157C02C4926FC00D82CBA /* img */,
			);
			path = Web;
			sourceTree = SOURCE_ROOT;
		};
		D4E0B2912D3A85D300723D0C /* NACCWidget */ = {
			isa = PBXGroup;
			children = (
				D4B57E2B2D3C654C00A6844F /* NACCWidgetExtension.entitlements */,
				D4E0B2902D3A85D300723D0C /* NACCWidgetBundle.swift */,
				D4E0B28D2D3A85D300723D0C /* Assets.xcassets */,
				D4E0B28E2D3A85D300723D0C /* Info.plist */,
				D498E1852D404CB800388CC3 /* WidgetStrings.xcstrings */,
			);
			path = NACCWidget;
			sourceTree = "<group>";
		};
		D4E43A502C937FDF00535CDD /* NACCIntents */ = {
			isa = PBXGroup;
			children = (
				D4E43A692C937FDF00535CDD /* NACCIntents.entitlements */,
				D4F46FDB2C94654F0071D359 /* NACCShowCleantimeIntentHandler.swift */,
				D4F46FE02C94669E0071D359 /* NACCIntents.intentdefinition */,
				D4E43A532C937FDF00535CDD /* Info.plist */,
			);
			path = NACCIntents;
			sourceTree = "<group>";
		};
		D4F54A192809B27200F175C4 /* Utility */ = {
			isa = PBXGroup;
			children = (
				D485259527FDBD2E002EE3E3 /* NACCExtensions.swift */,
				D4B80C7E27FCF1B400401F72 /* NACCPersistentPrefs.swift */,
				D474789E28073D5400212919 /* NACCPagePrintRenderer.swift */,
			);
			path = Utility;
			sourceTree = "<group>";
		};
/* End PBXGroup section */

/* Begin PBXNativeTarget section */
		D43C66B02694ABFF007D5883 /* NACC */ = {
			isa = PBXNativeTarget;
			buildConfigurationList = D43C66C22694AC00007D5883 /* Build configuration list for PBXNativeTarget "NACC" */;
			buildPhases = (
				D43C66AD2694ABFF007D5883 /* Sources */,
				D43C66AF2694ABFF007D5883 /* Resources */,
				D42491CA2695F44C0094C15F /* Frameworks */,
				D4E43A6A2C937FDF00535CDD /* Embed Foundation Extensions */,
			);
			buildRules = (
			);
			dependencies = (
				D4E43A672C937FDF00535CDD /* PBXTargetDependency */,
				D47EA9DE2D39A2640072F491 /* PBXTargetDependency */,
			);
			name = NACC;
			packageProductDependencies = (
				D485519328479C10005914FF /* RVS_Generic_Swift_Toolbox */,
				D485519528479C10005914FF /* RVS_GeneralObserver */,
				D46F8CC02C47ED0800A1E7F5 /* LGV_Cleantime */,
				D46F8CC32C47EDA300A1E7F5 /* LGV_UICleantime */,
				D47764792D3FFA2400DB748E /* RVS_Persistent_Prefs */,
				D4C70F142D411E68005A2A79 /* RVS_Persistent_Prefs */,
			);
			productName = UICleantimeTestHarness;
			productReference = D44D99902D3D627700680D2A /* NACC.app */;
			productType = "com.apple.product-type.application";
		};
		D47EA9D12D39A2630072F491 /* NACCWidgetExtension */ = {
			isa = PBXNativeTarget;
			buildConfigurationList = D47EA9E32D39A2640072F491 /* Build configuration list for PBXNativeTarget "NACCWidgetExtension" */;
			buildPhases = (
				D47EA9CE2D39A2630072F491 /* Sources */,
				D47EA9CF2D39A2630072F491 /* Frameworks */,
				D47EA9D02D39A2630072F491 /* Resources */,
			);
			buildRules = (
			);
			dependencies = (
			);
			name = NACCWidgetExtension;
			packageProductDependencies = (
				D4B57E252D3C5EE600A6844F /* LGV_UICleantime */,
				D4B57E272D3C5EEC00A6844F /* LGV_Cleantime */,
				D4E245E82D3DDBC0003EC91C /* RVS_UIKit_Toolbox */,
				D4C70F162D411E7E005A2A79 /* RVS_Persistent_Prefs */,
			);
			productName = NACCWidgetExtension;
			productReference = D47EA9D22D39A2630072F491 /* NACCWidgetExtension.appex */;
			productType = "com.apple.product-type.app-extension";
		};
		D4E43A4C2C937FDF00535CDD /* NACCIntents */ = {
			isa = PBXNativeTarget;
			buildConfigurationList = D4E43A702C937FDF00535CDD /* Build configuration list for PBXNativeTarget "NACCIntents" */;
			buildPhases = (
				D4E43A492C937FDF00535CDD /* Sources */,
				D4E43A4A2C937FDF00535CDD /* Frameworks */,
			);
			buildRules = (
			);
			dependencies = (
			);
			name = NACCIntents;
			packageProductDependencies = (
				D4B20E792C938D22006C7ED8 /* LGV_Cleantime */,
				D4B20E7B2C938D22006C7ED8 /* LGV_UICleantime */,
			);
			productName = NACCIntents;
			productReference = D4E43A4D2C937FDF00535CDD /* NACCIntents.appex */;
			productType = "com.apple.product-type.app-extension";
		};
/* End PBXNativeTarget section */

/* Begin PBXProject section */
		D43C667F2694AA88007D5883 /* Project object */ = {
			isa = PBXProject;
			attributes = {
				BuildIndependentTargetsInParallel = YES;
				LastSwiftUpdateCheck = 1620;
				LastUpgradeCheck = 1620;
				TargetAttributes = {
					D43C66B02694ABFF007D5883 = {
						CreatedOnToolsVersion = 12.5.1;
					};
					D47EA9D12D39A2630072F491 = {
						CreatedOnToolsVersion = 16.2;
					};
					D4E43A4C2C937FDF00535CDD = {
						CreatedOnToolsVersion = 15.4;
						LastSwiftMigration = 1540;
					};
				};
			};
			buildConfigurationList = D43C66822694AA88007D5883 /* Build configuration list for PBXProject "NACC" */;
			developmentRegion = en;
			hasScannedForEncodings = 0;
			knownRegions = (
				en,
				Base,
			);
			mainGroup = D43C667E2694AA88007D5883;
			packageReferences = (
				D42491B52695EF270094C15F /* XCRemoteSwiftPackageReference "RVS_Generic_Swift_Toolbox" */,
				D4E6423226AB228E00CA6EE7 /* XCRemoteSwiftPackageReference "RVS_GeneralObserver" */,
				D46F8CBF2C47ED0800A1E7F5 /* XCRemoteSwiftPackageReference "LGV_Cleantime" */,
				D46F8CC22C47EDA300A1E7F5 /* XCRemoteSwiftPackageReference "LGV_UICleantime" */,
				D4E245E32D3DDB1E003EC91C /* XCRemoteSwiftPackageReference "RVS_UIKit_Toolbox" */,
				D4C70F132D411E68005A2A79 /* XCRemoteSwiftPackageReference "RVS_PersistentPrefs" */,
			);
			preferredProjectObjectVersion = 77;
			productRefGroup = D43C667E2694AA88007D5883;
			projectDirPath = "";
			projectRoot = "";
			targets = (
				D43C66B02694ABFF007D5883 /* NACC */,
				D4E43A4C2C937FDF00535CDD /* NACCIntents */,
				D47EA9D12D39A2630072F491 /* NACCWidgetExtension */,
			);
		};
/* End PBXProject section */

/* Begin PBXResourcesBuildPhase section */
		D43C66AF2694ABFF007D5883 /* Resources */ = {
			isa = PBXResourcesBuildPhase;
			buildActionMask = 2147483647;
			files = (
				D4E2F96927FCCA3200457AD4 /* Localizable.strings in Resources */,
				D49C9A7C280783C6008E9917 /* InfoPlist.strings in Resources */,
				D43C66D12694AC20007D5883 /* Assets.xcassets in Resources */,
				D48C496E2C9372C5007E87C3 /* AppShortcuts.strings in Resources */,
				D433F5D32D3B015600687B9C /* LGV_UICleantime.xcassets in Resources */,
				D4E2F96B27FCCD3400457AD4 /* Theme.xcassets in Resources */,
				D4C79A2127F9189800FBB7D3 /* NACC_Main.storyboard in Resources */,
				D4C79A2027F9189800FBB7D3 /* NACC_LaunchScreen.storyboard in Resources */,
			);
			runOnlyForDeploymentPostprocessing = 0;
		};
		D47EA9D02D39A2630072F491 /* Resources */ = {
			isa = PBXResourcesBuildPhase;
			buildActionMask = 2147483647;
			files = (
				D498E1872D404D5500388CC3 /* Localizable.strings in Resources */,
				D498E1862D404CB800388CC3 /* WidgetStrings.xcstrings in Resources */,
				D4A1CC022D413FCF00098329 /* Assets.xcassets in Resources */,
				D4E245E22D3DD963003EC91C /* LGV_UICleantime.xcassets in Resources */,
			);
			runOnlyForDeploymentPostprocessing = 0;
		};
/* End PBXResourcesBuildPhase section */

/* Begin PBXSourcesBuildPhase section */
		D43C66AD2694ABFF007D5883 /* Sources */ = {
			isa = PBXSourcesBuildPhase;
			buildActionMask = 2147483647;
			files = (
				D43C66D42694AC20007D5883 /* NACCAppSceneDelegate.swift in Sources */,
				D48F812D27FCD3FA001A0B87 /* NACCTabBaseViewController.swift in Sources */,
				D42314F627FE150E00C5E5FC /* NACCTabBarController.swift in Sources */,
				D48C496B2C9372AA007E87C3 /* NACCGetCleantimeSummaryAppIntent.swift in Sources */,
				D41361C027F8D80B00DA1AD4 /* NACCBaseViewController.swift in Sources */,
				D4B80C7F27FCF1B400401F72 /* NACCPersistentPrefs.swift in Sources */,
				D4BD88F1269E2FAA009015D1 /* NACCAboutViewController.swift in Sources */,
				D48F812B27FCD36D001A0B87 /* NACCInitialViewController.swift in Sources */,
				D474789F28073D5400212919 /* NACCPagePrintRenderer.swift in Sources */,
				D485259627FDBD2E002EE3E3 /* NACCExtensions.swift in Sources */,
				D41657132C4846990015DDFD /* NACC.docc in Sources */,
			);
			runOnlyForDeploymentPostprocessing = 0;
		};
		D47EA9CE2D39A2630072F491 /* Sources */ = {
			isa = PBXSourcesBuildPhase;
			buildActionMask = 2147483647;
			files = (
				D4B57E242D3C5E2D00A6844F /* NACCPersistentPrefs.swift in Sources */,
				D4E0B2952D3A85D300723D0C /* NACCWidgetBundle.swift in Sources */,
			);
			runOnlyForDeploymentPostprocessing = 0;
		};
		D4E43A492C937FDF00535CDD /* Sources */ = {
			isa = PBXSourcesBuildPhase;
			buildActionMask = 2147483647;
			files = (
				D4F46FDC2C94654F0071D359 /* NACCShowCleantimeIntentHandler.swift in Sources */,
				D4F46FE12C94669E0071D359 /* NACCIntents.intentdefinition in Sources */,
			);
			runOnlyForDeploymentPostprocessing = 0;
		};
/* End PBXSourcesBuildPhase section */

/* Begin PBXTargetDependency section */
		D47EA9DE2D39A2640072F491 /* PBXTargetDependency */ = {
			isa = PBXTargetDependency;
			target = D47EA9D12D39A2630072F491 /* NACCWidgetExtension */;
			targetProxy = D47EA9DD2D39A2640072F491 /* PBXContainerItemProxy */;
		};
		D4E43A672C937FDF00535CDD /* PBXTargetDependency */ = {
			isa = PBXTargetDependency;
			target = D4E43A4C2C937FDF00535CDD /* NACCIntents */;
			targetProxy = D4E43A662C937FDF00535CDD /* PBXContainerItemProxy */;
		};
/* End PBXTargetDependency section */

/* Begin PBXVariantGroup section */
		D48C496C2C9372C5007E87C3 /* AppShortcuts.strings */ = {
			isa = PBXVariantGroup;
			children = (
				D48C496D2C9372C5007E87C3 /* en */,
			);
			name = AppShortcuts.strings;
			sourceTree = "<group>";
		};
		D49C9A7A280783C6008E9917 /* InfoPlist.strings */ = {
			isa = PBXVariantGroup;
			children = (
				D49C9A7B280783C6008E9917 /* Base */,
			);
			name = InfoPlist.strings;
			sourceTree = "<group>";
		};
		D4C79A1927F9189800FBB7D3 /* NACC_LaunchScreen.storyboard */ = {
			isa = PBXVariantGroup;
			children = (
				D4C79A1A27F9189800FBB7D3 /* Base */,
			);
			name = NACC_LaunchScreen.storyboard;
			sourceTree = "<group>";
		};
		D4C79A1B27F9189800FBB7D3 /* NACC_Main.storyboard */ = {
			isa = PBXVariantGroup;
			children = (
				D4C79A1C27F9189800FBB7D3 /* Base */,
			);
			name = NACC_Main.storyboard;
			sourceTree = "<group>";
		};
		D4E2F96727FCCA3200457AD4 /* Localizable.strings */ = {
			isa = PBXVariantGroup;
			children = (
				D4E2F96827FCCA3200457AD4 /* Base */,
			);
			name = Localizable.strings;
			sourceTree = "<group>";
		};
		D4F46FE02C94669E0071D359 /* NACCIntents.intentdefinition */ = {
			isa = PBXVariantGroup;
			children = (
				D4F46FDF2C94669E0071D359 /* Base */,
			);
			name = NACCIntents.intentdefinition;
			sourceTree = "<group>";
		};
/* End PBXVariantGroup section */

/* Begin XCBuildConfiguration section */
		D43C668C2694AA88007D5883 /* Debug */ = {
			isa = XCBuildConfiguration;
			baseConfigurationReference = D43C66D82694AC33007D5883 /* Warnings.xcconfig */;
			buildSettings = {
				ALWAYS_SEARCH_USER_PATHS = NO;
				APP_BUILD = 3009;
				APP_SHORTCUTS_ENABLE_FLEXIBLE_MATCHING = NO;
				APP_VERSION = 5.3.0;
				ASSETCATALOG_COMPILER_GENERATE_SWIFT_ASSET_SYMBOL_EXTENSIONS = YES;
				CLANG_ANALYZER_NONNULL = YES;
				CLANG_ANALYZER_NUMBER_OBJECT_CONVERSION = YES_AGGRESSIVE;
				CLANG_CXX_LANGUAGE_STANDARD = "gnu++14";
				CLANG_CXX_LIBRARY = "libc++";
				CLANG_ENABLE_MODULES = YES;
				CLANG_ENABLE_OBJC_ARC = YES;
				CLANG_ENABLE_OBJC_WEAK = YES;
				CLANG_WARN_BLOCK_CAPTURE_AUTORELEASING = YES;
				CLANG_WARN_BOOL_CONVERSION = YES;
				CLANG_WARN_COMMA = YES;
				CLANG_WARN_CONSTANT_CONVERSION = YES;
				CLANG_WARN_DEPRECATED_OBJC_IMPLEMENTATIONS = YES;
				CLANG_WARN_DIRECT_OBJC_ISA_USAGE = YES_ERROR;
				CLANG_WARN_DOCUMENTATION_COMMENTS = YES;
				CLANG_WARN_EMPTY_BODY = YES;
				CLANG_WARN_ENUM_CONVERSION = YES;
				CLANG_WARN_INFINITE_RECURSION = YES;
				CLANG_WARN_INT_CONVERSION = YES;
				CLANG_WARN_NON_LITERAL_NULL_CONVERSION = YES;
				CLANG_WARN_OBJC_IMPLICIT_RETAIN_SELF = YES;
				CLANG_WARN_OBJC_LITERAL_CONVERSION = YES;
				CLANG_WARN_OBJC_ROOT_CLASS = YES_ERROR;
				CLANG_WARN_QUOTED_INCLUDE_IN_FRAMEWORK_HEADER = YES;
				CLANG_WARN_RANGE_LOOP_ANALYSIS = YES;
				CLANG_WARN_STRICT_PROTOTYPES = YES;
				CLANG_WARN_SUSPICIOUS_MOVE = YES;
				CLANG_WARN_UNGUARDED_AVAILABILITY = YES_AGGRESSIVE;
				CLANG_WARN_UNREACHABLE_CODE = YES;
				CLANG_WARN__DUPLICATE_METHOD_MATCH = YES;
				COPY_PHASE_STRIP = NO;
				CURRENT_PROJECT_VERSION = "$(APP_BUILD)";
				DEBUG_INFORMATION_FORMAT = dwarf;
				ENABLE_STRICT_OBJC_MSGSEND = YES;
				ENABLE_TESTABILITY = YES;
				ENABLE_USER_SCRIPT_SANDBOXING = YES;
				GCC_C_LANGUAGE_STANDARD = gnu11;
				GCC_DYNAMIC_NO_PIC = NO;
				GCC_NO_COMMON_BLOCKS = YES;
				GCC_OPTIMIZATION_LEVEL = 0;
				GCC_PREPROCESSOR_DEFINITIONS = (
					"DEBUG=1",
					"$(inherited)",
				);
				GCC_WARN_64_TO_32_BIT_CONVERSION = YES;
				GCC_WARN_ABOUT_RETURN_TYPE = YES_ERROR;
				GCC_WARN_UNDECLARED_SELECTOR = YES;
				GCC_WARN_UNINITIALIZED_AUTOS = YES_AGGRESSIVE;
				GCC_WARN_UNUSED_FUNCTION = YES;
				GCC_WARN_UNUSED_VARIABLE = YES;
				IPHONEOS_DEPLOYMENT_TARGET = 16.0;
				MACOSX_DEPLOYMENT_TARGET = 10.15;
				MARKETING_VERSION = "$(APP_VERSION)";
				MTL_ENABLE_DEBUG_INFO = INCLUDE_SOURCE;
				MTL_FAST_MATH = YES;
				ONLY_ACTIVE_ARCH = YES;
				SDKROOT = iphoneos;
				SUPPORTED_PLATFORMS = "iphonesimulator iphoneos";
				SWIFT_ACTIVE_COMPILATION_CONDITIONS = DEBUG;
				SWIFT_EMIT_LOC_STRINGS = YES;
				SWIFT_OPTIMIZATION_LEVEL = "-Onone";
				TARGETED_DEVICE_FAMILY = "1,2";
			};
			name = Debug;
		};
		D43C668D2694AA88007D5883 /* Release */ = {
			isa = XCBuildConfiguration;
			baseConfigurationReference = D43C66D82694AC33007D5883 /* Warnings.xcconfig */;
			buildSettings = {
				ALWAYS_SEARCH_USER_PATHS = NO;
				APP_BUILD = 3009;
				APP_SHORTCUTS_ENABLE_FLEXIBLE_MATCHING = NO;
				APP_VERSION = 5.3.0;
				ASSETCATALOG_COMPILER_GENERATE_SWIFT_ASSET_SYMBOL_EXTENSIONS = YES;
				CLANG_ANALYZER_NONNULL = YES;
				CLANG_ANALYZER_NUMBER_OBJECT_CONVERSION = YES_AGGRESSIVE;
				CLANG_CXX_LANGUAGE_STANDARD = "gnu++14";
				CLANG_CXX_LIBRARY = "libc++";
				CLANG_ENABLE_MODULES = YES;
				CLANG_ENABLE_OBJC_ARC = YES;
				CLANG_ENABLE_OBJC_WEAK = YES;
				CLANG_WARN_BLOCK_CAPTURE_AUTORELEASING = YES;
				CLANG_WARN_BOOL_CONVERSION = YES;
				CLANG_WARN_COMMA = YES;
				CLANG_WARN_CONSTANT_CONVERSION = YES;
				CLANG_WARN_DEPRECATED_OBJC_IMPLEMENTATIONS = YES;
				CLANG_WARN_DIRECT_OBJC_ISA_USAGE = YES_ERROR;
				CLANG_WARN_DOCUMENTATION_COMMENTS = YES;
				CLANG_WARN_EMPTY_BODY = YES;
				CLANG_WARN_ENUM_CONVERSION = YES;
				CLANG_WARN_INFINITE_RECURSION = YES;
				CLANG_WARN_INT_CONVERSION = YES;
				CLANG_WARN_NON_LITERAL_NULL_CONVERSION = YES;
				CLANG_WARN_OBJC_IMPLICIT_RETAIN_SELF = YES;
				CLANG_WARN_OBJC_LITERAL_CONVERSION = YES;
				CLANG_WARN_OBJC_ROOT_CLASS = YES_ERROR;
				CLANG_WARN_QUOTED_INCLUDE_IN_FRAMEWORK_HEADER = YES;
				CLANG_WARN_RANGE_LOOP_ANALYSIS = YES;
				CLANG_WARN_STRICT_PROTOTYPES = YES;
				CLANG_WARN_SUSPICIOUS_MOVE = YES;
				CLANG_WARN_UNGUARDED_AVAILABILITY = YES_AGGRESSIVE;
				CLANG_WARN_UNREACHABLE_CODE = YES;
				CLANG_WARN__DUPLICATE_METHOD_MATCH = YES;
				COPY_PHASE_STRIP = NO;
				CURRENT_PROJECT_VERSION = "$(APP_BUILD)";
				DEBUG_INFORMATION_FORMAT = "dwarf-with-dsym";
				ENABLE_NS_ASSERTIONS = NO;
				ENABLE_STRICT_OBJC_MSGSEND = YES;
				ENABLE_USER_SCRIPT_SANDBOXING = YES;
				GCC_C_LANGUAGE_STANDARD = gnu11;
				GCC_NO_COMMON_BLOCKS = YES;
				GCC_WARN_64_TO_32_BIT_CONVERSION = YES;
				GCC_WARN_ABOUT_RETURN_TYPE = YES_ERROR;
				GCC_WARN_UNDECLARED_SELECTOR = YES;
				GCC_WARN_UNINITIALIZED_AUTOS = YES_AGGRESSIVE;
				GCC_WARN_UNUSED_FUNCTION = YES;
				GCC_WARN_UNUSED_VARIABLE = YES;
				IPHONEOS_DEPLOYMENT_TARGET = 16.0;
				MACOSX_DEPLOYMENT_TARGET = 10.15;
				MARKETING_VERSION = "$(APP_VERSION)";
				MTL_ENABLE_DEBUG_INFO = NO;
				MTL_FAST_MATH = YES;
				SDKROOT = iphoneos;
				SUPPORTED_PLATFORMS = "iphonesimulator iphoneos";
				SWIFT_COMPILATION_MODE = wholemodule;
				SWIFT_EMIT_LOC_STRINGS = YES;
				SWIFT_OPTIMIZATION_LEVEL = "-O";
				TARGETED_DEVICE_FAMILY = "1,2";
				VALIDATE_PRODUCT = YES;
			};
			name = Release;
		};
		D43C66C32694AC00007D5883 /* Debug */ = {
			isa = XCBuildConfiguration;
			buildSettings = {
				ALLOW_TARGET_PLATFORM_SPECIALIZATION = YES;
				ASSETCATALOG_COMPILER_APPICON_NAME = AppIcon;
				ASSETCATALOG_COMPILER_GLOBAL_ACCENT_COLOR_NAME = AccentColor;
				CODE_SIGN_ENTITLEMENTS = "Project-Meta/NACC.entitlements";
				CODE_SIGN_IDENTITY = "Apple Development";
				CODE_SIGN_STYLE = Automatic;
				CURRENT_PROJECT_VERSION = 3020;
				DEVELOPMENT_TEAM = P53V4JS928;
				INFOPLIST_FILE = "$(SRCROOT)/Sources/NACC/Info.plist";
				INFOPLIST_KEY_LSApplicationCategoryType = "public.app-category.lifestyle";
				IPHONEOS_DEPLOYMENT_TARGET = 17.0;
				LD_RUNPATH_SEARCH_PATHS = (
					"$(inherited)",
					"@executable_path/Frameworks",
				);
				MACOSX_DEPLOYMENT_TARGET = 11.0;
				MARKETING_VERSION = 5.4.0;
				PRODUCT_BUNDLE_IDENTIFIER = org.magshare.NACC;
				PRODUCT_NAME = "$(TARGET_NAME)";
				PROVISIONING_PROFILE_SPECIFIER = "";
				SUPPORTED_PLATFORMS = "iphoneos iphonesimulator";
				SUPPORTS_MACCATALYST = YES;
				SUPPORTS_MAC_DESIGNED_FOR_IPHONE_IPAD = YES;
				SUPPORTS_XR_DESIGNED_FOR_IPHONE_IPAD = NO;
				SWIFT_VERSION = 5.0;
				TARGETED_DEVICE_FAMILY = "1,2";
				TVOS_DEPLOYMENT_TARGET = "";
				WATCHOS_DEPLOYMENT_TARGET = "";
			};
			name = Debug;
		};
		D43C66C42694AC00007D5883 /* Release */ = {
			isa = XCBuildConfiguration;
			buildSettings = {
				ALLOW_TARGET_PLATFORM_SPECIALIZATION = YES;
				ASSETCATALOG_COMPILER_APPICON_NAME = AppIcon;
				ASSETCATALOG_COMPILER_GLOBAL_ACCENT_COLOR_NAME = AccentColor;
				CODE_SIGN_ENTITLEMENTS = "Project-Meta/NACC.entitlements";
				CODE_SIGN_IDENTITY = "Apple Development";
				CODE_SIGN_STYLE = Automatic;
				CURRENT_PROJECT_VERSION = 3020;
				DEVELOPMENT_TEAM = P53V4JS928;
				INFOPLIST_FILE = "$(SRCROOT)/Sources/NACC/Info.plist";
				INFOPLIST_KEY_LSApplicationCategoryType = "public.app-category.lifestyle";
				IPHONEOS_DEPLOYMENT_TARGET = 17.0;
				LD_RUNPATH_SEARCH_PATHS = (
					"$(inherited)",
					"@executable_path/Frameworks",
				);
				MACOSX_DEPLOYMENT_TARGET = 11.0;
				MARKETING_VERSION = 5.4.0;
				PRODUCT_BUNDLE_IDENTIFIER = org.magshare.NACC;
				PRODUCT_NAME = "$(TARGET_NAME)";
				PROVISIONING_PROFILE_SPECIFIER = "";
				SUPPORTED_PLATFORMS = "iphoneos iphonesimulator";
				SUPPORTS_MACCATALYST = YES;
				SUPPORTS_MAC_DESIGNED_FOR_IPHONE_IPAD = YES;
				SUPPORTS_XR_DESIGNED_FOR_IPHONE_IPAD = NO;
				SWIFT_VERSION = 5.0;
				TARGETED_DEVICE_FAMILY = "1,2";
				TVOS_DEPLOYMENT_TARGET = "";
				WATCHOS_DEPLOYMENT_TARGET = "";
			};
			name = Release;
		};
		D47EA9E02D39A2640072F491 /* Debug */ = {
			isa = XCBuildConfiguration;
			buildSettings = {
				ASSETCATALOG_COMPILER_GLOBAL_ACCENT_COLOR_NAME = AccentColor;
				ASSETCATALOG_COMPILER_WIDGET_BACKGROUND_COLOR_NAME = WidgetBackground;
				CLANG_CXX_LANGUAGE_STANDARD = "gnu++20";
				CODE_SIGN_ENTITLEMENTS = Sources/NACCWidget/NACCWidgetExtension.entitlements;
				CODE_SIGN_IDENTITY = "Apple Development";
				CODE_SIGN_STYLE = Automatic;
				CURRENT_PROJECT_VERSION = 3020;
				DEVELOPMENT_TEAM = P53V4JS928;
				GCC_C_LANGUAGE_STANDARD = gnu17;
				GENERATE_INFOPLIST_FILE = YES;
				INFOPLIST_FILE = Sources/NACCWidget/Info.plist;
				INFOPLIST_KEY_CFBundleDisplayName = NACCWidget;
				INFOPLIST_KEY_NSHumanReadableCopyright = "";
				IPHONEOS_DEPLOYMENT_TARGET = 17.0;
				LD_RUNPATH_SEARCH_PATHS = (
					"$(inherited)",
					"@executable_path/Frameworks",
					"@executable_path/../../Frameworks",
				);
				LOCALIZATION_PREFERS_STRING_CATALOGS = YES;
				MARKETING_VERSION = 5.4.0;
				PRODUCT_BUNDLE_IDENTIFIER = org.magshare.NACC.NACCWidget;
				PRODUCT_NAME = "$(TARGET_NAME)";
				SKIP_INSTALL = YES;
				SUPPORTED_PLATFORMS = "iphoneos iphonesimulator";
				SUPPORTS_MACCATALYST = YES;
				SUPPORTS_MAC_DESIGNED_FOR_IPHONE_IPAD = YES;
				SUPPORTS_XR_DESIGNED_FOR_IPHONE_IPAD = NO;
				SWIFT_ACTIVE_COMPILATION_CONDITIONS = "DEBUG $(inherited)";
				SWIFT_EMIT_LOC_STRINGS = YES;
				SWIFT_VERSION = 5.0;
				TARGETED_DEVICE_FAMILY = "1,2";
			};
			name = Debug;
		};
		D47EA9E12D39A2640072F491 /* Release */ = {
			isa = XCBuildConfiguration;
			buildSettings = {
				ASSETCATALOG_COMPILER_GLOBAL_ACCENT_COLOR_NAME = AccentColor;
				ASSETCATALOG_COMPILER_WIDGET_BACKGROUND_COLOR_NAME = WidgetBackground;
				CLANG_CXX_LANGUAGE_STANDARD = "gnu++20";
				CODE_SIGN_ENTITLEMENTS = Sources/NACCWidget/NACCWidgetExtension.entitlements;
				CODE_SIGN_IDENTITY = "Apple Development";
				CODE_SIGN_STYLE = Automatic;
				CURRENT_PROJECT_VERSION = 3020;
				DEVELOPMENT_TEAM = P53V4JS928;
				GCC_C_LANGUAGE_STANDARD = gnu17;
				GENERATE_INFOPLIST_FILE = YES;
				INFOPLIST_FILE = Sources/NACCWidget/Info.plist;
				INFOPLIST_KEY_CFBundleDisplayName = NACCWidget;
				INFOPLIST_KEY_NSHumanReadableCopyright = "";
				IPHONEOS_DEPLOYMENT_TARGET = 17.0;
				LD_RUNPATH_SEARCH_PATHS = (
					"$(inherited)",
					"@executable_path/Frameworks",
					"@executable_path/../../Frameworks",
				);
				LOCALIZATION_PREFERS_STRING_CATALOGS = YES;
				MARKETING_VERSION = 5.4.0;
				PRODUCT_BUNDLE_IDENTIFIER = org.magshare.NACC.NACCWidget;
				PRODUCT_NAME = "$(TARGET_NAME)";
				SKIP_INSTALL = YES;
				SUPPORTED_PLATFORMS = "iphoneos iphonesimulator";
				SUPPORTS_MACCATALYST = YES;
				SUPPORTS_MAC_DESIGNED_FOR_IPHONE_IPAD = YES;
				SUPPORTS_XR_DESIGNED_FOR_IPHONE_IPAD = NO;
				SWIFT_EMIT_LOC_STRINGS = YES;
				SWIFT_VERSION = 5.0;
				TARGETED_DEVICE_FAMILY = "1,2";
			};
			name = Release;
		};
		D4E43A6B2C937FDF00535CDD /* Debug */ = {
			isa = XCBuildConfiguration;
			buildSettings = {
				CLANG_CXX_LANGUAGE_STANDARD = "gnu++20";
				CLANG_ENABLE_MODULES = YES;
				CODE_SIGN_ENTITLEMENTS = Sources/NACCIntents/NACCIntents.entitlements;
				CODE_SIGN_IDENTITY = "Apple Development";
				CODE_SIGN_STYLE = Automatic;
				CURRENT_PROJECT_VERSION = 3020;
				DEVELOPMENT_TEAM = P53V4JS928;
				GCC_C_LANGUAGE_STANDARD = gnu17;
				GENERATE_INFOPLIST_FILE = YES;
				INFOPLIST_FILE = Sources/NACCIntents/Info.plist;
				INFOPLIST_KEY_CFBundleDisplayName = NACCIntents;
				INFOPLIST_KEY_NSHumanReadableCopyright = "";
				IPHONEOS_DEPLOYMENT_TARGET = 17.0;
				LD_RUNPATH_SEARCH_PATHS = (
					"$(inherited)",
					"@executable_path/Frameworks",
					"@executable_path/../../Frameworks",
				);
				LOCALIZATION_PREFERS_STRING_CATALOGS = YES;
				MACOSX_DEPLOYMENT_TARGET = 11.0;
				MARKETING_VERSION = 5.4.0;
				PRODUCT_BUNDLE_IDENTIFIER = org.magshare.NACC.NACCIntents;
				PRODUCT_NAME = "$(TARGET_NAME)";
				SKIP_INSTALL = YES;
				SUPPORTED_PLATFORMS = "iphoneos iphonesimulator";
				SUPPORTS_MACCATALYST = YES;
				SUPPORTS_MAC_DESIGNED_FOR_IPHONE_IPAD = YES;
				SUPPORTS_XR_DESIGNED_FOR_IPHONE_IPAD = NO;
				SWIFT_ACTIVE_COMPILATION_CONDITIONS = "iOS_EXTENSION $(inherited)";
				SWIFT_EMIT_LOC_STRINGS = YES;
				SWIFT_OPTIMIZATION_LEVEL = "-Onone";
				SWIFT_VERSION = 5.0;
				TARGETED_DEVICE_FAMILY = "1,2";
			};
			name = Debug;
		};
		D4E43A6C2C937FDF00535CDD /* Release */ = {
			isa = XCBuildConfiguration;
			buildSettings = {
				CLANG_CXX_LANGUAGE_STANDARD = "gnu++20";
				CLANG_ENABLE_MODULES = YES;
				CODE_SIGN_ENTITLEMENTS = Sources/NACCIntents/NACCIntents.entitlements;
				CODE_SIGN_IDENTITY = "Apple Development";
				CODE_SIGN_STYLE = Automatic;
				CURRENT_PROJECT_VERSION = 3020;
				DEVELOPMENT_TEAM = P53V4JS928;
				GCC_C_LANGUAGE_STANDARD = gnu17;
				GENERATE_INFOPLIST_FILE = YES;
				INFOPLIST_FILE = Sources/NACCIntents/Info.plist;
				INFOPLIST_KEY_CFBundleDisplayName = NACCIntents;
				INFOPLIST_KEY_NSHumanReadableCopyright = "";
				IPHONEOS_DEPLOYMENT_TARGET = 17.0;
				LD_RUNPATH_SEARCH_PATHS = (
					"$(inherited)",
					"@executable_path/Frameworks",
					"@executable_path/../../Frameworks",
				);
				LOCALIZATION_PREFERS_STRING_CATALOGS = YES;
				MACOSX_DEPLOYMENT_TARGET = 11.0;
				MARKETING_VERSION = 5.4.0;
				PRODUCT_BUNDLE_IDENTIFIER = org.magshare.NACC.NACCIntents;
				PRODUCT_NAME = "$(TARGET_NAME)";
				SKIP_INSTALL = YES;
				SUPPORTED_PLATFORMS = "iphoneos iphonesimulator";
				SUPPORTS_MACCATALYST = YES;
				SUPPORTS_MAC_DESIGNED_FOR_IPHONE_IPAD = YES;
				SUPPORTS_XR_DESIGNED_FOR_IPHONE_IPAD = NO;
				SWIFT_ACTIVE_COMPILATION_CONDITIONS = iOS_EXTENSION;
				SWIFT_EMIT_LOC_STRINGS = YES;
				SWIFT_VERSION = 5.0;
				TARGETED_DEVICE_FAMILY = "1,2";
			};
			name = Release;
		};
/* End XCBuildConfiguration section */

/* Begin XCConfigurationList section */
		D43C66822694AA88007D5883 /* Build configuration list for PBXProject "NACC" */ = {
			isa = XCConfigurationList;
			buildConfigurations = (
				D43C668C2694AA88007D5883 /* Debug */,
				D43C668D2694AA88007D5883 /* Release */,
			);
			defaultConfigurationIsVisible = 0;
			defaultConfigurationName = Release;
		};
		D43C66C22694AC00007D5883 /* Build configuration list for PBXNativeTarget "NACC" */ = {
			isa = XCConfigurationList;
			buildConfigurations = (
				D43C66C32694AC00007D5883 /* Debug */,
				D43C66C42694AC00007D5883 /* Release */,
			);
			defaultConfigurationIsVisible = 0;
			defaultConfigurationName = Release;
		};
		D47EA9E32D39A2640072F491 /* Build configuration list for PBXNativeTarget "NACCWidgetExtension" */ = {
			isa = XCConfigurationList;
			buildConfigurations = (
				D47EA9E02D39A2640072F491 /* Debug */,
				D47EA9E12D39A2640072F491 /* Release */,
			);
			defaultConfigurationIsVisible = 0;
			defaultConfigurationName = Release;
		};
		D4E43A702C937FDF00535CDD /* Build configuration list for PBXNativeTarget "NACCIntents" */ = {
			isa = XCConfigurationList;
			buildConfigurations = (
				D4E43A6B2C937FDF00535CDD /* Debug */,
				D4E43A6C2C937FDF00535CDD /* Release */,
			);
			defaultConfigurationIsVisible = 0;
			defaultConfigurationName = Release;
		};
/* End XCConfigurationList section */

/* Begin XCRemoteSwiftPackageReference section */
		D42491B52695EF270094C15F /* XCRemoteSwiftPackageReference "RVS_Generic_Swift_Toolbox" */ = {
			isa = XCRemoteSwiftPackageReference;
			repositoryURL = "git@github.com:RiftValleySoftware/RVS_Generic_Swift_Toolbox.git";
			requirement = {
				kind = upToNextMajorVersion;
				minimumVersion = 1.15.5;
			};
		};
		D46F8CBF2C47ED0800A1E7F5 /* XCRemoteSwiftPackageReference "LGV_Cleantime" */ = {
			isa = XCRemoteSwiftPackageReference;
			repositoryURL = "https://github.com/LittleGreenViper/LGV_Cleantime";
			requirement = {
				kind = upToNextMajorVersion;
				minimumVersion = 1.4.3;
			};
		};
		D46F8CC22C47EDA300A1E7F5 /* XCRemoteSwiftPackageReference "LGV_UICleantime" */ = {
			isa = XCRemoteSwiftPackageReference;
			repositoryURL = "https://github.com/LittleGreenViper/LGV_UICleantime";
			requirement = {
				kind = upToNextMajorVersion;
				minimumVersion = 2.0.2;
			};
		};
		D4C70F132D411E68005A2A79 /* XCRemoteSwiftPackageReference "RVS_PersistentPrefs" */ = {
			isa = XCRemoteSwiftPackageReference;
			repositoryURL = "https://github.com/RiftValleySoftware/RVS_PersistentPrefs";
			requirement = {
				kind = upToNextMajorVersion;
				minimumVersion = 1.4.4;
			};
		};
		D4E245E32D3DDB1E003EC91C /* XCRemoteSwiftPackageReference "RVS_UIKit_Toolbox" */ = {
			isa = XCRemoteSwiftPackageReference;
			repositoryURL = "https://github.com/RiftValleySoftware/RVS_UIKit_Toolbox";
			requirement = {
				kind = upToNextMajorVersion;
				minimumVersion = 1.6.1;
			};
		};
		D4E6423226AB228E00CA6EE7 /* XCRemoteSwiftPackageReference "RVS_GeneralObserver" */ = {
			isa = XCRemoteSwiftPackageReference;
			repositoryURL = "git@github.com:RiftValleySoftware/RVS_GeneralObserver.git";
			requirement = {
				kind = upToNextMajorVersion;
				minimumVersion = 1.1.3;
			};
		};
/* End XCRemoteSwiftPackageReference section */

/* Begin XCSwiftPackageProductDependency section */
		D46F8CC02C47ED0800A1E7F5 /* LGV_Cleantime */ = {
			isa = XCSwiftPackageProductDependency;
			package = D46F8CBF2C47ED0800A1E7F5 /* XCRemoteSwiftPackageReference "LGV_Cleantime" */;
			productName = LGV_Cleantime;
		};
		D46F8CC32C47EDA300A1E7F5 /* LGV_UICleantime */ = {
			isa = XCSwiftPackageProductDependency;
			package = D46F8CC22C47EDA300A1E7F5 /* XCRemoteSwiftPackageReference "LGV_UICleantime" */;
			productName = LGV_UICleantime;
		};
		D47764792D3FFA2400DB748E /* RVS_Persistent_Prefs */ = {
			isa = XCSwiftPackageProductDependency;
			productName = RVS_Persistent_Prefs;
		};
		D485519328479C10005914FF /* RVS_Generic_Swift_Toolbox */ = {
			isa = XCSwiftPackageProductDependency;
			package = D42491B52695EF270094C15F /* XCRemoteSwiftPackageReference "RVS_Generic_Swift_Toolbox" */;
			productName = RVS_Generic_Swift_Toolbox;
		};
		D485519528479C10005914FF /* RVS_GeneralObserver */ = {
			isa = XCSwiftPackageProductDependency;
			package = D4E6423226AB228E00CA6EE7 /* XCRemoteSwiftPackageReference "RVS_GeneralObserver" */;
			productName = RVS_GeneralObserver;
		};
		D4B20E792C938D22006C7ED8 /* LGV_Cleantime */ = {
			isa = XCSwiftPackageProductDependency;
			package = D46F8CBF2C47ED0800A1E7F5 /* XCRemoteSwiftPackageReference "LGV_Cleantime" */;
			productName = LGV_Cleantime;
		};
		D4B20E7B2C938D22006C7ED8 /* LGV_UICleantime */ = {
			isa = XCSwiftPackageProductDependency;
			package = D46F8CC22C47EDA300A1E7F5 /* XCRemoteSwiftPackageReference "LGV_UICleantime" */;
			productName = LGV_UICleantime;
		};
		D4B57E252D3C5EE600A6844F /* LGV_UICleantime */ = {
			isa = XCSwiftPackageProductDependency;
			package = D46F8CC22C47EDA300A1E7F5 /* XCRemoteSwiftPackageReference "LGV_UICleantime" */;
			productName = LGV_UICleantime;
		};
		D4B57E272D3C5EEC00A6844F /* LGV_Cleantime */ = {
			isa = XCSwiftPackageProductDependency;
			package = D46F8CBF2C47ED0800A1E7F5 /* XCRemoteSwiftPackageReference "LGV_Cleantime" */;
			productName = LGV_Cleantime;
		};
		D4C70F142D411E68005A2A79 /* RVS_Persistent_Prefs */ = {
			isa = XCSwiftPackageProductDependency;
			package = D4C70F132D411E68005A2A79 /* XCRemoteSwiftPackageReference "RVS_PersistentPrefs" */;
			productName = RVS_Persistent_Prefs;
		};
		D4C70F162D411E7E005A2A79 /* RVS_Persistent_Prefs */ = {
			isa = XCSwiftPackageProductDependency;
			package = D4C70F132D411E68005A2A79 /* XCRemoteSwiftPackageReference "RVS_PersistentPrefs" */;
			productName = RVS_Persistent_Prefs;
		};
		D4E245E82D3DDBC0003EC91C /* RVS_UIKit_Toolbox */ = {
			isa = XCSwiftPackageProductDependency;
			package = D4E245E32D3DDB1E003EC91C /* XCRemoteSwiftPackageReference "RVS_UIKit_Toolbox" */;
			productName = RVS_UIKit_Toolbox;
		};
/* End XCSwiftPackageProductDependency section */
	};
	rootObject = D43C667F2694AA88007D5883 /* Project object */;
}
